// !$*UTF8*$!
{
	archiveVersion = 1;
	classes = {
	};
	objectVersion = 56;
	objects = {

/* Begin PBXBuildFile section */
		14960A292C7C84A400E706C9 /* GuidelineCollectionViewCell.swift in Sources */ = {isa = PBXBuildFile; fileRef = 14960A282C7C84A400E706C9 /* GuidelineCollectionViewCell.swift */; };
		14960A2B2C7DACB800E706C9 /* GuidelineFlowLayout.swift in Sources */ = {isa = PBXBuildFile; fileRef = 14960A2A2C7DACB800E706C9 /* GuidelineFlowLayout.swift */; };
		14960A2D2C7DCF8F00E706C9 /* GuidelineTableViewCell.swift in Sources */ = {isa = PBXBuildFile; fileRef = 14960A2C2C7DCF8F00E706C9 /* GuidelineTableViewCell.swift */; };
		14960A332C80207400E706C9 /* GuidelineTableViewModel.swift in Sources */ = {isa = PBXBuildFile; fileRef = 14960A322C80207400E706C9 /* GuidelineTableViewModel.swift */; };
		149A050D2C807BC300CE74B4 /* BoardCollectionViewCell.swift in Sources */ = {isa = PBXBuildFile; fileRef = 149A050C2C807BC300CE74B4 /* BoardCollectionViewCell.swift */; };
		149A050F2C81B28E00CE74B4 /* BoardTableViewCell.swift in Sources */ = {isa = PBXBuildFile; fileRef = 149A050E2C81B28E00CE74B4 /* BoardTableViewCell.swift */; };
		149A05112C855DF300CE74B4 /* PostViewController.swift in Sources */ = {isa = PBXBuildFile; fileRef = 149A05102C855DF300CE74B4 /* PostViewController.swift */; };
		149EEFB32C871B000088FDB2 /* GuidelineKitView.swift in Sources */ = {isa = PBXBuildFile; fileRef = 149EEFB22C871B000088FDB2 /* GuidelineKitView.swift */; };
		149EEFB52C8723610088FDB2 /* GuidelineViewModel.swift in Sources */ = {isa = PBXBuildFile; fileRef = 149EEFB42C8723610088FDB2 /* GuidelineViewModel.swift */; };
		149EEFB82C8724930088FDB2 /* GuidelineNetWork.swift in Sources */ = {isa = PBXBuildFile; fileRef = 149EEFB72C8724930088FDB2 /* GuidelineNetWork.swift */; };
		7622D0342C7C045300B1AEB2 /* CodeConvention.md in Resources */ = {isa = PBXBuildFile; fileRef = 7622D0332C7C045300B1AEB2 /* CodeConvention.md */; };
		7622D0362C7C049A00B1AEB2 /* CommitConvention.md in Resources */ = {isa = PBXBuildFile; fileRef = 7622D0352C7C049A00B1AEB2 /* CommitConvention.md */; };
		7622D03B2C7C178400B1AEB2 /* FirebaseAuth in Frameworks */ = {isa = PBXBuildFile; productRef = 7622D03A2C7C178400B1AEB2 /* FirebaseAuth */; };
		7622D03D2C7C178400B1AEB2 /* FirebaseDatabase in Frameworks */ = {isa = PBXBuildFile; productRef = 7622D03C2C7C178400B1AEB2 /* FirebaseDatabase */; };
		7622D03F2C7C178400B1AEB2 /* FirebaseStorage in Frameworks */ = {isa = PBXBuildFile; productRef = 7622D03E2C7C178400B1AEB2 /* FirebaseStorage */; };
		7622D0462C7C1CDC00B1AEB2 /* MainTabBarViewController.swift in Sources */ = {isa = PBXBuildFile; fileRef = 7622D0452C7C1CDC00B1AEB2 /* MainTabBarViewController.swift */; };
		7622D0502C7C1E8A00B1AEB2 /* GuidelineViewController.swift in Sources */ = {isa = PBXBuildFile; fileRef = 7622D04F2C7C1E8A00B1AEB2 /* GuidelineViewController.swift */; };
		7622D0522C7C1E9400B1AEB2 /* MyPageViewController.swift in Sources */ = {isa = PBXBuildFile; fileRef = 7622D0512C7C1E9400B1AEB2 /* MyPageViewController.swift */; };
		7622D05A2C7C1F8B00B1AEB2 /* BoardViewModel.swift in Sources */ = {isa = PBXBuildFile; fileRef = 7622D0592C7C1F8B00B1AEB2 /* BoardViewModel.swift */; };
		7622D05E2C7C1F9F00B1AEB2 /* MyPageViewModel.swift in Sources */ = {isa = PBXBuildFile; fileRef = 7622D05D2C7C1F9F00B1AEB2 /* MyPageViewModel.swift */; };
		7622D0662C7C20C200B1AEB2 /* OfflineMapViewController.swift in Sources */ = {isa = PBXBuildFile; fileRef = 7622D0652C7C20C200B1AEB2 /* OfflineMapViewController.swift */; };
		7622D06B2C7C215E00B1AEB2 /* UIColor+Extensions.swift in Sources */ = {isa = PBXBuildFile; fileRef = 7622D06A2C7C215E00B1AEB2 /* UIColor+Extensions.swift */; };
		7622D0702C7C218E00B1AEB2 /* OfflineMapViewModel.swift in Sources */ = {isa = PBXBuildFile; fileRef = 7622D06F2C7C218E00B1AEB2 /* OfflineMapViewModel.swift */; };
		7622D0742C7C21BE00B1AEB2 /* OfflineMapModel.swift in Sources */ = {isa = PBXBuildFile; fileRef = 7622D0732C7C21BE00B1AEB2 /* OfflineMapModel.swift */; };
		7622D0782C7C21D100B1AEB2 /* GuidelineModel.swift in Sources */ = {isa = PBXBuildFile; fileRef = 7622D0772C7C21D100B1AEB2 /* GuidelineModel.swift */; };
		7622D07A2C7C21DA00B1AEB2 /* MyPageModel.swift in Sources */ = {isa = PBXBuildFile; fileRef = 7622D0792C7C21DA00B1AEB2 /* MyPageModel.swift */; };
		7622D0812C7C6C5500B1AEB2 /* HSSaemaul.ttf in Resources */ = {isa = PBXBuildFile; fileRef = D61B612D2C7C583700C5E69D /* HSSaemaul.ttf */; };
		7622D0822C7C6C5500B1AEB2 /* NotoSansKR-Bold.ttf in Resources */ = {isa = PBXBuildFile; fileRef = D61B612A2C7C582800C5E69D /* NotoSansKR-Bold.ttf */; };
		7622D0832C7C6C5500B1AEB2 /* NotoSansKR-Light.ttf in Resources */ = {isa = PBXBuildFile; fileRef = D61B612C2C7C582800C5E69D /* NotoSansKR-Light.ttf */; };
		7622D0842C7C6C5500B1AEB2 /* NotoSansKR-Regular.ttf in Resources */ = {isa = PBXBuildFile; fileRef = D61B612B2C7C582800C5E69D /* NotoSansKR-Regular.ttf */; };
		7622D08A2C7EB32900B1AEB2 /* GoogleService-Info.plist in Resources */ = {isa = PBXBuildFile; fileRef = 7622D0892C7EB32900B1AEB2 /* GoogleService-Info.plist */; };
		763C0A2D2C7B125C006BC4E7 /* Assets.xcassets in Resources */ = {isa = PBXBuildFile; fileRef = 763C0A2C2C7B125C006BC4E7 /* Assets.xcassets */; };
		763C0A302C7B125C006BC4E7 /* Base in Resources */ = {isa = PBXBuildFile; fileRef = 763C0A2F2C7B125C006BC4E7 /* Base */; };
		763C0A382C7B17AE006BC4E7 /* README.md in Resources */ = {isa = PBXBuildFile; fileRef = 763C0A372C7B17AE006BC4E7 /* README.md */; };
		763C0A3A2C7B180A006BC4E7 /* .gitignore in Resources */ = {isa = PBXBuildFile; fileRef = 763C0A392C7B180A006BC4E7 /* .gitignore */; };
		763C0A3D2C7B1A2F006BC4E7 /* SnapKit in Frameworks */ = {isa = PBXBuildFile; productRef = 763C0A3C2C7B1A2F006BC4E7 /* SnapKit */; };
		763C0A402C7B1AA7006BC4E7 /* RxCocoa in Frameworks */ = {isa = PBXBuildFile; productRef = 763C0A3F2C7B1AA7006BC4E7 /* RxCocoa */; };
		763C0A422C7B1AA7006BC4E7 /* RxSwift in Frameworks */ = {isa = PBXBuildFile; productRef = 763C0A412C7B1AA7006BC4E7 /* RxSwift */; };
		763C0A452C7B1AFB006BC4E7 /* Alamofire in Frameworks */ = {isa = PBXBuildFile; productRef = 763C0A442C7B1AFB006BC4E7 /* Alamofire */; };
		763C0A482C7B1B30006BC4E7 /* Kingfisher in Frameworks */ = {isa = PBXBuildFile; productRef = 763C0A472C7B1B30006BC4E7 /* Kingfisher */; };
		763C0A4B2C7B1B70006BC4E7 /* KakaoMapsSDK-SPM in Frameworks */ = {isa = PBXBuildFile; productRef = 763C0A4A2C7B1B70006BC4E7 /* KakaoMapsSDK-SPM */; };
		767622812C85AE740075B09E /* NetworkMonitor.swift in Sources */ = {isa = PBXBuildFile; fileRef = 767622802C85AE740075B09E /* NetworkMonitor.swift */; };
		767622852C85CA790075B09E /* OfflineViewModel.swift in Sources */ = {isa = PBXBuildFile; fileRef = 767622842C85CA790075B09E /* OfflineViewModel.swift */; };
		767622872C85CC9D0075B09E /* MainTabBarViewModel.swift in Sources */ = {isa = PBXBuildFile; fileRef = 767622862C85CC9D0075B09E /* MainTabBarViewModel.swift */; };
		7676228A2C85CDB50075B09E /* Then in Frameworks */ = {isa = PBXBuildFile; productRef = 767622892C85CDB50075B09E /* Then */; };
		7676228C2C85E6710075B09E /* Secrets.xcconfig in Resources */ = {isa = PBXBuildFile; fileRef = 7676228B2C85E6710075B09E /* Secrets.xcconfig */; };
		7676228E2C85F2190075B09E /* OfflineViewController.swift in Sources */ = {isa = PBXBuildFile; fileRef = 767622822C85C8610075B09E /* OfflineViewController.swift */; };
		768F50972C881F9A00A92ED6 /* Environment.swift in Sources */ = {isa = PBXBuildFile; fileRef = 768F50962C881F9A00A92ED6 /* Environment.swift */; };
		D61268992C8A81D50031114E /* PoiViewModel.swift in Sources */ = {isa = PBXBuildFile; fileRef = D61268982C8A81D50031114E /* PoiViewModel.swift */; };
		D61268A12C8A82060031114E /* NotificationData.swift in Sources */ = {isa = PBXBuildFile; fileRef = D612689A2C8A82050031114E /* NotificationData.swift */; };
		D61268A32C8A82060031114E /* AedData.swift in Sources */ = {isa = PBXBuildFile; fileRef = D612689C2C8A82050031114E /* AedData.swift */; };
		D61268A42C8A82060031114E /* ShelterData.swift in Sources */ = {isa = PBXBuildFile; fileRef = D612689D2C8A82050031114E /* ShelterData.swift */; };
		D61268A52C8A82060031114E /* OnlineMapModel.swift in Sources */ = {isa = PBXBuildFile; fileRef = D612689E2C8A82050031114E /* OnlineMapModel.swift */; };
		D61268AC2C8A82320031114E /* OnlineViewController.swift in Sources */ = {isa = PBXBuildFile; fileRef = D61268A82C8A82320031114E /* OnlineViewController.swift */; };
		D61268AD2C8A82320031114E /* KakaoMapViewController.swift in Sources */ = {isa = PBXBuildFile; fileRef = D61268A92C8A82320031114E /* KakaoMapViewController.swift */; };
		D61268AE2C8A82320031114E /* MapBottomSheetViewController.swift in Sources */ = {isa = PBXBuildFile; fileRef = D61268AA2C8A82320031114E /* MapBottomSheetViewController.swift */; };
		D61268AF2C8A82320031114E /* PaneltContentsViewController.swift in Sources */ = {isa = PBXBuildFile; fileRef = D61268AB2C8A82320031114E /* PaneltContentsViewController.swift */; };
		D613FE4F2C882049000FA3F5 /* FloatingPanel in Frameworks */ = {isa = PBXBuildFile; productRef = D613FE4E2C882049000FA3F5 /* FloatingPanel */; };
		D61412FE2C8B01CC007BA568 /* OnlineViewModel.swift in Sources */ = {isa = PBXBuildFile; fileRef = D61412FD2C8B01CC007BA568 /* OnlineViewModel.swift */; };
		D61413132C8B4F85007BA568 /* BoardCollectionViewCell.swift in Sources */ = {isa = PBXBuildFile; fileRef = D614130F2C8B4F84007BA568 /* BoardCollectionViewCell.swift */; };
		D61413142C8B4F85007BA568 /* PostViewController.swift in Sources */ = {isa = PBXBuildFile; fileRef = D61413102C8B4F85007BA568 /* PostViewController.swift */; };
		D61413152C8B4F85007BA568 /* BoardViewController.swift in Sources */ = {isa = PBXBuildFile; fileRef = D61413112C8B4F85007BA568 /* BoardViewController.swift */; };
		D61413162C8B4F85007BA568 /* BoardTableViewCell.swift in Sources */ = {isa = PBXBuildFile; fileRef = D61413122C8B4F85007BA568 /* BoardTableViewCell.swift */; };
		D61B61202C7C386E00C5E69D /* Font+Extensions.swift in Sources */ = {isa = PBXBuildFile; fileRef = D61B611F2C7C386E00C5E69D /* Font+Extensions.swift */; };
		E20C3A5D2C8725E900AD5AA4 /* LegalNoticeModel.swift in Sources */ = {isa = PBXBuildFile; fileRef = E20C3A5C2C8725E900AD5AA4 /* LegalNoticeModel.swift */; };
		E20C3A632C873AC500AD5AA4 /* notice3.txt in Resources */ = {isa = PBXBuildFile; fileRef = E20C3A602C873AC500AD5AA4 /* notice3.txt */; };
		E20C3A642C873AC500AD5AA4 /* notice2.txt in Resources */ = {isa = PBXBuildFile; fileRef = E20C3A612C873AC500AD5AA4 /* notice2.txt */; };
		E20C3A662C873F1000AD5AA4 /* LegalNoticeDetailViewController.swift in Sources */ = {isa = PBXBuildFile; fileRef = E20C3A652C873F1000AD5AA4 /* LegalNoticeDetailViewController.swift */; };
		E20C3A762C874A3600AD5AA4 /* notice1.txt in Resources */ = {isa = PBXBuildFile; fileRef = E20C3A752C874A3600AD5AA4 /* notice1.txt */; };
		E219EAF12C8860BB00A1E3F7 /* NoticeDetailViewController.swift in Sources */ = {isa = PBXBuildFile; fileRef = E219EAF02C8860BB00A1E3F7 /* NoticeDetailViewController.swift */; };
		E219EAF32C8860DF00A1E3F7 /* NoticeTableViewCell.swift in Sources */ = {isa = PBXBuildFile; fileRef = E219EAF22C8860DF00A1E3F7 /* NoticeTableViewCell.swift */; };
		E2792E1D2C7F4B7300AD6C0E /* MyPageTableViewCell.swift in Sources */ = {isa = PBXBuildFile; fileRef = E2792E1B2C7F4B7300AD6C0E /* MyPageTableViewCell.swift */; };
		E2792E1E2C7F4B7300AD6C0E /* ModifyInformationViewController.swift in Sources */ = {isa = PBXBuildFile; fileRef = E2792E1C2C7F4B7300AD6C0E /* ModifyInformationViewController.swift */; };
		E2792E222C7F4BAB00AD6C0E /* LoginViewController.swift in Sources */ = {isa = PBXBuildFile; fileRef = E2792E1F2C7F4BAB00AD6C0E /* LoginViewController.swift */; };
		E2792E232C7F4BAB00AD6C0E /* SignUpViewController.swift in Sources */ = {isa = PBXBuildFile; fileRef = E2792E202C7F4BAB00AD6C0E /* SignUpViewController.swift */; };
		E2792E242C7F4BAB00AD6C0E /* SetNickNameViewController.swift in Sources */ = {isa = PBXBuildFile; fileRef = E2792E212C7F4BAB00AD6C0E /* SetNickNameViewController.swift */; };
		E2792E262C7F4BC100AD6C0E /* LoginViewModel.swift in Sources */ = {isa = PBXBuildFile; fileRef = E2792E252C7F4BC100AD6C0E /* LoginViewModel.swift */; };
		E2DAB85C2C85F4A20037BCA2 /* NoticeViewController.swift in Sources */ = {isa = PBXBuildFile; fileRef = E2DAB85A2C85EA2A0037BCA2 /* NoticeViewController.swift */; };
		E2DAB85E2C86380D0037BCA2 /* LegalNoticeViewController.swift in Sources */ = {isa = PBXBuildFile; fileRef = E2DAB85D2C86380D0037BCA2 /* LegalNoticeViewController.swift */; };
		E2DAB8602C863A520037BCA2 /* LegalNoticeTableViewCell.swift in Sources */ = {isa = PBXBuildFile; fileRef = E2DAB85F2C863A520037BCA2 /* LegalNoticeTableViewCell.swift */; };
		E2DAB8622C863AE00037BCA2 /* LegalNoticeViewModel.swift in Sources */ = {isa = PBXBuildFile; fileRef = E2DAB8612C863AE00037BCA2 /* LegalNoticeViewModel.swift */; };
/* End PBXBuildFile section */

/* Begin PBXFileReference section */
		14960A282C7C84A400E706C9 /* GuidelineCollectionViewCell.swift */ = {isa = PBXFileReference; lastKnownFileType = sourcecode.swift; path = GuidelineCollectionViewCell.swift; sourceTree = "<group>"; };
		14960A2A2C7DACB800E706C9 /* GuidelineFlowLayout.swift */ = {isa = PBXFileReference; lastKnownFileType = sourcecode.swift; path = GuidelineFlowLayout.swift; sourceTree = "<group>"; };
		14960A2C2C7DCF8F00E706C9 /* GuidelineTableViewCell.swift */ = {isa = PBXFileReference; lastKnownFileType = sourcecode.swift; path = GuidelineTableViewCell.swift; sourceTree = "<group>"; };
		14960A322C80207400E706C9 /* GuidelineTableViewModel.swift */ = {isa = PBXFileReference; lastKnownFileType = sourcecode.swift; path = GuidelineTableViewModel.swift; sourceTree = "<group>"; };
		149A050C2C807BC300CE74B4 /* BoardCollectionViewCell.swift */ = {isa = PBXFileReference; lastKnownFileType = sourcecode.swift; path = BoardCollectionViewCell.swift; sourceTree = "<group>"; };
		149A050E2C81B28E00CE74B4 /* BoardTableViewCell.swift */ = {isa = PBXFileReference; lastKnownFileType = sourcecode.swift; path = BoardTableViewCell.swift; sourceTree = "<group>"; };
		149A05102C855DF300CE74B4 /* PostViewController.swift */ = {isa = PBXFileReference; lastKnownFileType = sourcecode.swift; path = PostViewController.swift; sourceTree = "<group>"; };
		149EEFB22C871B000088FDB2 /* GuidelineKitView.swift */ = {isa = PBXFileReference; lastKnownFileType = sourcecode.swift; path = GuidelineKitView.swift; sourceTree = "<group>"; };
		149EEFB42C8723610088FDB2 /* GuidelineViewModel.swift */ = {isa = PBXFileReference; lastKnownFileType = sourcecode.swift; path = GuidelineViewModel.swift; sourceTree = "<group>"; };
		149EEFB72C8724930088FDB2 /* GuidelineNetWork.swift */ = {isa = PBXFileReference; lastKnownFileType = sourcecode.swift; path = GuidelineNetWork.swift; sourceTree = "<group>"; };
		7622D0332C7C045300B1AEB2 /* CodeConvention.md */ = {isa = PBXFileReference; lastKnownFileType = net.daringfireball.markdown; path = CodeConvention.md; sourceTree = "<group>"; };
		7622D0352C7C049A00B1AEB2 /* CommitConvention.md */ = {isa = PBXFileReference; lastKnownFileType = net.daringfireball.markdown; path = CommitConvention.md; sourceTree = "<group>"; };
		7622D0452C7C1CDC00B1AEB2 /* MainTabBarViewController.swift */ = {isa = PBXFileReference; lastKnownFileType = sourcecode.swift; path = MainTabBarViewController.swift; sourceTree = "<group>"; };
		7622D04F2C7C1E8A00B1AEB2 /* GuidelineViewController.swift */ = {isa = PBXFileReference; lastKnownFileType = sourcecode.swift; path = GuidelineViewController.swift; sourceTree = "<group>"; };
		7622D0512C7C1E9400B1AEB2 /* MyPageViewController.swift */ = {isa = PBXFileReference; lastKnownFileType = sourcecode.swift; path = MyPageViewController.swift; sourceTree = "<group>"; };
		7622D0592C7C1F8B00B1AEB2 /* BoardViewModel.swift */ = {isa = PBXFileReference; lastKnownFileType = sourcecode.swift; path = BoardViewModel.swift; sourceTree = "<group>"; };
		7622D05D2C7C1F9F00B1AEB2 /* MyPageViewModel.swift */ = {isa = PBXFileReference; lastKnownFileType = sourcecode.swift; path = MyPageViewModel.swift; sourceTree = "<group>"; };
		7622D0652C7C20C200B1AEB2 /* OfflineMapViewController.swift */ = {isa = PBXFileReference; lastKnownFileType = sourcecode.swift; path = OfflineMapViewController.swift; sourceTree = "<group>"; };
		7622D06A2C7C215E00B1AEB2 /* UIColor+Extensions.swift */ = {isa = PBXFileReference; lastKnownFileType = sourcecode.swift; path = "UIColor+Extensions.swift"; sourceTree = "<group>"; };
		7622D06F2C7C218E00B1AEB2 /* OfflineMapViewModel.swift */ = {isa = PBXFileReference; lastKnownFileType = sourcecode.swift; path = OfflineMapViewModel.swift; sourceTree = "<group>"; };
		7622D0732C7C21BE00B1AEB2 /* OfflineMapModel.swift */ = {isa = PBXFileReference; lastKnownFileType = sourcecode.swift; path = OfflineMapModel.swift; sourceTree = "<group>"; };
		7622D0752C7C21C700B1AEB2 /* BoardModel.swift */ = {isa = PBXFileReference; lastKnownFileType = sourcecode.swift; path = BoardModel.swift; sourceTree = "<group>"; };
		7622D0772C7C21D100B1AEB2 /* GuidelineModel.swift */ = {isa = PBXFileReference; lastKnownFileType = sourcecode.swift; path = GuidelineModel.swift; sourceTree = "<group>"; };
		7622D0792C7C21DA00B1AEB2 /* MyPageModel.swift */ = {isa = PBXFileReference; lastKnownFileType = sourcecode.swift; path = MyPageModel.swift; sourceTree = "<group>"; };
		7622D0892C7EB32900B1AEB2 /* GoogleService-Info.plist */ = {isa = PBXFileReference; fileEncoding = 4; lastKnownFileType = text.plist.xml; name = "GoogleService-Info.plist"; path = "Duriso/GoogleService-Info.plist"; sourceTree = SOURCE_ROOT; };
		763C0A202C7B125B006BC4E7 /* Duriso.app */ = {isa = PBXFileReference; explicitFileType = wrapper.application; includeInIndex = 0; path = Duriso.app; sourceTree = BUILT_PRODUCTS_DIR; };
		763C0A232C7B125B006BC4E7 /* AppDelegate.swift */ = {isa = PBXFileReference; lastKnownFileType = sourcecode.swift; path = AppDelegate.swift; sourceTree = "<group>"; };
		763C0A2C2C7B125C006BC4E7 /* Assets.xcassets */ = {isa = PBXFileReference; lastKnownFileType = folder.assetcatalog; path = Assets.xcassets; sourceTree = "<group>"; };
		763C0A2F2C7B125C006BC4E7 /* Base */ = {isa = PBXFileReference; lastKnownFileType = file.storyboard; name = Base; path = Base.lproj/LaunchScreen.storyboard; sourceTree = "<group>"; };
		763C0A312C7B125C006BC4E7 /* Info.plist */ = {isa = PBXFileReference; lastKnownFileType = text.plist.xml; path = Info.plist; sourceTree = "<group>"; };
		763C0A372C7B17AE006BC4E7 /* README.md */ = {isa = PBXFileReference; lastKnownFileType = net.daringfireball.markdown; path = README.md; sourceTree = "<group>"; };
		763C0A392C7B180A006BC4E7 /* .gitignore */ = {isa = PBXFileReference; lastKnownFileType = text; path = .gitignore; sourceTree = "<group>"; };
		7648A3152C843627000357D0 /* SceneDelegate.swift */ = {isa = PBXFileReference; lastKnownFileType = sourcecode.swift; path = SceneDelegate.swift; sourceTree = "<group>"; };
		767622802C85AE740075B09E /* NetworkMonitor.swift */ = {isa = PBXFileReference; lastKnownFileType = sourcecode.swift; path = NetworkMonitor.swift; sourceTree = "<group>"; };
		767622822C85C8610075B09E /* OfflineViewController.swift */ = {isa = PBXFileReference; lastKnownFileType = sourcecode.swift; path = OfflineViewController.swift; sourceTree = "<group>"; };
		767622842C85CA790075B09E /* OfflineViewModel.swift */ = {isa = PBXFileReference; lastKnownFileType = sourcecode.swift; path = OfflineViewModel.swift; sourceTree = "<group>"; };
		767622862C85CC9D0075B09E /* MainTabBarViewModel.swift */ = {isa = PBXFileReference; lastKnownFileType = sourcecode.swift; path = MainTabBarViewModel.swift; sourceTree = "<group>"; };
		7676228B2C85E6710075B09E /* Secrets.xcconfig */ = {isa = PBXFileReference; fileEncoding = 4; lastKnownFileType = text.xcconfig; name = Secrets.xcconfig; path = Duriso/Secrets.xcconfig; sourceTree = SOURCE_ROOT; };
		768F50962C881F9A00A92ED6 /* Environment.swift */ = {isa = PBXFileReference; lastKnownFileType = sourcecode.swift; path = Environment.swift; sourceTree = "<group>"; };
		D61268982C8A81D50031114E /* PoiViewModel.swift */ = {isa = PBXFileReference; fileEncoding = 4; lastKnownFileType = sourcecode.swift; path = PoiViewModel.swift; sourceTree = "<group>"; };
		D612689A2C8A82050031114E /* NotificationData.swift */ = {isa = PBXFileReference; fileEncoding = 4; lastKnownFileType = sourcecode.swift; path = NotificationData.swift; sourceTree = "<group>"; };
		D612689C2C8A82050031114E /* AedData.swift */ = {isa = PBXFileReference; fileEncoding = 4; lastKnownFileType = sourcecode.swift; path = AedData.swift; sourceTree = "<group>"; };
		D612689D2C8A82050031114E /* ShelterData.swift */ = {isa = PBXFileReference; fileEncoding = 4; lastKnownFileType = sourcecode.swift; path = ShelterData.swift; sourceTree = "<group>"; };
		D612689E2C8A82050031114E /* OnlineMapModel.swift */ = {isa = PBXFileReference; fileEncoding = 4; lastKnownFileType = sourcecode.swift; path = OnlineMapModel.swift; sourceTree = "<group>"; };
		D61268A82C8A82320031114E /* OnlineViewController.swift */ = {isa = PBXFileReference; fileEncoding = 4; lastKnownFileType = sourcecode.swift; path = OnlineViewController.swift; sourceTree = "<group>"; };
		D61268A92C8A82320031114E /* KakaoMapViewController.swift */ = {isa = PBXFileReference; fileEncoding = 4; lastKnownFileType = sourcecode.swift; path = KakaoMapViewController.swift; sourceTree = "<group>"; };
		D61268AA2C8A82320031114E /* MapBottomSheetViewController.swift */ = {isa = PBXFileReference; fileEncoding = 4; lastKnownFileType = sourcecode.swift; path = MapBottomSheetViewController.swift; sourceTree = "<group>"; };
		D61268AB2C8A82320031114E /* PaneltContentsViewController.swift */ = {isa = PBXFileReference; fileEncoding = 4; lastKnownFileType = sourcecode.swift; path = PaneltContentsViewController.swift; sourceTree = "<group>"; };
		D61412FD2C8B01CC007BA568 /* OnlineViewModel.swift */ = {isa = PBXFileReference; lastKnownFileType = sourcecode.swift; path = OnlineViewModel.swift; sourceTree = "<group>"; };
		D614130F2C8B4F84007BA568 /* BoardCollectionViewCell.swift */ = {isa = PBXFileReference; fileEncoding = 4; lastKnownFileType = sourcecode.swift; path = BoardCollectionViewCell.swift; sourceTree = "<group>"; };
		D61413102C8B4F85007BA568 /* PostViewController.swift */ = {isa = PBXFileReference; fileEncoding = 4; lastKnownFileType = sourcecode.swift; path = PostViewController.swift; sourceTree = "<group>"; };
		D61413112C8B4F85007BA568 /* BoardViewController.swift */ = {isa = PBXFileReference; fileEncoding = 4; lastKnownFileType = sourcecode.swift; path = BoardViewController.swift; sourceTree = "<group>"; };
		D61413122C8B4F85007BA568 /* BoardTableViewCell.swift */ = {isa = PBXFileReference; fileEncoding = 4; lastKnownFileType = sourcecode.swift; path = BoardTableViewCell.swift; sourceTree = "<group>"; };
		D61B611F2C7C386E00C5E69D /* Font+Extensions.swift */ = {isa = PBXFileReference; lastKnownFileType = sourcecode.swift; path = "Font+Extensions.swift"; sourceTree = "<group>"; };
		D61B612A2C7C582800C5E69D /* NotoSansKR-Bold.ttf */ = {isa = PBXFileReference; lastKnownFileType = file; name = "NotoSansKR-Bold.ttf"; path = "Duriso/Assets/FontAssets/NotoSansKR-Bold.ttf"; sourceTree = SOURCE_ROOT; };
		D61B612B2C7C582800C5E69D /* NotoSansKR-Regular.ttf */ = {isa = PBXFileReference; lastKnownFileType = file; name = "NotoSansKR-Regular.ttf"; path = "Duriso/Assets/FontAssets/NotoSansKR-Regular.ttf"; sourceTree = SOURCE_ROOT; };
		D61B612C2C7C582800C5E69D /* NotoSansKR-Light.ttf */ = {isa = PBXFileReference; lastKnownFileType = file; name = "NotoSansKR-Light.ttf"; path = "Duriso/Assets/FontAssets/NotoSansKR-Light.ttf"; sourceTree = SOURCE_ROOT; };
		D61B612D2C7C583700C5E69D /* HSSaemaul.ttf */ = {isa = PBXFileReference; lastKnownFileType = file; name = HSSaemaul.ttf; path = Duriso/Assets/FontAssets/HSSaemaul.ttf; sourceTree = SOURCE_ROOT; };
		E20C3A5C2C8725E900AD5AA4 /* LegalNoticeModel.swift */ = {isa = PBXFileReference; lastKnownFileType = sourcecode.swift; path = LegalNoticeModel.swift; sourceTree = "<group>"; };
		E20C3A602C873AC500AD5AA4 /* notice3.txt */ = {isa = PBXFileReference; fileEncoding = 4; lastKnownFileType = text; path = notice3.txt; sourceTree = "<group>"; };
		E20C3A612C873AC500AD5AA4 /* notice2.txt */ = {isa = PBXFileReference; fileEncoding = 4; lastKnownFileType = text; path = notice2.txt; sourceTree = "<group>"; };
		E20C3A652C873F1000AD5AA4 /* LegalNoticeDetailViewController.swift */ = {isa = PBXFileReference; lastKnownFileType = sourcecode.swift; path = LegalNoticeDetailViewController.swift; sourceTree = "<group>"; };
		E20C3A752C874A3600AD5AA4 /* notice1.txt */ = {isa = PBXFileReference; fileEncoding = 4; lastKnownFileType = text; path = notice1.txt; sourceTree = "<group>"; };
		E219EAF02C8860BB00A1E3F7 /* NoticeDetailViewController.swift */ = {isa = PBXFileReference; lastKnownFileType = sourcecode.swift; path = NoticeDetailViewController.swift; sourceTree = "<group>"; };
		E219EAF22C8860DF00A1E3F7 /* NoticeTableViewCell.swift */ = {isa = PBXFileReference; lastKnownFileType = sourcecode.swift; path = NoticeTableViewCell.swift; sourceTree = "<group>"; };
		E2792E1B2C7F4B7300AD6C0E /* MyPageTableViewCell.swift */ = {isa = PBXFileReference; fileEncoding = 4; lastKnownFileType = sourcecode.swift; path = MyPageTableViewCell.swift; sourceTree = "<group>"; };
		E2792E1C2C7F4B7300AD6C0E /* ModifyInformationViewController.swift */ = {isa = PBXFileReference; fileEncoding = 4; lastKnownFileType = sourcecode.swift; path = ModifyInformationViewController.swift; sourceTree = "<group>"; };
		E2792E1F2C7F4BAB00AD6C0E /* LoginViewController.swift */ = {isa = PBXFileReference; fileEncoding = 4; lastKnownFileType = sourcecode.swift; path = LoginViewController.swift; sourceTree = "<group>"; };
		E2792E202C7F4BAB00AD6C0E /* SignUpViewController.swift */ = {isa = PBXFileReference; fileEncoding = 4; lastKnownFileType = sourcecode.swift; path = SignUpViewController.swift; sourceTree = "<group>"; };
		E2792E212C7F4BAB00AD6C0E /* SetNickNameViewController.swift */ = {isa = PBXFileReference; fileEncoding = 4; lastKnownFileType = sourcecode.swift; path = SetNickNameViewController.swift; sourceTree = "<group>"; };
		E2792E252C7F4BC100AD6C0E /* LoginViewModel.swift */ = {isa = PBXFileReference; lastKnownFileType = sourcecode.swift; path = LoginViewModel.swift; sourceTree = "<group>"; };
		E2DAB85A2C85EA2A0037BCA2 /* NoticeViewController.swift */ = {isa = PBXFileReference; lastKnownFileType = sourcecode.swift; path = NoticeViewController.swift; sourceTree = "<group>"; };
		E2DAB85D2C86380D0037BCA2 /* LegalNoticeViewController.swift */ = {isa = PBXFileReference; lastKnownFileType = sourcecode.swift; path = LegalNoticeViewController.swift; sourceTree = "<group>"; };
		E2DAB85F2C863A520037BCA2 /* LegalNoticeTableViewCell.swift */ = {isa = PBXFileReference; lastKnownFileType = sourcecode.swift; path = LegalNoticeTableViewCell.swift; sourceTree = "<group>"; };
		E2DAB8612C863AE00037BCA2 /* LegalNoticeViewModel.swift */ = {isa = PBXFileReference; lastKnownFileType = sourcecode.swift; path = LegalNoticeViewModel.swift; sourceTree = "<group>"; };
/* End PBXFileReference section */

/* Begin PBXFrameworksBuildPhase section */
		763C0A1D2C7B125B006BC4E7 /* Frameworks */ = {
			isa = PBXFrameworksBuildPhase;
			buildActionMask = 2147483647;
			files = (
				763C0A422C7B1AA7006BC4E7 /* RxSwift in Frameworks */,
				763C0A452C7B1AFB006BC4E7 /* Alamofire in Frameworks */,
				7622D03F2C7C178400B1AEB2 /* FirebaseStorage in Frameworks */,
				763C0A402C7B1AA7006BC4E7 /* RxCocoa in Frameworks */,
				D613FE4F2C882049000FA3F5 /* FloatingPanel in Frameworks */,
				763C0A3D2C7B1A2F006BC4E7 /* SnapKit in Frameworks */,
				7676228A2C85CDB50075B09E /* Then in Frameworks */,
				763C0A482C7B1B30006BC4E7 /* Kingfisher in Frameworks */,
				7622D03B2C7C178400B1AEB2 /* FirebaseAuth in Frameworks */,
				7622D03D2C7C178400B1AEB2 /* FirebaseDatabase in Frameworks */,
				763C0A4B2C7B1B70006BC4E7 /* KakaoMapsSDK-SPM in Frameworks */,
			);
			runOnlyForDeploymentPostprocessing = 0;
		};
/* End PBXFrameworksBuildPhase section */

/* Begin PBXGroup section */
		149EEFB62C87246A0088FDB2 /* Network */ = {
			isa = PBXGroup;
			children = (
				149EEFB72C8724930088FDB2 /* GuidelineNetWork.swift */,
			);
			path = Network;
			sourceTree = "<group>";
		};
		7622D0422C7C1C6000B1AEB2 /* Model */ = {
			isa = PBXGroup;
			children = (
				7622D0632C7C203C00B1AEB2 /* OnlineMap */,
				7622D0672C7C20E400B1AEB2 /* OfflineMap */,
				7622D0622C7C203600B1AEB2 /* Board */,
				7622D0612C7C203000B1AEB2 /* Guideline */,
				7622D0602C7C202800B1AEB2 /* MyPage */,
			);
			path = Model;
			sourceTree = "<group>";
		};
		7622D0432C7C1C7600B1AEB2 /* View */ = {
			isa = PBXGroup;
			children = (
				7622D0452C7C1CDC00B1AEB2 /* MainTabBarViewController.swift */,
				7622D0472C7C1D7A00B1AEB2 /* OnlineMap */,
				7622D0642C7C20A300B1AEB2 /* OfflineMap */,
				7622D0482C7C1D8C00B1AEB2 /* Board */,
				7622D04C2C7C1E6900B1AEB2 /* Guideline */,
				7622D0492C7C1D9F00B1AEB2 /* MyPage */,
				E2792E072C7C5C9200AD6C0E /* LoginView */,
			);
			path = View;
			sourceTree = "<group>";
		};
		7622D0442C7C1C7B00B1AEB2 /* ViewModel */ = {
			isa = PBXGroup;
			children = (
				767622862C85CC9D0075B09E /* MainTabBarViewModel.swift */,
				7622D0532C7C1F5900B1AEB2 /* OnlineMap */,
				7622D06E2C7C217B00B1AEB2 /* OfflineMap */,
				7622D0542C7C1F5E00B1AEB2 /* Board */,
				7622D0552C7C1F6300B1AEB2 /* Guideline */,
				7622D0562C7C1F6900B1AEB2 /* MyPage */,
				E2792E0E2C7DB06B00AD6C0E /* Login */,
			);
			path = ViewModel;
			sourceTree = "<group>";
		};
		7622D0472C7C1D7A00B1AEB2 /* OnlineMap */ = {
			isa = PBXGroup;
			children = (
				D61268A82C8A82320031114E /* OnlineViewController.swift */,
				D61268A92C8A82320031114E /* KakaoMapViewController.swift */,
				D61268AA2C8A82320031114E /* MapBottomSheetViewController.swift */,
				D61268AB2C8A82320031114E /* PaneltContentsViewController.swift */,
			);
			path = OnlineMap;
			sourceTree = "<group>";
		};
		7622D0482C7C1D8C00B1AEB2 /* Board */ = {
			isa = PBXGroup;
			children = (
				7622D04D2C7C1E7D00B1AEB2 /* BoardViewController.swift */,
				149A050C2C807BC300CE74B4 /* BoardCollectionViewCell.swift */,
				149A050E2C81B28E00CE74B4 /* BoardTableViewCell.swift */,
				149A05102C855DF300CE74B4 /* PostViewController.swift */,
			);
			path = Board;
			sourceTree = "<group>";
		};
		7622D0492C7C1D9F00B1AEB2 /* MyPage */ = {
			isa = PBXGroup;
			children = (
				7622D0512C7C1E9400B1AEB2 /* MyPageViewController.swift */,
				E2792E1B2C7F4B7300AD6C0E /* MyPageTableViewCell.swift */,
				E2792E1C2C7F4B7300AD6C0E /* ModifyInformationViewController.swift */,
				E2DAB85A2C85EA2A0037BCA2 /* NoticeViewController.swift */,
				E219EAF22C8860DF00A1E3F7 /* NoticeTableViewCell.swift */,
				E219EAF02C8860BB00A1E3F7 /* NoticeDetailViewController.swift */,
				E2DAB85D2C86380D0037BCA2 /* LegalNoticeViewController.swift */,
				E2DAB85F2C863A520037BCA2 /* LegalNoticeTableViewCell.swift */,
				E20C3A652C873F1000AD5AA4 /* LegalNoticeDetailViewController.swift */,
			);
			path = MyPage;
			sourceTree = "<group>";
		};
		7622D04C2C7C1E6900B1AEB2 /* Guideline */ = {
			isa = PBXGroup;
			children = (
				7622D04F2C7C1E8A00B1AEB2 /* GuidelineViewController.swift */,
				14960A282C7C84A400E706C9 /* GuidelineCollectionViewCell.swift */,
				14960A2A2C7DACB800E706C9 /* GuidelineFlowLayout.swift */,
				14960A2C2C7DCF8F00E706C9 /* GuidelineTableViewCell.swift */,
				149EEFB22C871B000088FDB2 /* GuidelineKitView.swift */,
			);
			path = Guideline;
			sourceTree = "<group>";
		};
		7622D0532C7C1F5900B1AEB2 /* OnlineMap */ = {
			isa = PBXGroup;
			children = (
				D61268982C8A81D50031114E /* PoiViewModel.swift */,
				D61412FD2C8B01CC007BA568 /* OnlineViewModel.swift */,
			);
			path = OnlineMap;
			sourceTree = "<group>";
		};
		7622D0542C7C1F5E00B1AEB2 /* Board */ = {
			isa = PBXGroup;
			children = (
				7622D0592C7C1F8B00B1AEB2 /* BoardViewModel.swift */,
			);
			path = Board;
			sourceTree = "<group>";
		};
		7622D0552C7C1F6300B1AEB2 /* Guideline */ = {
			isa = PBXGroup;
			children = (
				14960A322C80207400E706C9 /* GuidelineTableViewModel.swift */,
				149EEFB42C8723610088FDB2 /* GuidelineViewModel.swift */,
			);
			path = Guideline;
			sourceTree = "<group>";
		};
		7622D0562C7C1F6900B1AEB2 /* MyPage */ = {
			isa = PBXGroup;
			children = (
				7622D05D2C7C1F9F00B1AEB2 /* MyPageViewModel.swift */,
				E2DAB8612C863AE00037BCA2 /* LegalNoticeViewModel.swift */,
			);
			path = MyPage;
			sourceTree = "<group>";
		};
		7622D05F2C7C1FA800B1AEB2 /* App */ = {
			isa = PBXGroup;
			children = (
				763C0A232C7B125B006BC4E7 /* AppDelegate.swift */,
				7648A3152C843627000357D0 /* SceneDelegate.swift */,
			);
			path = App;
			sourceTree = "<group>";
		};
		7622D0602C7C202800B1AEB2 /* MyPage */ = {
			isa = PBXGroup;
			children = (
				7622D0792C7C21DA00B1AEB2 /* MyPageModel.swift */,
				E20C3A5C2C8725E900AD5AA4 /* LegalNoticeModel.swift */,
			);
			path = MyPage;
			sourceTree = "<group>";
		};
		7622D0612C7C203000B1AEB2 /* Guideline */ = {
			isa = PBXGroup;
			children = (
				7622D0772C7C21D100B1AEB2 /* GuidelineModel.swift */,
			);
			path = Guideline;
			sourceTree = "<group>";
		};
		7622D0622C7C203600B1AEB2 /* Board */ = {
			isa = PBXGroup;
			children = (
				7622D0752C7C21C700B1AEB2 /* BoardModel.swift */,
			);
			path = Board;
			sourceTree = "<group>";
		};
		7622D0632C7C203C00B1AEB2 /* OnlineMap */ = {
			isa = PBXGroup;
			children = (
				D612689E2C8A82050031114E /* OnlineMapModel.swift */,
				D612689C2C8A82050031114E /* AedData.swift */,
				D612689A2C8A82050031114E /* NotificationData.swift */,
				D612689D2C8A82050031114E /* ShelterData.swift */,
			);
			path = OnlineMap;
			sourceTree = "<group>";
		};
		7622D0642C7C20A300B1AEB2 /* OfflineMap */ = {
			isa = PBXGroup;
			children = (
				767622822C85C8610075B09E /* OfflineViewController.swift */,
				7622D0652C7C20C200B1AEB2 /* OfflineMapViewController.swift */,
			);
			path = OfflineMap;
			sourceTree = "<group>";
		};
		7622D0672C7C20E400B1AEB2 /* OfflineMap */ = {
			isa = PBXGroup;
			children = (
				7622D0732C7C21BE00B1AEB2 /* OfflineMapModel.swift */,
			);
			path = OfflineMap;
			sourceTree = "<group>";
		};
		7622D0682C7C20F100B1AEB2 /* Extensions */ = {
			isa = PBXGroup;
			children = (
				7622D06A2C7C215E00B1AEB2 /* UIColor+Extensions.swift */,
				D61B611F2C7C386E00C5E69D /* Font+Extensions.swift */,
			);
			path = Extensions;
			sourceTree = "<group>";
		};
		7622D0692C7C211800B1AEB2 /* Assets */ = {
			isa = PBXGroup;
			children = (
				D61B61212C7C396900C5E69D /* FontAssets */,
				763C0A2C2C7B125C006BC4E7 /* Assets.xcassets */,
			);
			path = Assets;
			sourceTree = "<group>";
		};
		7622D06E2C7C217B00B1AEB2 /* OfflineMap */ = {
			isa = PBXGroup;
			children = (
				767622842C85CA790075B09E /* OfflineViewModel.swift */,
				7622D06F2C7C218E00B1AEB2 /* OfflineMapViewModel.swift */,
			);
			path = OfflineMap;
			sourceTree = "<group>";
		};
		763C0A172C7B125B006BC4E7 = {
			isa = PBXGroup;
			children = (
				763C0A372C7B17AE006BC4E7 /* README.md */,
				763C0A392C7B180A006BC4E7 /* .gitignore */,
				7622D0332C7C045300B1AEB2 /* CodeConvention.md */,
				7622D0352C7C049A00B1AEB2 /* CommitConvention.md */,
				763C0A222C7B125B006BC4E7 /* Duriso */,
				763C0A212C7B125B006BC4E7 /* Products */,
			);
			indentWidth = 2;
			sourceTree = "<group>";
			tabWidth = 2;
			usesTabs = 0;
		};
		763C0A212C7B125B006BC4E7 /* Products */ = {
			isa = PBXGroup;
			children = (
				763C0A202C7B125B006BC4E7 /* Duriso.app */,
			);
			name = Products;
			sourceTree = "<group>";
		};
		763C0A222C7B125B006BC4E7 /* Duriso */ = {
			isa = PBXGroup;
			children = (
				E20C3A5E2C873A8600AD5AA4 /* LegalNotice */,
				149EEFB62C87246A0088FDB2 /* Network */,
				7622D05F2C7C1FA800B1AEB2 /* App */,
				7676227F2C85AE500075B09E /* Common */,
				7622D0422C7C1C6000B1AEB2 /* Model */,
				7622D0432C7C1C7600B1AEB2 /* View */,
				7622D0442C7C1C7B00B1AEB2 /* ViewModel */,
				7622D0682C7C20F100B1AEB2 /* Extensions */,
				7622D0692C7C211800B1AEB2 /* Assets */,
				763C0A2E2C7B125C006BC4E7 /* LaunchScreen.storyboard */,
				763C0A312C7B125C006BC4E7 /* Info.plist */,
				7676228B2C85E6710075B09E /* Secrets.xcconfig */,
				7622D0892C7EB32900B1AEB2 /* GoogleService-Info.plist */,
			);
			path = Duriso;
			sourceTree = "<group>";
		};
		7676227F2C85AE500075B09E /* Common */ = {
			isa = PBXGroup;
			children = (
				767622802C85AE740075B09E /* NetworkMonitor.swift */,
				768F50962C881F9A00A92ED6 /* Environment.swift */,
			);
			path = Common;
			sourceTree = "<group>";
		};
		D61B61212C7C396900C5E69D /* FontAssets */ = {
			isa = PBXGroup;
			children = (
				D61B612D2C7C583700C5E69D /* HSSaemaul.ttf */,
				D61B612A2C7C582800C5E69D /* NotoSansKR-Bold.ttf */,
				D61B612C2C7C582800C5E69D /* NotoSansKR-Light.ttf */,
				D61B612B2C7C582800C5E69D /* NotoSansKR-Regular.ttf */,
			);
			path = FontAssets;
			sourceTree = "<group>";
		};
		E20C3A5E2C873A8600AD5AA4 /* LegalNotice */ = {
			isa = PBXGroup;
			children = (
				E20C3A752C874A3600AD5AA4 /* notice1.txt */,
				E20C3A612C873AC500AD5AA4 /* notice2.txt */,
				E20C3A602C873AC500AD5AA4 /* notice3.txt */,
			);
			path = LegalNotice;
			sourceTree = "<group>";
		};
		E2792E072C7C5C9200AD6C0E /* LoginView */ = {
			isa = PBXGroup;
			children = (
				E2792E1F2C7F4BAB00AD6C0E /* LoginViewController.swift */,
				E2792E212C7F4BAB00AD6C0E /* SetNickNameViewController.swift */,
				E2792E202C7F4BAB00AD6C0E /* SignUpViewController.swift */,
			);
			path = LoginView;
			sourceTree = "<group>";
		};
		E2792E0E2C7DB06B00AD6C0E /* Login */ = {
			isa = PBXGroup;
			children = (
				E2792E252C7F4BC100AD6C0E /* LoginViewModel.swift */,
			);
			path = Login;
			sourceTree = "<group>";
		};
/* End PBXGroup section */

/* Begin PBXNativeTarget section */
		763C0A1F2C7B125B006BC4E7 /* Duriso */ = {
			isa = PBXNativeTarget;
			buildConfigurationList = 763C0A342C7B125C006BC4E7 /* Build configuration list for PBXNativeTarget "Duriso" */;
			buildPhases = (
				763C0A1C2C7B125B006BC4E7 /* Sources */,
				763C0A1D2C7B125B006BC4E7 /* Frameworks */,
				763C0A1E2C7B125B006BC4E7 /* Resources */,
			);
			buildRules = (
			);
			dependencies = (
			);
			name = Duriso;
			packageProductDependencies = (
				763C0A3C2C7B1A2F006BC4E7 /* SnapKit */,
				763C0A3F2C7B1AA7006BC4E7 /* RxCocoa */,
				763C0A412C7B1AA7006BC4E7 /* RxSwift */,
				763C0A442C7B1AFB006BC4E7 /* Alamofire */,
				763C0A472C7B1B30006BC4E7 /* Kingfisher */,
				763C0A4A2C7B1B70006BC4E7 /* KakaoMapsSDK-SPM */,
				7622D03A2C7C178400B1AEB2 /* FirebaseAuth */,
				7622D03C2C7C178400B1AEB2 /* FirebaseDatabase */,
				7622D03E2C7C178400B1AEB2 /* FirebaseStorage */,
				767622892C85CDB50075B09E /* Then */,
				D613FE4E2C882049000FA3F5 /* FloatingPanel */,
			);
			productName = Duriso;
			productReference = 763C0A202C7B125B006BC4E7 /* Duriso.app */;
			productType = "com.apple.product-type.application";
		};
/* End PBXNativeTarget section */

/* Begin PBXProject section */
		763C0A182C7B125B006BC4E7 /* Project object */ = {
			isa = PBXProject;
			attributes = {
				BuildIndependentTargetsInParallel = 1;
				LastSwiftUpdateCheck = 1540;
				LastUpgradeCheck = 1540;
				TargetAttributes = {
					763C0A1F2C7B125B006BC4E7 = {
						CreatedOnToolsVersion = 15.4;
					};
				};
			};
			buildConfigurationList = 763C0A1B2C7B125B006BC4E7 /* Build configuration list for PBXProject "Duriso" */;
			compatibilityVersion = "Xcode 14.0";
			developmentRegion = en;
			hasScannedForEncodings = 0;
			knownRegions = (
				en,
				Base,
			);
			mainGroup = 763C0A172C7B125B006BC4E7;
			packageReferences = (
				763C0A3B2C7B1A2F006BC4E7 /* XCRemoteSwiftPackageReference "SnapKit" */,
				763C0A3E2C7B1AA7006BC4E7 /* XCRemoteSwiftPackageReference "RxSwift" */,
				763C0A432C7B1AFB006BC4E7 /* XCRemoteSwiftPackageReference "Alamofire" */,
				763C0A462C7B1B30006BC4E7 /* XCRemoteSwiftPackageReference "Kingfisher" */,
				763C0A492C7B1B70006BC4E7 /* XCRemoteSwiftPackageReference "KakaoMapsSDK-SPM" */,
				7622D0392C7C178400B1AEB2 /* XCRemoteSwiftPackageReference "firebase-ios-sdk" */,
				767622882C85CDB50075B09E /* XCRemoteSwiftPackageReference "Then" */,
				D613FE4D2C882049000FA3F5 /* XCRemoteSwiftPackageReference "FloatingPanel" */,
			);
			productRefGroup = 763C0A212C7B125B006BC4E7 /* Products */;
			projectDirPath = "";
			projectRoot = "";
			targets = (
				763C0A1F2C7B125B006BC4E7 /* Duriso */,
			);
		};
/* End PBXProject section */

/* Begin PBXResourcesBuildPhase section */
		763C0A1E2C7B125B006BC4E7 /* Resources */ = {
			isa = PBXResourcesBuildPhase;
			buildActionMask = 2147483647;
			files = (
				E20C3A762C874A3600AD5AA4 /* notice1.txt in Resources */,
				E20C3A642C873AC500AD5AA4 /* notice2.txt in Resources */,
				E20C3A632C873AC500AD5AA4 /* notice3.txt in Resources */,
				7622D0812C7C6C5500B1AEB2 /* HSSaemaul.ttf in Resources */,
				7622D0822C7C6C5500B1AEB2 /* NotoSansKR-Bold.ttf in Resources */,
				7676228C2C85E6710075B09E /* Secrets.xcconfig in Resources */,
				7622D0832C7C6C5500B1AEB2 /* NotoSansKR-Light.ttf in Resources */,
				7622D0842C7C6C5500B1AEB2 /* NotoSansKR-Regular.ttf in Resources */,
				7622D08A2C7EB32900B1AEB2 /* GoogleService-Info.plist in Resources */,
				763C0A3A2C7B180A006BC4E7 /* .gitignore in Resources */,
				763C0A382C7B17AE006BC4E7 /* README.md in Resources */,
				763C0A2D2C7B125C006BC4E7 /* Assets.xcassets in Resources */,
				7622D0342C7C045300B1AEB2 /* CodeConvention.md in Resources */,
				7622D0362C7C049A00B1AEB2 /* CommitConvention.md in Resources */,
				763C0A302C7B125C006BC4E7 /* Base in Resources */,
			);
			runOnlyForDeploymentPostprocessing = 0;
		};
/* End PBXResourcesBuildPhase section */

/* Begin PBXSourcesBuildPhase section */
		763C0A1C2C7B125B006BC4E7 /* Sources */ = {
			isa = PBXSourcesBuildPhase;
			buildActionMask = 2147483647;
			files = (
				D61413132C8B4F85007BA568 /* BoardCollectionViewCell.swift in Sources */,
				D61268AE2C8A82320031114E /* MapBottomSheetViewController.swift in Sources */,
				E2DAB85C2C85F4A20037BCA2 /* NoticeViewController.swift in Sources */,
				7676228E2C85F2190075B09E /* OfflineViewController.swift in Sources */,
				D61413142C8B4F85007BA568 /* PostViewController.swift in Sources */,
				7622D0742C7C21BE00B1AEB2 /* OfflineMapModel.swift in Sources */,
				E2792E262C7F4BC100AD6C0E /* LoginViewModel.swift in Sources */,
				7622D0702C7C218E00B1AEB2 /* OfflineMapViewModel.swift in Sources */,
				14960A292C7C84A400E706C9 /* GuidelineCollectionViewCell.swift in Sources */,
				D61268A52C8A82060031114E /* OnlineMapModel.swift in Sources */,
				E2DAB85E2C86380D0037BCA2 /* LegalNoticeViewController.swift in Sources */,
				D61413152C8B4F85007BA568 /* BoardViewController.swift in Sources */,
				149EEFB52C8723610088FDB2 /* GuidelineViewModel.swift in Sources */,
				7622D0522C7C1E9400B1AEB2 /* MyPageViewController.swift in Sources */,
				7622D05E2C7C1F9F00B1AEB2 /* MyPageViewModel.swift in Sources */,
				7622D0462C7C1CDC00B1AEB2 /* MainTabBarViewController.swift in Sources */,
				E2792E242C7F4BAB00AD6C0E /* SetNickNameViewController.swift in Sources */,
				D61268AD2C8A82320031114E /* KakaoMapViewController.swift in Sources */,
				14960A2D2C7DCF8F00E706C9 /* GuidelineTableViewCell.swift in Sources */,
				E2DAB8622C863AE00037BCA2 /* LegalNoticeViewModel.swift in Sources */,
				E2792E1D2C7F4B7300AD6C0E /* MyPageTableViewCell.swift in Sources */,
				7622D05A2C7C1F8B00B1AEB2 /* BoardViewModel.swift in Sources */,
				E2792E232C7F4BAB00AD6C0E /* SignUpViewController.swift in Sources */,
				E2DAB8602C863A520037BCA2 /* LegalNoticeTableViewCell.swift in Sources */,
				7622D06B2C7C215E00B1AEB2 /* UIColor+Extensions.swift in Sources */,
				7622D0782C7C21D100B1AEB2 /* GuidelineModel.swift in Sources */,
				E20C3A662C873F1000AD5AA4 /* LegalNoticeDetailViewController.swift in Sources */,
				E2792E222C7F4BAB00AD6C0E /* LoginViewController.swift in Sources */,
				E2792E1E2C7F4B7300AD6C0E /* ModifyInformationViewController.swift in Sources */,
				D61268AC2C8A82320031114E /* OnlineViewController.swift in Sources */,
				D61268AF2C8A82320031114E /* PaneltContentsViewController.swift in Sources */,
				14960A332C80207400E706C9 /* GuidelineTableViewModel.swift in Sources */,
				767622872C85CC9D0075B09E /* MainTabBarViewModel.swift in Sources */,
				767622812C85AE740075B09E /* NetworkMonitor.swift in Sources */,
				D61413162C8B4F85007BA568 /* BoardTableViewCell.swift in Sources */,
				D61B61202C7C386E00C5E69D /* Font+Extensions.swift in Sources */,
				767622852C85CA790075B09E /* OfflineViewModel.swift in Sources */,
				7622D0662C7C20C200B1AEB2 /* OfflineMapViewController.swift in Sources */,
				7622D07A2C7C21DA00B1AEB2 /* MyPageModel.swift in Sources */,
				E20C3A5D2C8725E900AD5AA4 /* LegalNoticeModel.swift in Sources */,
				D613FE482C869244000FA3F5 /* ShelterData.swift in Sources */,
				149A05112C855DF300CE74B4 /* PostViewController.swift in Sources */,
				149EEFB82C8724930088FDB2 /* GuidelineNetWork.swift in Sources */,
				149EEFB32C871B000088FDB2 /* GuidelineKitView.swift in Sources */,
				D61268A32C8A82060031114E /* AedData.swift in Sources */,
				E219EAF32C8860DF00A1E3F7 /* NoticeTableViewCell.swift in Sources */,
				D61268A12C8A82060031114E /* NotificationData.swift in Sources */,
				E219EAF12C8860BB00A1E3F7 /* NoticeDetailViewController.swift in Sources */,
				14960A2B2C7DACB800E706C9 /* GuidelineFlowLayout.swift in Sources */,
				768F50972C881F9A00A92ED6 /* Environment.swift in Sources */,
				D61412FE2C8B01CC007BA568 /* OnlineViewModel.swift in Sources */,
				7622D0502C7C1E8A00B1AEB2 /* GuidelineViewController.swift in Sources */,
				D61268992C8A81D50031114E /* PoiViewModel.swift in Sources */,
				D61268A42C8A82060031114E /* ShelterData.swift in Sources */,
			);
			runOnlyForDeploymentPostprocessing = 0;
		};
/* End PBXSourcesBuildPhase section */

/* Begin PBXVariantGroup section */
		763C0A2E2C7B125C006BC4E7 /* LaunchScreen.storyboard */ = {
			isa = PBXVariantGroup;
			children = (
				763C0A2F2C7B125C006BC4E7 /* Base */,
			);
			name = LaunchScreen.storyboard;
			sourceTree = "<group>";
		};
/* End PBXVariantGroup section */

/* Begin XCBuildConfiguration section */
		763C0A322C7B125C006BC4E7 /* Debug */ = {
			isa = XCBuildConfiguration;
			buildSettings = {
				ALWAYS_SEARCH_USER_PATHS = NO;
				ASSETCATALOG_COMPILER_GENERATE_SWIFT_ASSET_SYMBOL_EXTENSIONS = YES;
				CLANG_ANALYZER_NONNULL = YES;
				CLANG_ANALYZER_NUMBER_OBJECT_CONVERSION = YES_AGGRESSIVE;
				CLANG_CXX_LANGUAGE_STANDARD = "gnu++20";
				CLANG_ENABLE_MODULES = YES;
				CLANG_ENABLE_OBJC_ARC = YES;
				CLANG_ENABLE_OBJC_WEAK = YES;
				CLANG_WARN_BLOCK_CAPTURE_AUTORELEASING = YES;
				CLANG_WARN_BOOL_CONVERSION = YES;
				CLANG_WARN_COMMA = YES;
				CLANG_WARN_CONSTANT_CONVERSION = YES;
				CLANG_WARN_DEPRECATED_OBJC_IMPLEMENTATIONS = YES;
				CLANG_WARN_DIRECT_OBJC_ISA_USAGE = YES_ERROR;
				CLANG_WARN_DOCUMENTATION_COMMENTS = YES;
				CLANG_WARN_EMPTY_BODY = YES;
				CLANG_WARN_ENUM_CONVERSION = YES;
				CLANG_WARN_INFINITE_RECURSION = YES;
				CLANG_WARN_INT_CONVERSION = YES;
				CLANG_WARN_NON_LITERAL_NULL_CONVERSION = YES;
				CLANG_WARN_OBJC_IMPLICIT_RETAIN_SELF = YES;
				CLANG_WARN_OBJC_LITERAL_CONVERSION = YES;
				CLANG_WARN_OBJC_ROOT_CLASS = YES_ERROR;
				CLANG_WARN_QUOTED_INCLUDE_IN_FRAMEWORK_HEADER = YES;
				CLANG_WARN_RANGE_LOOP_ANALYSIS = YES;
				CLANG_WARN_STRICT_PROTOTYPES = YES;
				CLANG_WARN_SUSPICIOUS_MOVE = YES;
				CLANG_WARN_UNGUARDED_AVAILABILITY = YES_AGGRESSIVE;
				CLANG_WARN_UNREACHABLE_CODE = YES;
				CLANG_WARN__DUPLICATE_METHOD_MATCH = YES;
				COPY_PHASE_STRIP = NO;
				DEBUG_INFORMATION_FORMAT = dwarf;
				ENABLE_STRICT_OBJC_MSGSEND = YES;
				ENABLE_TESTABILITY = YES;
				ENABLE_USER_SCRIPT_SANDBOXING = YES;
				GCC_C_LANGUAGE_STANDARD = gnu17;
				GCC_DYNAMIC_NO_PIC = NO;
				GCC_NO_COMMON_BLOCKS = YES;
				GCC_OPTIMIZATION_LEVEL = 0;
				GCC_PREPROCESSOR_DEFINITIONS = (
					"DEBUG=1",
					"$(inherited)",
				);
				GCC_WARN_64_TO_32_BIT_CONVERSION = YES;
				GCC_WARN_ABOUT_RETURN_TYPE = YES_ERROR;
				GCC_WARN_UNDECLARED_SELECTOR = YES;
				GCC_WARN_UNINITIALIZED_AUTOS = YES_AGGRESSIVE;
				GCC_WARN_UNUSED_FUNCTION = YES;
				GCC_WARN_UNUSED_VARIABLE = YES;
				IPHONEOS_DEPLOYMENT_TARGET = 15.0;
				LOCALIZATION_PREFERS_STRING_CATALOGS = YES;
				MTL_ENABLE_DEBUG_INFO = INCLUDE_SOURCE;
				MTL_FAST_MATH = YES;
				ONLY_ACTIVE_ARCH = YES;
				SDKROOT = iphoneos;
				SWIFT_ACTIVE_COMPILATION_CONDITIONS = "DEBUG $(inherited)";
				SWIFT_OPTIMIZATION_LEVEL = "-Onone";
			};
			name = Debug;
		};
		763C0A332C7B125C006BC4E7 /* Release */ = {
			isa = XCBuildConfiguration;
			buildSettings = {
				ALWAYS_SEARCH_USER_PATHS = NO;
				ASSETCATALOG_COMPILER_GENERATE_SWIFT_ASSET_SYMBOL_EXTENSIONS = YES;
				CLANG_ANALYZER_NONNULL = YES;
				CLANG_ANALYZER_NUMBER_OBJECT_CONVERSION = YES_AGGRESSIVE;
				CLANG_CXX_LANGUAGE_STANDARD = "gnu++20";
				CLANG_ENABLE_MODULES = YES;
				CLANG_ENABLE_OBJC_ARC = YES;
				CLANG_ENABLE_OBJC_WEAK = YES;
				CLANG_WARN_BLOCK_CAPTURE_AUTORELEASING = YES;
				CLANG_WARN_BOOL_CONVERSION = YES;
				CLANG_WARN_COMMA = YES;
				CLANG_WARN_CONSTANT_CONVERSION = YES;
				CLANG_WARN_DEPRECATED_OBJC_IMPLEMENTATIONS = YES;
				CLANG_WARN_DIRECT_OBJC_ISA_USAGE = YES_ERROR;
				CLANG_WARN_DOCUMENTATION_COMMENTS = YES;
				CLANG_WARN_EMPTY_BODY = YES;
				CLANG_WARN_ENUM_CONVERSION = YES;
				CLANG_WARN_INFINITE_RECURSION = YES;
				CLANG_WARN_INT_CONVERSION = YES;
				CLANG_WARN_NON_LITERAL_NULL_CONVERSION = YES;
				CLANG_WARN_OBJC_IMPLICIT_RETAIN_SELF = YES;
				CLANG_WARN_OBJC_LITERAL_CONVERSION = YES;
				CLANG_WARN_OBJC_ROOT_CLASS = YES_ERROR;
				CLANG_WARN_QUOTED_INCLUDE_IN_FRAMEWORK_HEADER = YES;
				CLANG_WARN_RANGE_LOOP_ANALYSIS = YES;
				CLANG_WARN_STRICT_PROTOTYPES = YES;
				CLANG_WARN_SUSPICIOUS_MOVE = YES;
				CLANG_WARN_UNGUARDED_AVAILABILITY = YES_AGGRESSIVE;
				CLANG_WARN_UNREACHABLE_CODE = YES;
				CLANG_WARN__DUPLICATE_METHOD_MATCH = YES;
				COPY_PHASE_STRIP = NO;
				DEBUG_INFORMATION_FORMAT = "dwarf-with-dsym";
				ENABLE_NS_ASSERTIONS = NO;
				ENABLE_STRICT_OBJC_MSGSEND = YES;
				ENABLE_USER_SCRIPT_SANDBOXING = YES;
				GCC_C_LANGUAGE_STANDARD = gnu17;
				GCC_NO_COMMON_BLOCKS = YES;
				GCC_WARN_64_TO_32_BIT_CONVERSION = YES;
				GCC_WARN_ABOUT_RETURN_TYPE = YES_ERROR;
				GCC_WARN_UNDECLARED_SELECTOR = YES;
				GCC_WARN_UNINITIALIZED_AUTOS = YES_AGGRESSIVE;
				GCC_WARN_UNUSED_FUNCTION = YES;
				GCC_WARN_UNUSED_VARIABLE = YES;
				IPHONEOS_DEPLOYMENT_TARGET = 15.0;
				LOCALIZATION_PREFERS_STRING_CATALOGS = YES;
				MTL_ENABLE_DEBUG_INFO = NO;
				MTL_FAST_MATH = YES;
				SDKROOT = iphoneos;
				SWIFT_COMPILATION_MODE = wholemodule;
				VALIDATE_PRODUCT = YES;
			};
			name = Release;
		};
		763C0A352C7B125C006BC4E7 /* Debug */ = {
			isa = XCBuildConfiguration;
			baseConfigurationReference = 7676228B2C85E6710075B09E /* Secrets.xcconfig */;
			buildSettings = {
				ASSETCATALOG_COMPILER_APPICON_NAME = AppIcon;
				ASSETCATALOG_COMPILER_GLOBAL_ACCENT_COLOR_NAME = AccentColor;
				CODE_SIGN_IDENTITY = "Apple Development";
				"CODE_SIGN_IDENTITY[sdk=iphoneos*]" = "iPhone Developer";
				CODE_SIGN_STYLE = Manual;
				CURRENT_PROJECT_VERSION = 1;
				DEVELOPMENT_TEAM = "";
				"DEVELOPMENT_TEAM[sdk=iphoneos*]" = 4LTNHNC3S6;
				GENERATE_INFOPLIST_FILE = YES;
				INFOPLIST_FILE = Duriso/Info.plist;
				INFOPLIST_KEY_CFBundleDisplayName = "두리소";
				INFOPLIST_KEY_LSApplicationCategoryType = "public.app-category.lifestyle";
				INFOPLIST_KEY_UIApplicationSupportsIndirectInputEvents = YES;
				INFOPLIST_KEY_UILaunchStoryboardName = LaunchScreen;
				INFOPLIST_KEY_UISupportedInterfaceOrientations = UIInterfaceOrientationPortrait;
				INFOPLIST_KEY_UISupportedInterfaceOrientations_iPad = "UIInterfaceOrientationLandscapeLeft UIInterfaceOrientationLandscapeRight UIInterfaceOrientationPortrait UIInterfaceOrientationPortraitUpsideDown";
				IPHONEOS_DEPLOYMENT_TARGET = 15.0;
				LD_RUNPATH_SEARCH_PATHS = (
					"$(inherited)",
					"@executable_path/Frameworks",
				);
				MARKETING_VERSION = 1.0;
				PRODUCT_BUNDLE_IDENTIFIER = com.donghyeon.Duriso;
				PRODUCT_NAME = "$(TARGET_NAME)";
				PROVISIONING_PROFILE_SPECIFIER = "";
				"PROVISIONING_PROFILE_SPECIFIER[sdk=iphoneos*]" = dev_Duriso;
				SWIFT_EMIT_LOC_STRINGS = YES;
				SWIFT_VERSION = 5.0;
				TARGETED_DEVICE_FAMILY = "1,2";
			};
			name = Debug;
		};
		763C0A362C7B125C006BC4E7 /* Release */ = {
			isa = XCBuildConfiguration;
			baseConfigurationReference = 7676228B2C85E6710075B09E /* Secrets.xcconfig */;
			buildSettings = {
				ASSETCATALOG_COMPILER_APPICON_NAME = AppIcon;
				ASSETCATALOG_COMPILER_GLOBAL_ACCENT_COLOR_NAME = AccentColor;
				CODE_SIGN_IDENTITY = "Apple Development";
				"CODE_SIGN_IDENTITY[sdk=iphoneos*]" = "iPhone Developer";
				CODE_SIGN_STYLE = Manual;
				CURRENT_PROJECT_VERSION = 1;
				DEVELOPMENT_TEAM = "";
				"DEVELOPMENT_TEAM[sdk=iphoneos*]" = 4LTNHNC3S6;
				GENERATE_INFOPLIST_FILE = YES;
				INFOPLIST_FILE = Duriso/Info.plist;
				INFOPLIST_KEY_CFBundleDisplayName = "두리소";
				INFOPLIST_KEY_LSApplicationCategoryType = "public.app-category.lifestyle";
				INFOPLIST_KEY_UIApplicationSupportsIndirectInputEvents = YES;
				INFOPLIST_KEY_UILaunchStoryboardName = LaunchScreen;
				INFOPLIST_KEY_UISupportedInterfaceOrientations = UIInterfaceOrientationPortrait;
				INFOPLIST_KEY_UISupportedInterfaceOrientations_iPad = "UIInterfaceOrientationLandscapeLeft UIInterfaceOrientationLandscapeRight UIInterfaceOrientationPortrait UIInterfaceOrientationPortraitUpsideDown";
				IPHONEOS_DEPLOYMENT_TARGET = 15.0;
				LD_RUNPATH_SEARCH_PATHS = (
					"$(inherited)",
					"@executable_path/Frameworks",
				);
				MARKETING_VERSION = 1.0;
				PRODUCT_BUNDLE_IDENTIFIER = com.donghyeon.Duriso;
				PRODUCT_NAME = "$(TARGET_NAME)";
				PROVISIONING_PROFILE_SPECIFIER = "";
				"PROVISIONING_PROFILE_SPECIFIER[sdk=iphoneos*]" = dev_Duriso;
				SWIFT_EMIT_LOC_STRINGS = YES;
				SWIFT_VERSION = 5.0;
				TARGETED_DEVICE_FAMILY = "1,2";
			};
			name = Release;
		};
/* End XCBuildConfiguration section */

/* Begin XCConfigurationList section */
		763C0A1B2C7B125B006BC4E7 /* Build configuration list for PBXProject "Duriso" */ = {
			isa = XCConfigurationList;
			buildConfigurations = (
				763C0A322C7B125C006BC4E7 /* Debug */,
				763C0A332C7B125C006BC4E7 /* Release */,
			);
			defaultConfigurationIsVisible = 0;
			defaultConfigurationName = Release;
		};
		763C0A342C7B125C006BC4E7 /* Build configuration list for PBXNativeTarget "Duriso" */ = {
			isa = XCConfigurationList;
			buildConfigurations = (
				763C0A352C7B125C006BC4E7 /* Debug */,
				763C0A362C7B125C006BC4E7 /* Release */,
			);
			defaultConfigurationIsVisible = 0;
			defaultConfigurationName = Release;
		};
/* End XCConfigurationList section */

/* Begin XCRemoteSwiftPackageReference section */
		7622D0392C7C178400B1AEB2 /* XCRemoteSwiftPackageReference "firebase-ios-sdk" */ = {
			isa = XCRemoteSwiftPackageReference;
			repositoryURL = "https://github.com/firebase/firebase-ios-sdk";
			requirement = {
				kind = upToNextMajorVersion;
				minimumVersion = 11.1.0;
			};
		};
		763C0A3B2C7B1A2F006BC4E7 /* XCRemoteSwiftPackageReference "SnapKit" */ = {
			isa = XCRemoteSwiftPackageReference;
			repositoryURL = "https://github.com/SnapKit/SnapKit.git";
			requirement = {
				kind = upToNextMajorVersion;
				minimumVersion = 5.7.1;
			};
		};
		763C0A3E2C7B1AA7006BC4E7 /* XCRemoteSwiftPackageReference "RxSwift" */ = {
			isa = XCRemoteSwiftPackageReference;
			repositoryURL = "https://github.com/ReactiveX/RxSwift.git";
			requirement = {
				kind = upToNextMajorVersion;
				minimumVersion = 6.7.1;
			};
		};
		763C0A432C7B1AFB006BC4E7 /* XCRemoteSwiftPackageReference "Alamofire" */ = {
			isa = XCRemoteSwiftPackageReference;
			repositoryURL = "https://github.com/Alamofire/Alamofire";
			requirement = {
				kind = upToNextMajorVersion;
				minimumVersion = 5.9.1;
			};
		};
		763C0A462C7B1B30006BC4E7 /* XCRemoteSwiftPackageReference "Kingfisher" */ = {
			isa = XCRemoteSwiftPackageReference;
			repositoryURL = "https://github.com/onevcat/Kingfisher.git";
			requirement = {
				kind = upToNextMajorVersion;
				minimumVersion = 7.12.0;
			};
		};
		763C0A492C7B1B70006BC4E7 /* XCRemoteSwiftPackageReference "KakaoMapsSDK-SPM" */ = {
			isa = XCRemoteSwiftPackageReference;
			repositoryURL = "https://github.com/kakao-mapsSDK/KakaoMapsSDK-SPM.git";
			requirement = {
				kind = upToNextMajorVersion;
				minimumVersion = 2.10.5;
			};
		};
		767622882C85CDB50075B09E /* XCRemoteSwiftPackageReference "Then" */ = {
			isa = XCRemoteSwiftPackageReference;
			repositoryURL = "https://github.com/devxoul/Then.git";
			requirement = {
				kind = upToNextMajorVersion;
				minimumVersion = 3.0.0;
			};
		};
		D613FE4D2C882049000FA3F5 /* XCRemoteSwiftPackageReference "FloatingPanel" */ = {
			isa = XCRemoteSwiftPackageReference;
			repositoryURL = "https://github.com/scenee/FloatingPanel.git";
			requirement = {
				kind = upToNextMajorVersion;
				minimumVersion = 2.8.5;
			};
		};
/* End XCRemoteSwiftPackageReference section */

/* Begin XCSwiftPackageProductDependency section */
		7622D03A2C7C178400B1AEB2 /* FirebaseAuth */ = {
			isa = XCSwiftPackageProductDependency;
			package = 7622D0392C7C178400B1AEB2 /* XCRemoteSwiftPackageReference "firebase-ios-sdk" */;
			productName = FirebaseAuth;
		};
		7622D03C2C7C178400B1AEB2 /* FirebaseDatabase */ = {
			isa = XCSwiftPackageProductDependency;
			package = 7622D0392C7C178400B1AEB2 /* XCRemoteSwiftPackageReference "firebase-ios-sdk" */;
			productName = FirebaseDatabase;
		};
		7622D03E2C7C178400B1AEB2 /* FirebaseStorage */ = {
			isa = XCSwiftPackageProductDependency;
			package = 7622D0392C7C178400B1AEB2 /* XCRemoteSwiftPackageReference "firebase-ios-sdk" */;
			productName = FirebaseStorage;
		};
		763C0A3C2C7B1A2F006BC4E7 /* SnapKit */ = {
			isa = XCSwiftPackageProductDependency;
			package = 763C0A3B2C7B1A2F006BC4E7 /* XCRemoteSwiftPackageReference "SnapKit" */;
			productName = SnapKit;
		};
		763C0A3F2C7B1AA7006BC4E7 /* RxCocoa */ = {
			isa = XCSwiftPackageProductDependency;
			package = 763C0A3E2C7B1AA7006BC4E7 /* XCRemoteSwiftPackageReference "RxSwift" */;
			productName = RxCocoa;
		};
		763C0A412C7B1AA7006BC4E7 /* RxSwift */ = {
			isa = XCSwiftPackageProductDependency;
			package = 763C0A3E2C7B1AA7006BC4E7 /* XCRemoteSwiftPackageReference "RxSwift" */;
			productName = RxSwift;
		};
		763C0A442C7B1AFB006BC4E7 /* Alamofire */ = {
			isa = XCSwiftPackageProductDependency;
			package = 763C0A432C7B1AFB006BC4E7 /* XCRemoteSwiftPackageReference "Alamofire" */;
			productName = Alamofire;
		};
		763C0A472C7B1B30006BC4E7 /* Kingfisher */ = {
			isa = XCSwiftPackageProductDependency;
			package = 763C0A462C7B1B30006BC4E7 /* XCRemoteSwiftPackageReference "Kingfisher" */;
			productName = Kingfisher;
		};
		763C0A4A2C7B1B70006BC4E7 /* KakaoMapsSDK-SPM */ = {
			isa = XCSwiftPackageProductDependency;
			package = 763C0A492C7B1B70006BC4E7 /* XCRemoteSwiftPackageReference "KakaoMapsSDK-SPM" */;
			productName = "KakaoMapsSDK-SPM";
		};
		767622892C85CDB50075B09E /* Then */ = {
			isa = XCSwiftPackageProductDependency;
			package = 767622882C85CDB50075B09E /* XCRemoteSwiftPackageReference "Then" */;
			productName = Then;
		};
		D613FE4E2C882049000FA3F5 /* FloatingPanel */ = {
			isa = XCSwiftPackageProductDependency;
			package = D613FE4D2C882049000FA3F5 /* XCRemoteSwiftPackageReference "FloatingPanel" */;
			productName = FloatingPanel;
		};
/* End XCSwiftPackageProductDependency section */
	};
	rootObject = 763C0A182C7B125B006BC4E7 /* Project object */;
}
