// !$*UTF8*$!
{
	archiveVersion = 1;
	classes = {
	};
	objectVersion = 56;
	objects = {

/* Begin PBXBuildFile section */
		763C0A242C7B125B006BC4E7 /* AppDelegate.swift in Sources */ = {isa = PBXBuildFile; fileRef = 763C0A232C7B125B006BC4E7 /* AppDelegate.swift */; };
		763C0A282C7B125B006BC4E7 /* ViewController.swift in Sources */ = {isa = PBXBuildFile; fileRef = 763C0A272C7B125B006BC4E7 /* ViewController.swift */; };
		763C0A2D2C7B125C006BC4E7 /* Assets.xcassets in Resources */ = {isa = PBXBuildFile; fileRef = 763C0A2C2C7B125C006BC4E7 /* Assets.xcassets */; };
		763C0A302C7B125C006BC4E7 /* Base in Resources */ = {isa = PBXBuildFile; fileRef = 763C0A2F2C7B125C006BC4E7 /* Base */; };
		763C0A382C7B17AE006BC4E7 /* README.md in Resources */ = {isa = PBXBuildFile; fileRef = 763C0A372C7B17AE006BC4E7 /* README.md */; };
		763C0A3A2C7B180A006BC4E7 /* .gitignore in Resources */ = {isa = PBXBuildFile; fileRef = 763C0A392C7B180A006BC4E7 /* .gitignore */; };
		763C0A3D2C7B1A2F006BC4E7 /* SnapKit in Frameworks */ = {isa = PBXBuildFile; productRef = 763C0A3C2C7B1A2F006BC4E7 /* SnapKit */; };
		763C0A402C7B1AA7006BC4E7 /* RxCocoa in Frameworks */ = {isa = PBXBuildFile; productRef = 763C0A3F2C7B1AA7006BC4E7 /* RxCocoa */; };
		763C0A422C7B1AA7006BC4E7 /* RxSwift in Frameworks */ = {isa = PBXBuildFile; productRef = 763C0A412C7B1AA7006BC4E7 /* RxSwift */; };
/* End PBXBuildFile section */

/* Begin PBXFileReference section */
		763C0A202C7B125B006BC4E7 /* Duriso.app */ = {isa = PBXFileReference; explicitFileType = wrapper.application; includeInIndex = 0; path = Duriso.app; sourceTree = BUILT_PRODUCTS_DIR; };
		763C0A232C7B125B006BC4E7 /* AppDelegate.swift */ = {isa = PBXFileReference; lastKnownFileType = sourcecode.swift; path = AppDelegate.swift; sourceTree = "<group>"; };
		763C0A272C7B125B006BC4E7 /* ViewController.swift */ = {isa = PBXFileReference; lastKnownFileType = sourcecode.swift; path = ViewController.swift; sourceTree = "<group>"; };
		763C0A2C2C7B125C006BC4E7 /* Assets.xcassets */ = {isa = PBXFileReference; lastKnownFileType = folder.assetcatalog; path = Assets.xcassets; sourceTree = "<group>"; };
		763C0A2F2C7B125C006BC4E7 /* Base */ = {isa = PBXFileReference; lastKnownFileType = file.storyboard; name = Base; path = Base.lproj/LaunchScreen.storyboard; sourceTree = "<group>"; };
		763C0A312C7B125C006BC4E7 /* Info.plist */ = {isa = PBXFileReference; lastKnownFileType = text.plist.xml; path = Info.plist; sourceTree = "<group>"; };
		763C0A372C7B17AE006BC4E7 /* README.md */ = {isa = PBXFileReference; lastKnownFileType = net.daringfireball.markdown; path = README.md; sourceTree = "<group>"; };
		763C0A392C7B180A006BC4E7 /* .gitignore */ = {isa = PBXFileReference; lastKnownFileType = text; path = .gitignore; sourceTree = "<group>"; };
/* End PBXFileReference section */

/* Begin PBXFrameworksBuildPhase section */
		763C0A1D2C7B125B006BC4E7 /* Frameworks */ = {
			isa = PBXFrameworksBuildPhase;
			buildActionMask = 2147483647;
			files = (
				763C0A422C7B1AA7006BC4E7 /* RxSwift in Frameworks */,
				763C0A402C7B1AA7006BC4E7 /* RxCocoa in Frameworks */,
				763C0A3D2C7B1A2F006BC4E7 /* SnapKit in Frameworks */,
			);
			runOnlyForDeploymentPostprocessing = 0;
		};
/* End PBXFrameworksBuildPhase section */

/* Begin PBXGroup section */
		763C0A172C7B125B006BC4E7 = {
			isa = PBXGroup;
			children = (
				763C0A372C7B17AE006BC4E7 /* README.md */,
				763C0A392C7B180A006BC4E7 /* .gitignore */,
				763C0A222C7B125B006BC4E7 /* Duriso */,
				763C0A212C7B125B006BC4E7 /* Products */,
			);
			sourceTree = "<group>";
		};
		763C0A212C7B125B006BC4E7 /* Products */ = {
			isa = PBXGroup;
			children = (
				763C0A202C7B125B006BC4E7 /* Duriso.app */,
			);
			name = Products;
			sourceTree = "<group>";
		};
		763C0A222C7B125B006BC4E7 /* Duriso */ = {
			isa = PBXGroup;
			children = (
				763C0A232C7B125B006BC4E7 /* AppDelegate.swift */,
				763C0A272C7B125B006BC4E7 /* ViewController.swift */,
				763C0A2C2C7B125C006BC4E7 /* Assets.xcassets */,
				763C0A2E2C7B125C006BC4E7 /* LaunchScreen.storyboard */,
				763C0A312C7B125C006BC4E7 /* Info.plist */,
			);
			path = Duriso;
			sourceTree = "<group>";
		};
/* End PBXGroup section */

/* Begin PBXNativeTarget section */
		763C0A1F2C7B125B006BC4E7 /* Duriso */ = {
			isa = PBXNativeTarget;
			buildConfigurationList = 763C0A342C7B125C006BC4E7 /* Build configuration list for PBXNativeTarget "Duriso" */;
			buildPhases = (
				763C0A1C2C7B125B006BC4E7 /* Sources */,
				763C0A1D2C7B125B006BC4E7 /* Frameworks */,
				763C0A1E2C7B125B006BC4E7 /* Resources */,
			);
			buildRules = (
			);
			dependencies = (
			);
			name = Duriso;
			packageProductDependencies = (
				763C0A3C2C7B1A2F006BC4E7 /* SnapKit */,
				763C0A3F2C7B1AA7006BC4E7 /* RxCocoa */,
				763C0A412C7B1AA7006BC4E7 /* RxSwift */,
			);
			productName = Duriso;
			productReference = 763C0A202C7B125B006BC4E7 /* Duriso.app */;
			productType = "com.apple.product-type.application";
		};
/* End PBXNativeTarget section */

/* Begin PBXProject section */
		763C0A182C7B125B006BC4E7 /* Project object */ = {
			isa = PBXProject;
			attributes = {
				BuildIndependentTargetsInParallel = 1;
				LastSwiftUpdateCheck = 1540;
				LastUpgradeCheck = 1540;
				TargetAttributes = {
					763C0A1F2C7B125B006BC4E7 = {
						CreatedOnToolsVersion = 15.4;
					};
				};
			};
			buildConfigurationList = 763C0A1B2C7B125B006BC4E7 /* Build configuration list for PBXProject "Duriso" */;
			compatibilityVersion = "Xcode 14.0";
			developmentRegion = en;
			hasScannedForEncodings = 0;
			knownRegions = (
				en,
				Base,
			);
			mainGroup = 763C0A172C7B125B006BC4E7;
			packageReferences = (
				763C0A3B2C7B1A2F006BC4E7 /* XCRemoteSwiftPackageReference "SnapKit" */,
				763C0A3E2C7B1AA7006BC4E7 /* XCRemoteSwiftPackageReference "RxSwift" */,
			);
			productRefGroup = 763C0A212C7B125B006BC4E7 /* Products */;
			projectDirPath = "";
			projectRoot = "";
			targets = (
				763C0A1F2C7B125B006BC4E7 /* Duriso */,
			);
		};
/* End PBXProject section */

/* Begin PBXResourcesBuildPhase section */
		763C0A1E2C7B125B006BC4E7 /* Resources */ = {
			isa = PBXResourcesBuildPhase;
			buildActionMask = 2147483647;
			files = (
				763C0A3A2C7B180A006BC4E7 /* .gitignore in Resources */,
				763C0A382C7B17AE006BC4E7 /* README.md in Resources */,
				763C0A2D2C7B125C006BC4E7 /* Assets.xcassets in Resources */,
				763C0A302C7B125C006BC4E7 /* Base in Resources */,
			);
			runOnlyForDeploymentPostprocessing = 0;
		};
/* End PBXResourcesBuildPhase section */

/* Begin PBXSourcesBuildPhase section */
		763C0A1C2C7B125B006BC4E7 /* Sources */ = {
			isa = PBXSourcesBuildPhase;
			buildActionMask = 2147483647;
			files = (
				763C0A282C7B125B006BC4E7 /* ViewController.swift in Sources */,
				763C0A242C7B125B006BC4E7 /* AppDelegate.swift in Sources */,
			);
			runOnlyForDeploymentPostprocessing = 0;
		};
/* End PBXSourcesBuildPhase section */

/* Begin PBXVariantGroup section */
		763C0A2E2C7B125C006BC4E7 /* LaunchScreen.storyboard */ = {
			isa = PBXVariantGroup;
			children = (
				763C0A2F2C7B125C006BC4E7 /* Base */,
			);
			name = LaunchScreen.storyboard;
			sourceTree = "<group>";
		};
/* End PBXVariantGroup section */

/* Begin XCBuildConfiguration section */
		763C0A322C7B125C006BC4E7 /* Debug */ = {
			isa = XCBuildConfiguration;
			buildSettings = {
				ALWAYS_SEARCH_USER_PATHS = NO;
				ASSETCATALOG_COMPILER_GENERATE_SWIFT_ASSET_SYMBOL_EXTENSIONS = YES;
				CLANG_ANALYZER_NONNULL = YES;
				CLANG_ANALYZER_NUMBER_OBJECT_CONVERSION = YES_AGGRESSIVE;
				CLANG_CXX_LANGUAGE_STANDARD = "gnu++20";
				CLANG_ENABLE_MODULES = YES;
				CLANG_ENABLE_OBJC_ARC = YES;
				CLANG_ENABLE_OBJC_WEAK = YES;
				CLANG_WARN_BLOCK_CAPTURE_AUTORELEASING = YES;
				CLANG_WARN_BOOL_CONVERSION = YES;
				CLANG_WARN_COMMA = YES;
				CLANG_WARN_CONSTANT_CONVERSION = YES;
				CLANG_WARN_DEPRECATED_OBJC_IMPLEMENTATIONS = YES;
				CLANG_WARN_DIRECT_OBJC_ISA_USAGE = YES_ERROR;
				CLANG_WARN_DOCUMENTATION_COMMENTS = YES;
				CLANG_WARN_EMPTY_BODY = YES;
				CLANG_WARN_ENUM_CONVERSION = YES;
				CLANG_WARN_INFINITE_RECURSION = YES;
				CLANG_WARN_INT_CONVERSION = YES;
				CLANG_WARN_NON_LITERAL_NULL_CONVERSION = YES;
				CLANG_WARN_OBJC_IMPLICIT_RETAIN_SELF = YES;
				CLANG_WARN_OBJC_LITERAL_CONVERSION = YES;
				CLANG_WARN_OBJC_ROOT_CLASS = YES_ERROR;
				CLANG_WARN_QUOTED_INCLUDE_IN_FRAMEWORK_HEADER = YES;
				CLANG_WARN_RANGE_LOOP_ANALYSIS = YES;
				CLANG_WARN_STRICT_PROTOTYPES = YES;
				CLANG_WARN_SUSPICIOUS_MOVE = YES;
				CLANG_WARN_UNGUARDED_AVAILABILITY = YES_AGGRESSIVE;
				CLANG_WARN_UNREACHABLE_CODE = YES;
				CLANG_WARN__DUPLICATE_METHOD_MATCH = YES;
				COPY_PHASE_STRIP = NO;
				DEBUG_INFORMATION_FORMAT = dwarf;
				ENABLE_STRICT_OBJC_MSGSEND = YES;
				ENABLE_TESTABILITY = YES;
				ENABLE_USER_SCRIPT_SANDBOXING = YES;
				GCC_C_LANGUAGE_STANDARD = gnu17;
				GCC_DYNAMIC_NO_PIC = NO;
				GCC_NO_COMMON_BLOCKS = YES;
				GCC_OPTIMIZATION_LEVEL = 0;
				GCC_PREPROCESSOR_DEFINITIONS = (
					"DEBUG=1",
					"$(inherited)",
				);
				GCC_WARN_64_TO_32_BIT_CONVERSION = YES;
				GCC_WARN_ABOUT_RETURN_TYPE = YES_ERROR;
				GCC_WARN_UNDECLARED_SELECTOR = YES;
				GCC_WARN_UNINITIALIZED_AUTOS = YES_AGGRESSIVE;
				GCC_WARN_UNUSED_FUNCTION = YES;
				GCC_WARN_UNUSED_VARIABLE = YES;
				IPHONEOS_DEPLOYMENT_TARGET = 15.0;
				LOCALIZATION_PREFERS_STRING_CATALOGS = YES;
				MTL_ENABLE_DEBUG_INFO = INCLUDE_SOURCE;
				MTL_FAST_MATH = YES;
				ONLY_ACTIVE_ARCH = YES;
				SDKROOT = iphoneos;
				SWIFT_ACTIVE_COMPILATION_CONDITIONS = "DEBUG $(inherited)";
				SWIFT_OPTIMIZATION_LEVEL = "-Onone";
			};
			name = Debug;
		};
		763C0A332C7B125C006BC4E7 /* Release */ = {
			isa = XCBuildConfiguration;
			buildSettings = {
				ALWAYS_SEARCH_USER_PATHS = NO;
				ASSETCATALOG_COMPILER_GENERATE_SWIFT_ASSET_SYMBOL_EXTENSIONS = YES;
				CLANG_ANALYZER_NONNULL = YES;
				CLANG_ANALYZER_NUMBER_OBJECT_CONVERSION = YES_AGGRESSIVE;
				CLANG_CXX_LANGUAGE_STANDARD = "gnu++20";
				CLANG_ENABLE_MODULES = YES;
				CLANG_ENABLE_OBJC_ARC = YES;
				CLANG_ENABLE_OBJC_WEAK = YES;
				CLANG_WARN_BLOCK_CAPTURE_AUTORELEASING = YES;
				CLANG_WARN_BOOL_CONVERSION = YES;
				CLANG_WARN_COMMA = YES;
				CLANG_WARN_CONSTANT_CONVERSION = YES;
				CLANG_WARN_DEPRECATED_OBJC_IMPLEMENTATIONS = YES;
				CLANG_WARN_DIRECT_OBJC_ISA_USAGE = YES_ERROR;
				CLANG_WARN_DOCUMENTATION_COMMENTS = YES;
				CLANG_WARN_EMPTY_BODY = YES;
				CLANG_WARN_ENUM_CONVERSION = YES;
				CLANG_WARN_INFINITE_RECURSION = YES;
				CLANG_WARN_INT_CONVERSION = YES;
				CLANG_WARN_NON_LITERAL_NULL_CONVERSION = YES;
				CLANG_WARN_OBJC_IMPLICIT_RETAIN_SELF = YES;
				CLANG_WARN_OBJC_LITERAL_CONVERSION = YES;
				CLANG_WARN_OBJC_ROOT_CLASS = YES_ERROR;
				CLANG_WARN_QUOTED_INCLUDE_IN_FRAMEWORK_HEADER = YES;
				CLANG_WARN_RANGE_LOOP_ANALYSIS = YES;
				CLANG_WARN_STRICT_PROTOTYPES = YES;
				CLANG_WARN_SUSPICIOUS_MOVE = YES;
				CLANG_WARN_UNGUARDED_AVAILABILITY = YES_AGGRESSIVE;
				CLANG_WARN_UNREACHABLE_CODE = YES;
				CLANG_WARN__DUPLICATE_METHOD_MATCH = YES;
				COPY_PHASE_STRIP = NO;
				DEBUG_INFORMATION_FORMAT = "dwarf-with-dsym";
				ENABLE_NS_ASSERTIONS = NO;
				ENABLE_STRICT_OBJC_MSGSEND = YES;
				ENABLE_USER_SCRIPT_SANDBOXING = YES;
				GCC_C_LANGUAGE_STANDARD = gnu17;
				GCC_NO_COMMON_BLOCKS = YES;
				GCC_WARN_64_TO_32_BIT_CONVERSION = YES;
				GCC_WARN_ABOUT_RETURN_TYPE = YES_ERROR;
				GCC_WARN_UNDECLARED_SELECTOR = YES;
				GCC_WARN_UNINITIALIZED_AUTOS = YES_AGGRESSIVE;
				GCC_WARN_UNUSED_FUNCTION = YES;
				GCC_WARN_UNUSED_VARIABLE = YES;
				IPHONEOS_DEPLOYMENT_TARGET = 15.0;
				LOCALIZATION_PREFERS_STRING_CATALOGS = YES;
				MTL_ENABLE_DEBUG_INFO = NO;
				MTL_FAST_MATH = YES;
				SDKROOT = iphoneos;
				SWIFT_COMPILATION_MODE = wholemodule;
				VALIDATE_PRODUCT = YES;
			};
			name = Release;
		};
		763C0A352C7B125C006BC4E7 /* Debug */ = {
			isa = XCBuildConfiguration;
			buildSettings = {
				ASSETCATALOG_COMPILER_APPICON_NAME = AppIcon;
				ASSETCATALOG_COMPILER_GLOBAL_ACCENT_COLOR_NAME = AccentColor;
				CODE_SIGN_STYLE = Automatic;
				CURRENT_PROJECT_VERSION = 1;
				DEVELOPMENT_TEAM = 4LTNHNC3S6;
				GENERATE_INFOPLIST_FILE = YES;
				INFOPLIST_FILE = Duriso/Info.plist;
				INFOPLIST_KEY_CFBundleDisplayName = "두리소";
				INFOPLIST_KEY_LSApplicationCategoryType = "public.app-category.lifestyle";
				INFOPLIST_KEY_UIApplicationSupportsIndirectInputEvents = YES;
				INFOPLIST_KEY_UILaunchStoryboardName = LaunchScreen;
				INFOPLIST_KEY_UISupportedInterfaceOrientations = UIInterfaceOrientationPortrait;
				INFOPLIST_KEY_UISupportedInterfaceOrientations_iPad = "UIInterfaceOrientationLandscapeLeft UIInterfaceOrientationLandscapeRight UIInterfaceOrientationPortrait UIInterfaceOrientationPortraitUpsideDown";
				IPHONEOS_DEPLOYMENT_TARGET = 15.0;
				LD_RUNPATH_SEARCH_PATHS = (
					"$(inherited)",
					"@executable_path/Frameworks",
				);
				MARKETING_VERSION = 1.0;
				PRODUCT_BUNDLE_IDENTIFIER = com.donghyeon.Duriso;
				PRODUCT_NAME = "$(TARGET_NAME)";
				SWIFT_EMIT_LOC_STRINGS = YES;
				SWIFT_VERSION = 5.0;
				TARGETED_DEVICE_FAMILY = "1,2";
			};
			name = Debug;
		};
		763C0A362C7B125C006BC4E7 /* Release */ = {
			isa = XCBuildConfiguration;
			buildSettings = {
				ASSETCATALOG_COMPILER_APPICON_NAME = AppIcon;
				ASSETCATALOG_COMPILER_GLOBAL_ACCENT_COLOR_NAME = AccentColor;
				CODE_SIGN_STYLE = Automatic;
				CURRENT_PROJECT_VERSION = 1;
				DEVELOPMENT_TEAM = 4LTNHNC3S6;
				GENERATE_INFOPLIST_FILE = YES;
				INFOPLIST_FILE = Duriso/Info.plist;
				INFOPLIST_KEY_CFBundleDisplayName = "두리소";
				INFOPLIST_KEY_LSApplicationCategoryType = "public.app-category.lifestyle";
				INFOPLIST_KEY_UIApplicationSupportsIndirectInputEvents = YES;
				INFOPLIST_KEY_UILaunchStoryboardName = LaunchScreen;
				INFOPLIST_KEY_UISupportedInterfaceOrientations = UIInterfaceOrientationPortrait;
				INFOPLIST_KEY_UISupportedInterfaceOrientations_iPad = "UIInterfaceOrientationLandscapeLeft UIInterfaceOrientationLandscapeRight UIInterfaceOrientationPortrait UIInterfaceOrientationPortraitUpsideDown";
				IPHONEOS_DEPLOYMENT_TARGET = 15.0;
				LD_RUNPATH_SEARCH_PATHS = (
					"$(inherited)",
					"@executable_path/Frameworks",
				);
				MARKETING_VERSION = 1.0;
				PRODUCT_BUNDLE_IDENTIFIER = com.donghyeon.Duriso;
				PRODUCT_NAME = "$(TARGET_NAME)";
				SWIFT_EMIT_LOC_STRINGS = YES;
				SWIFT_VERSION = 5.0;
				TARGETED_DEVICE_FAMILY = "1,2";
			};
			name = Release;
		};
/* End XCBuildConfiguration section */

/* Begin XCConfigurationList section */
		763C0A1B2C7B125B006BC4E7 /* Build configuration list for PBXProject "Duriso" */ = {
			isa = XCConfigurationList;
			buildConfigurations = (
				763C0A322C7B125C006BC4E7 /* Debug */,
				763C0A332C7B125C006BC4E7 /* Release */,
			);
			defaultConfigurationIsVisible = 0;
			defaultConfigurationName = Release;
		};
		763C0A342C7B125C006BC4E7 /* Build configuration list for PBXNativeTarget "Duriso" */ = {
			isa = XCConfigurationList;
			buildConfigurations = (
				763C0A352C7B125C006BC4E7 /* Debug */,
				763C0A362C7B125C006BC4E7 /* Release */,
			);
			defaultConfigurationIsVisible = 0;
			defaultConfigurationName = Release;
		};
/* End XCConfigurationList section */

/* Begin XCRemoteSwiftPackageReference section */
		763C0A3B2C7B1A2F006BC4E7 /* XCRemoteSwiftPackageReference "SnapKit" */ = {
			isa = XCRemoteSwiftPackageReference;
			repositoryURL = "https://github.com/SnapKit/SnapKit.git";
			requirement = {
				kind = upToNextMajorVersion;
				minimumVersion = 5.7.1;
			};
		};
		763C0A3E2C7B1AA7006BC4E7 /* XCRemoteSwiftPackageReference "RxSwift" */ = {
			isa = XCRemoteSwiftPackageReference;
			repositoryURL = "https://github.com/ReactiveX/RxSwift.git";
			requirement = {
				kind = upToNextMajorVersion;
				minimumVersion = 6.7.1;
			};
		};
/* End XCRemoteSwiftPackageReference section */

/* Begin XCSwiftPackageProductDependency section */
		763C0A3C2C7B1A2F006BC4E7 /* SnapKit */ = {
			isa = XCSwiftPackageProductDependency;
			package = 763C0A3B2C7B1A2F006BC4E7 /* XCRemoteSwiftPackageReference "SnapKit" */;
			productName = SnapKit;
		};
		763C0A3F2C7B1AA7006BC4E7 /* RxCocoa */ = {
			isa = XCSwiftPackageProductDependency;
			package = 763C0A3E2C7B1AA7006BC4E7 /* XCRemoteSwiftPackageReference "RxSwift" */;
			productName = RxCocoa;
		};
		763C0A412C7B1AA7006BC4E7 /* RxSwift */ = {
			isa = XCSwiftPackageProductDependency;
			package = 763C0A3E2C7B1AA7006BC4E7 /* XCRemoteSwiftPackageReference "RxSwift" */;
			productName = RxSwift;
		};
/* End XCSwiftPackageProductDependency section */
	};
	rootObject = 763C0A182C7B125B006BC4E7 /* Project object */;
}
