// !$*UTF8*$!
{
	archiveVersion = 1;
	classes = {
	};
	objectVersion = 56;
	objects = {

/* Begin PBXBuildFile section */
		1426761F2C99C629004C56D5 /* GuidelinePDFViewController.swift in Sources */ = {isa = PBXBuildFile; fileRef = 1426761E2C99C629004C56D5 /* GuidelinePDFViewController.swift */; };
		14334FCA2CA7B1420092E9C8 /* Kingfisher in Frameworks */ = {isa = PBXBuildFile; productRef = 14334FC92CA7B1420092E9C8 /* Kingfisher */; };
		146A28E52C9804BC00AF2C97 /* EditPostViewController.swift in Sources */ = {isa = PBXBuildFile; fileRef = 146A28E42C9804BC00AF2C97 /* EditPostViewController.swift */; };
		14960A292C7C84A400E706C9 /* GuidelineCollectionViewCell.swift in Sources */ = {isa = PBXBuildFile; fileRef = 14960A282C7C84A400E706C9 /* GuidelineCollectionViewCell.swift */; };
		14960A2B2C7DACB800E706C9 /* GuidelineFlowLayout.swift in Sources */ = {isa = PBXBuildFile; fileRef = 14960A2A2C7DACB800E706C9 /* GuidelineFlowLayout.swift */; };
		14960A2D2C7DCF8F00E706C9 /* GuidelineTableViewCell.swift in Sources */ = {isa = PBXBuildFile; fileRef = 14960A2C2C7DCF8F00E706C9 /* GuidelineTableViewCell.swift */; };
		14960A332C80207400E706C9 /* GuidelineTableViewModel.swift in Sources */ = {isa = PBXBuildFile; fileRef = 14960A322C80207400E706C9 /* GuidelineTableViewModel.swift */; };
		149EEFB52C8723610088FDB2 /* GuidelineViewModel.swift in Sources */ = {isa = PBXBuildFile; fileRef = 149EEFB42C8723610088FDB2 /* GuidelineViewModel.swift */; };
		149EEFB82C8724930088FDB2 /* GuidelineNetWork.swift in Sources */ = {isa = PBXBuildFile; fileRef = 149EEFB72C8724930088FDB2 /* GuidelineNetWork.swift */; };
		14DE812F2C900BAD002E26FD /* CategoryCell.swift in Sources */ = {isa = PBXBuildFile; fileRef = 14DE812E2C900BAD002E26FD /* CategoryCell.swift */; };
		14DE81322C9029EE002E26FD /* UserPostViewController.swift in Sources */ = {isa = PBXBuildFile; fileRef = 14DE81312C9029EE002E26FD /* UserPostViewController.swift */; };
		14DE81372C91BC9B002E26FD /* FirebaseFirestore in Frameworks */ = {isa = PBXBuildFile; productRef = 14DE81362C91BC9B002E26FD /* FirebaseFirestore */; };
		14DE81432C9490B9002E26FD /* FirebaseFirestoreManager.swift in Sources */ = {isa = PBXBuildFile; fileRef = 14DE81422C9490B9002E26FD /* FirebaseFirestoreManager.swift */; };
		14E916202C956E3100020670 /* BoardFirebaseService.swift in Sources */ = {isa = PBXBuildFile; fileRef = 14E9161F2C956E3100020670 /* BoardFirebaseService.swift */; };
		76174BDA2C9AA7C200909EDC /* FirebaseRealtimeManager.swift in Sources */ = {isa = PBXBuildFile; fileRef = 76174BD92C9AA7C200909EDC /* FirebaseRealtimeManager.swift */; };
		76174BF82C9C33B700909EDC /* Landslide.pdf in Resources */ = {isa = PBXBuildFile; fileRef = 76174BF32C9C33B700909EDC /* Landslide.pdf */; };
		76174BF92C9C33B700909EDC /* TorrentialRain.pdf in Resources */ = {isa = PBXBuildFile; fileRef = 76174BF52C9C33B700909EDC /* TorrentialRain.pdf */; };
		76174BFA2C9C33B700909EDC /* Fire.pdf in Resources */ = {isa = PBXBuildFile; fileRef = 76174BF02C9C33B700909EDC /* Fire.pdf */; };
		76174BFB2C9C33B700909EDC /* earthquake.pdf in Resources */ = {isa = PBXBuildFile; fileRef = 76174BEE2C9C33B700909EDC /* earthquake.pdf */; };
		76174BFC2C9C33B700909EDC /* Alertcon.pdf in Resources */ = {isa = PBXBuildFile; fileRef = 76174BED2C9C33B700909EDC /* Alertcon.pdf */; };
		76174BFD2C9C33B700909EDC /* EmergencyKit.pdf in Resources */ = {isa = PBXBuildFile; fileRef = 76174BEF2C9C33B700909EDC /* EmergencyKit.pdf */; };
		76174BFE2C9C33B700909EDC /* Typhoon.pdf in Resources */ = {isa = PBXBuildFile; fileRef = 76174BF62C9C33B700909EDC /* Typhoon.pdf */; };
		76174BFF2C9C33B700909EDC /* Heavysnow.pdf in Resources */ = {isa = PBXBuildFile; fileRef = 76174BF22C9C33B700909EDC /* Heavysnow.pdf */; };
		76174C002C9C33B700909EDC /* HeatWave.pdf in Resources */ = {isa = PBXBuildFile; fileRef = 76174BF12C9C33B700909EDC /* HeatWave.pdf */; };
		76174C012C9C33B700909EDC /* NuclearAttack.pdf in Resources */ = {isa = PBXBuildFile; fileRef = 76174BF42C9C33B700909EDC /* NuclearAttack.pdf */; };
		761E8C062CB7CA520000C27D /* FirebaseAuthManager.swift in Sources */ = {isa = PBXBuildFile; fileRef = 761E8C052CB7CA520000C27D /* FirebaseAuthManager.swift */; };
		761E8C0A2CC159210000C27D /* SetNickNameViewModel.swift in Sources */ = {isa = PBXBuildFile; fileRef = 761E8C092CC159210000C27D /* SetNickNameViewModel.swift */; };
		7622D0342C7C045300B1AEB2 /* CodeConvention.md in Resources */ = {isa = PBXBuildFile; fileRef = 7622D0332C7C045300B1AEB2 /* CodeConvention.md */; };
		7622D0362C7C049A00B1AEB2 /* CommitConvention.md in Resources */ = {isa = PBXBuildFile; fileRef = 7622D0352C7C049A00B1AEB2 /* CommitConvention.md */; };
		7622D03B2C7C178400B1AEB2 /* FirebaseAuth in Frameworks */ = {isa = PBXBuildFile; productRef = 7622D03A2C7C178400B1AEB2 /* FirebaseAuth */; };
		7622D03D2C7C178400B1AEB2 /* FirebaseDatabase in Frameworks */ = {isa = PBXBuildFile; productRef = 7622D03C2C7C178400B1AEB2 /* FirebaseDatabase */; };
		7622D03F2C7C178400B1AEB2 /* FirebaseStorage in Frameworks */ = {isa = PBXBuildFile; productRef = 7622D03E2C7C178400B1AEB2 /* FirebaseStorage */; };
		7622D0462C7C1CDC00B1AEB2 /* MainTabBarViewController.swift in Sources */ = {isa = PBXBuildFile; fileRef = 7622D0452C7C1CDC00B1AEB2 /* MainTabBarViewController.swift */; };
		7622D0502C7C1E8A00B1AEB2 /* GuidelineViewController.swift in Sources */ = {isa = PBXBuildFile; fileRef = 7622D04F2C7C1E8A00B1AEB2 /* GuidelineViewController.swift */; };
		7622D0522C7C1E9400B1AEB2 /* MyPageViewController.swift in Sources */ = {isa = PBXBuildFile; fileRef = 7622D0512C7C1E9400B1AEB2 /* MyPageViewController.swift */; };
		7622D05A2C7C1F8B00B1AEB2 /* BoardViewModel.swift in Sources */ = {isa = PBXBuildFile; fileRef = 7622D0592C7C1F8B00B1AEB2 /* BoardViewModel.swift */; };
		7622D05E2C7C1F9F00B1AEB2 /* MyPageViewModel.swift in Sources */ = {isa = PBXBuildFile; fileRef = 7622D05D2C7C1F9F00B1AEB2 /* MyPageViewModel.swift */; };
		7622D0662C7C20C200B1AEB2 /* OfflineMapViewController.swift in Sources */ = {isa = PBXBuildFile; fileRef = 7622D0652C7C20C200B1AEB2 /* OfflineMapViewController.swift */; };
		7622D06B2C7C215E00B1AEB2 /* UIColor+Extensions.swift in Sources */ = {isa = PBXBuildFile; fileRef = 7622D06A2C7C215E00B1AEB2 /* UIColor+Extensions.swift */; };
		7622D0702C7C218E00B1AEB2 /* OfflineMapViewModel.swift in Sources */ = {isa = PBXBuildFile; fileRef = 7622D06F2C7C218E00B1AEB2 /* OfflineMapViewModel.swift */; };
		7622D0742C7C21BE00B1AEB2 /* OfflineMapModel.swift in Sources */ = {isa = PBXBuildFile; fileRef = 7622D0732C7C21BE00B1AEB2 /* OfflineMapModel.swift */; };
		7622D0782C7C21D100B1AEB2 /* GuidelineModel.swift in Sources */ = {isa = PBXBuildFile; fileRef = 7622D0772C7C21D100B1AEB2 /* GuidelineModel.swift */; };
		7622D07A2C7C21DA00B1AEB2 /* MyPageModel.swift in Sources */ = {isa = PBXBuildFile; fileRef = 7622D0792C7C21DA00B1AEB2 /* MyPageModel.swift */; };
		7622D0812C7C6C5500B1AEB2 /* HSSaemaul.ttf in Resources */ = {isa = PBXBuildFile; fileRef = D61B612D2C7C583700C5E69D /* HSSaemaul.ttf */; };
		7622D0822C7C6C5500B1AEB2 /* NotoSansKR-Bold.ttf in Resources */ = {isa = PBXBuildFile; fileRef = D61B612A2C7C582800C5E69D /* NotoSansKR-Bold.ttf */; };
		7622D0832C7C6C5500B1AEB2 /* NotoSansKR-Light.ttf in Resources */ = {isa = PBXBuildFile; fileRef = D61B612C2C7C582800C5E69D /* NotoSansKR-Light.ttf */; };
		7622D0842C7C6C5500B1AEB2 /* NotoSansKR-Regular.ttf in Resources */ = {isa = PBXBuildFile; fileRef = D61B612B2C7C582800C5E69D /* NotoSansKR-Regular.ttf */; };
		7622D08A2C7EB32900B1AEB2 /* GoogleService-Info.plist in Resources */ = {isa = PBXBuildFile; fileRef = 7622D0892C7EB32900B1AEB2 /* GoogleService-Info.plist */; };
		763C0A302C7B125C006BC4E7 /* Base in Resources */ = {isa = PBXBuildFile; fileRef = 763C0A2F2C7B125C006BC4E7 /* Base */; };
		763C0A382C7B17AE006BC4E7 /* README.md in Resources */ = {isa = PBXBuildFile; fileRef = 763C0A372C7B17AE006BC4E7 /* README.md */; };
		763C0A3A2C7B180A006BC4E7 /* .gitignore in Resources */ = {isa = PBXBuildFile; fileRef = 763C0A392C7B180A006BC4E7 /* .gitignore */; };
		763C0A3D2C7B1A2F006BC4E7 /* SnapKit in Frameworks */ = {isa = PBXBuildFile; productRef = 763C0A3C2C7B1A2F006BC4E7 /* SnapKit */; };
		763C0A402C7B1AA7006BC4E7 /* RxCocoa in Frameworks */ = {isa = PBXBuildFile; productRef = 763C0A3F2C7B1AA7006BC4E7 /* RxCocoa */; };
		763C0A422C7B1AA7006BC4E7 /* RxSwift in Frameworks */ = {isa = PBXBuildFile; productRef = 763C0A412C7B1AA7006BC4E7 /* RxSwift */; };
		763C0A452C7B1AFB006BC4E7 /* Alamofire in Frameworks */ = {isa = PBXBuildFile; productRef = 763C0A442C7B1AFB006BC4E7 /* Alamofire */; };
		763C0A4B2C7B1B70006BC4E7 /* KakaoMapsSDK-SPM in Frameworks */ = {isa = PBXBuildFile; productRef = 763C0A4A2C7B1B70006BC4E7 /* KakaoMapsSDK-SPM */; };
		7663B7EB2C92D0250066FE91 /* MapLibre in Frameworks */ = {isa = PBXBuildFile; productRef = 7663B7EA2C92D0250066FE91 /* MapLibre */; };
		766DD9F82CA5E4AF001C100A /* CoreDataManager.swift in Sources */ = {isa = PBXBuildFile; fileRef = 766DD9F72CA5E4AF001C100A /* CoreDataManager.swift */; };
		766DD9FA2CA5E4FD001C100A /* AEDDataManager.swift in Sources */ = {isa = PBXBuildFile; fileRef = 766DD9F92CA5E4FD001C100A /* AEDDataManager.swift */; };
		766DD9FC2CA5EF8C001C100A /* CivilDefenseShelterDataManager.swift in Sources */ = {isa = PBXBuildFile; fileRef = 766DD9FB2CA5EF8C001C100A /* CivilDefenseShelterDataManager.swift */; };
		766DDA002CA5EFCA001C100A /* DisasterShelterDataManager.swift in Sources */ = {isa = PBXBuildFile; fileRef = 766DD9FF2CA5EFCA001C100A /* DisasterShelterDataManager.swift */; };
		766DDA0F2CA75BEC001C100A /* AEDs+CoreDataClass.swift in Sources */ = {isa = PBXBuildFile; fileRef = 766DDA092CA75BEC001C100A /* AEDs+CoreDataClass.swift */; };
		766DDA102CA75BEC001C100A /* DisasterShelters+CoreDataClass.swift in Sources */ = {isa = PBXBuildFile; fileRef = 766DDA0D2CA75BEC001C100A /* DisasterShelters+CoreDataClass.swift */; };
		766DDA112CA75BEC001C100A /* AEDs+CoreDataProperties.swift in Sources */ = {isa = PBXBuildFile; fileRef = 766DDA0A2CA75BEC001C100A /* AEDs+CoreDataProperties.swift */; };
		766DDA122CA75BEC001C100A /* CivilDefenseShelters+CoreDataProperties.swift in Sources */ = {isa = PBXBuildFile; fileRef = 766DDA0C2CA75BEC001C100A /* CivilDefenseShelters+CoreDataProperties.swift */; };
		766DDA132CA75BEC001C100A /* DisasterShelters+CoreDataProperties.swift in Sources */ = {isa = PBXBuildFile; fileRef = 766DDA0E2CA75BEC001C100A /* DisasterShelters+CoreDataProperties.swift */; };
		766DDA142CA75BEC001C100A /* CivilDefenseShelters+CoreDataClass.swift in Sources */ = {isa = PBXBuildFile; fileRef = 766DDA0B2CA75BEC001C100A /* CivilDefenseShelters+CoreDataClass.swift */; };
		766DDA152CA76B21001C100A /* Duriso.xcdatamodeld in Sources */ = {isa = PBXBuildFile; fileRef = 766DD9F42CA4AA2C001C100A /* Duriso.xcdatamodeld */; };
		766DDA182CA78486001C100A /* CustomDecodable.swift in Sources */ = {isa = PBXBuildFile; fileRef = 766DDA172CA78486001C100A /* CustomDecodable.swift */; };
		766DDA1A2CA7FF42001C100A /* POIType.swift in Sources */ = {isa = PBXBuildFile; fileRef = 766DDA192CA7FF42001C100A /* POIType.swift */; };
		766DDA1C2CA80261001C100A /* CustomPointAnnotation.swift in Sources */ = {isa = PBXBuildFile; fileRef = 766DDA1B2CA80261001C100A /* CustomPointAnnotation.swift */; };
		766DDA1E2CA80B8A001C100A /* UIImage+Resize.swift in Sources */ = {isa = PBXBuildFile; fileRef = 766DDA1D2CA80B8A001C100A /* UIImage+Resize.swift */; };
		766DDA272CA88E2A001C100A /* OfflineAEDViewController.swift in Sources */ = {isa = PBXBuildFile; fileRef = 766DDA262CA88E2A001C100A /* OfflineAEDViewController.swift */; };
		766DDA292CA88E60001C100A /* OfflineCivilDefenseShelterViewController.swift in Sources */ = {isa = PBXBuildFile; fileRef = 766DDA282CA88E60001C100A /* OfflineCivilDefenseShelterViewController.swift */; };
		766DDA2B2CA88E72001C100A /* OfflineDisasterShelterViewController.swift in Sources */ = {isa = PBXBuildFile; fileRef = 766DDA2A2CA88E72001C100A /* OfflineDisasterShelterViewController.swift */; };
		767622812C85AE740075B09E /* NetworkMonitor.swift in Sources */ = {isa = PBXBuildFile; fileRef = 767622802C85AE740075B09E /* NetworkMonitor.swift */; };
		767622852C85CA790075B09E /* OfflinePageViewModel.swift in Sources */ = {isa = PBXBuildFile; fileRef = 767622842C85CA790075B09E /* OfflinePageViewModel.swift */; };
		767622872C85CC9D0075B09E /* MainTabBarViewModel.swift in Sources */ = {isa = PBXBuildFile; fileRef = 767622862C85CC9D0075B09E /* MainTabBarViewModel.swift */; };
		7676228A2C85CDB50075B09E /* Then in Frameworks */ = {isa = PBXBuildFile; productRef = 767622892C85CDB50075B09E /* Then */; };
		7676228E2C85F2190075B09E /* OfflinePageViewController.swift in Sources */ = {isa = PBXBuildFile; fileRef = 767622822C85C8610075B09E /* OfflinePageViewController.swift */; };
		768507472CDA10DE00E64B77 /* GoogleSignIn in Frameworks */ = {isa = PBXBuildFile; productRef = 768507462CDA10DE00E64B77 /* GoogleSignIn */; };
		768507492CDA10DE00E64B77 /* GoogleSignInSwift in Frameworks */ = {isa = PBXBuildFile; productRef = 768507482CDA10DE00E64B77 /* GoogleSignInSwift */; };
		768F50972C881F9A00A92ED6 /* Environment.swift in Sources */ = {isa = PBXBuildFile; fileRef = 768F50962C881F9A00A92ED6 /* Environment.swift */; };
		768F509F2C89DC0D00A92ED6 /* LocationManager.swift in Sources */ = {isa = PBXBuildFile; fileRef = 768F509E2C89DC0D00A92ED6 /* LocationManager.swift */; };
		768F50A22C8B524000A92ED6 /* AppDelegate.swift in Sources */ = {isa = PBXBuildFile; fileRef = 763C0A232C7B125B006BC4E7 /* AppDelegate.swift */; };
		768F50A32C8B524000A92ED6 /* SceneDelegate.swift in Sources */ = {isa = PBXBuildFile; fileRef = 7648A3152C843627000357D0 /* SceneDelegate.swift */; };
		768F50A42C8B524000A92ED6 /* BoardModel.swift in Sources */ = {isa = PBXBuildFile; fileRef = 7622D0752C7C21C700B1AEB2 /* BoardModel.swift */; };
		768F50AC2C8B530400A92ED6 /* WritingViewController.swift in Sources */ = {isa = PBXBuildFile; fileRef = 768F50A82C8B530300A92ED6 /* WritingViewController.swift */; };
		768F50AD2C8B530400A92ED6 /* BoardCollectionViewCell.swift in Sources */ = {isa = PBXBuildFile; fileRef = 768F50A92C8B530400A92ED6 /* BoardCollectionViewCell.swift */; };
		768F50AE2C8B530400A92ED6 /* BoardTableViewCell.swift in Sources */ = {isa = PBXBuildFile; fileRef = 768F50AA2C8B530400A92ED6 /* BoardTableViewCell.swift */; };
		76DFBBD62C9DA3DB00C676CF /* notoSans.txt in Resources */ = {isa = PBXBuildFile; fileRef = 76DFBBD52C9DA3DB00C676CF /* notoSans.txt */; };
		76DFBBD92C9DAB0A00C676CF /* maplibre.txt in Resources */ = {isa = PBXBuildFile; fileRef = 76DFBBD82C9DAB0A00C676CF /* maplibre.txt */; };
		76DFBBDD2C9DABF300C676CF /* api.txt in Resources */ = {isa = PBXBuildFile; fileRef = 76DFBBDC2C9DABF300C676CF /* api.txt */; };
		76DFBBDF2C9DAC2C00C676CF /* imagedocument.txt in Resources */ = {isa = PBXBuildFile; fileRef = 76DFBBDE2C9DAC2C00C676CF /* imagedocument.txt */; };
		76DFBBE12C9DAD4B00C676CF /* CopyrightModel.swift in Sources */ = {isa = PBXBuildFile; fileRef = 76DFBBE02C9DAD4B00C676CF /* CopyrightModel.swift */; };
		76DFBBE32C9DADA700C676CF /* CopyrightDetailViewController.swift in Sources */ = {isa = PBXBuildFile; fileRef = 76DFBBE22C9DADA700C676CF /* CopyrightDetailViewController.swift */; };
		76DFBBE72C9DAE4300C676CF /* CopyrightTableViewCell.swift in Sources */ = {isa = PBXBuildFile; fileRef = 76DFBBE62C9DAE4300C676CF /* CopyrightTableViewCell.swift */; };
		76DFBBE92C9DAF7000C676CF /* CopyrightViewController.swift in Sources */ = {isa = PBXBuildFile; fileRef = 76DFBBE82C9DAF7000C676CF /* CopyrightViewController.swift */; };
		76DFBBEB2C9DAF8600C676CF /* CopyrightViewModel.swift in Sources */ = {isa = PBXBuildFile; fileRef = 76DFBBEA2C9DAF8600C676CF /* CopyrightViewModel.swift */; };
		76DFBBED2CA184FE00C676CF /* FirebaseDataModel.swift in Sources */ = {isa = PBXBuildFile; fileRef = 76DFBBEC2CA184FE00C676CF /* FirebaseDataModel.swift */; };
		76DFBBEF2CA1FEB700C676CF /* FirebaseDataViewModel.swift in Sources */ = {isa = PBXBuildFile; fileRef = 76DFBBEE2CA1FEB700C676CF /* FirebaseDataViewModel.swift */; };
		76E370652C93CCB9005724E9 /* LocationModel.swift in Sources */ = {isa = PBXBuildFile; fileRef = 76E370642C93CCB9005724E9 /* LocationModel.swift */; };
		76E3706B2C947676005724E9 /* FirebaseFirestore in Frameworks */ = {isa = PBXBuildFile; productRef = 76E3706A2C947676005724E9 /* FirebaseFirestore */; };
		76EFE8B12C8B5E5B0077D75B /* BoardViewController.swift in Sources */ = {isa = PBXBuildFile; fileRef = 76EFE8B02C8B5E5A0077D75B /* BoardViewController.swift */; };
		76EFE8B32C8DC8390077D75B /* RegionFetcher.swift in Sources */ = {isa = PBXBuildFile; fileRef = 76EFE8B22C8DC8390077D75B /* RegionFetcher.swift */; };
		76EFE8B82C8F1F580077D75B /* SignUpModel.swift in Sources */ = {isa = PBXBuildFile; fileRef = 76EFE8B72C8F1F580077D75B /* SignUpModel.swift */; };
		76EFE8BA2C8F20BC0077D75B /* SignUpViewModel.swift in Sources */ = {isa = PBXBuildFile; fileRef = 76EFE8B92C8F20BC0077D75B /* SignUpViewModel.swift */; };
		76EFE8BD2C8F3CBB0077D75B /* IQKeyboardManagerSwift in Frameworks */ = {isa = PBXBuildFile; productRef = 76EFE8BC2C8F3CBB0077D75B /* IQKeyboardManagerSwift */; };
		76EFE8CE2C904D0B0077D75B /* OfflineViewController.swift in Sources */ = {isa = PBXBuildFile; fileRef = 76EFE8CD2C904D0B0077D75B /* OfflineViewController.swift */; };
		D60A81652C9CF49F00589AD3 /* AedDataManager.swift in Sources */ = {isa = PBXBuildFile; fileRef = D60A81642C9CF49F00589AD3 /* AedDataManager.swift */; };
		D61268992C8A81D50031114E /* PoiViewModel.swift in Sources */ = {isa = PBXBuildFile; fileRef = D61268982C8A81D50031114E /* PoiViewModel.swift */; };
		D61268A52C8A82060031114E /* OnlineMapModel.swift in Sources */ = {isa = PBXBuildFile; fileRef = D612689E2C8A82050031114E /* OnlineMapModel.swift */; };
		D61268AC2C8A82320031114E /* OnlineViewController.swift in Sources */ = {isa = PBXBuildFile; fileRef = D61268A82C8A82320031114E /* OnlineViewController.swift */; };
		D61268AD2C8A82320031114E /* KakaoMapViewController.swift in Sources */ = {isa = PBXBuildFile; fileRef = D61268A92C8A82320031114E /* KakaoMapViewController.swift */; };
		D61268AE2C8A82320031114E /* MapBottomSheetViewController.swift in Sources */ = {isa = PBXBuildFile; fileRef = D61268AA2C8A82320031114E /* MapBottomSheetViewController.swift */; };
		D61268AF2C8A82320031114E /* EmergencyWrittingViewController.swift in Sources */ = {isa = PBXBuildFile; fileRef = D61268AB2C8A82320031114E /* EmergencyWrittingViewController.swift */; };
		D61412FE2C8B01CC007BA568 /* OnlineViewModel.swift in Sources */ = {isa = PBXBuildFile; fileRef = D61412FD2C8B01CC007BA568 /* OnlineViewModel.swift */; };
		D61B61202C7C386E00C5E69D /* Font+Extensions.swift in Sources */ = {isa = PBXBuildFile; fileRef = D61B611F2C7C386E00C5E69D /* Font+Extensions.swift */; };
		D62E9CCA2C944B2E00829FB8 /* EmergencyReportViewController.swift in Sources */ = {isa = PBXBuildFile; fileRef = D62E9CC92C944B2E00829FB8 /* EmergencyReportViewController.swift */; };
		D69CF2B12C8E7D4300B4E546 /* ShelterNetworkManager.swift in Sources */ = {isa = PBXBuildFile; fileRef = D69CF2B02C8E7D4300B4E546 /* ShelterNetworkManager.swift */; };
		D69CF2B52C8F142100B4E546 /* AedViewController.swift in Sources */ = {isa = PBXBuildFile; fileRef = D69CF2B42C8F142100B4E546 /* AedViewController.swift */; };
		D69CF2B72C8F144400B4E546 /* ShelterViewController.swift in Sources */ = {isa = PBXBuildFile; fileRef = D69CF2B62C8F144400B4E546 /* ShelterViewController.swift */; };
		D69CF2B92C8FCD1200B4E546 /* NetworkManager.swift in Sources */ = {isa = PBXBuildFile; fileRef = D69CF2B82C8FCD1200B4E546 /* NetworkManager.swift */; };
		D69CF2BC2C8FD5C900B4E546 /* AedNetworkManager.swift in Sources */ = {isa = PBXBuildFile; fileRef = D69CF2BB2C8FD5C900B4E546 /* AedNetworkManager.swift */; };
		D6C5F2B82CB24EBD00D65E9D /* Assets.xcassets in Resources */ = {isa = PBXBuildFile; fileRef = D6C5F2B72CB24EBD00D65E9D /* Assets.xcassets */; };
		E20C3A5D2C8725E900AD5AA4 /* LegalNoticeModel.swift in Sources */ = {isa = PBXBuildFile; fileRef = E20C3A5C2C8725E900AD5AA4 /* LegalNoticeModel.swift */; };
		E20C3A632C873AC500AD5AA4 /* notice3.txt in Resources */ = {isa = PBXBuildFile; fileRef = E20C3A602C873AC500AD5AA4 /* notice3.txt */; };
		E20C3A642C873AC500AD5AA4 /* notice2.txt in Resources */ = {isa = PBXBuildFile; fileRef = E20C3A612C873AC500AD5AA4 /* notice2.txt */; };
		E20C3A662C873F1000AD5AA4 /* LegalNoticeDetailViewController.swift in Sources */ = {isa = PBXBuildFile; fileRef = E20C3A652C873F1000AD5AA4 /* LegalNoticeDetailViewController.swift */; };
		E20C3A762C874A3600AD5AA4 /* notice1.txt in Resources */ = {isa = PBXBuildFile; fileRef = E20C3A752C874A3600AD5AA4 /* notice1.txt */; };
		E219EAF12C8860BB00A1E3F7 /* NoticeDetailViewController.swift in Sources */ = {isa = PBXBuildFile; fileRef = E219EAF02C8860BB00A1E3F7 /* NoticeDetailViewController.swift */; };
		E219EAF32C8860DF00A1E3F7 /* NoticeTableViewCell.swift in Sources */ = {isa = PBXBuildFile; fileRef = E219EAF22C8860DF00A1E3F7 /* NoticeTableViewCell.swift */; };
		E2334CF92C947300003D9612 /* NoticeModel.swift in Sources */ = {isa = PBXBuildFile; fileRef = E2334CF82C947300003D9612 /* NoticeModel.swift */; };
		E2792E1D2C7F4B7300AD6C0E /* MyPageTableViewCell.swift in Sources */ = {isa = PBXBuildFile; fileRef = E2792E1B2C7F4B7300AD6C0E /* MyPageTableViewCell.swift */; };
		E2792E1E2C7F4B7300AD6C0E /* ModifyInformationViewController.swift in Sources */ = {isa = PBXBuildFile; fileRef = E2792E1C2C7F4B7300AD6C0E /* ModifyInformationViewController.swift */; };
		E2792E222C7F4BAB00AD6C0E /* LoginViewController.swift in Sources */ = {isa = PBXBuildFile; fileRef = E2792E1F2C7F4BAB00AD6C0E /* LoginViewController.swift */; };
		E2792E232C7F4BAB00AD6C0E /* SignUpViewController.swift in Sources */ = {isa = PBXBuildFile; fileRef = E2792E202C7F4BAB00AD6C0E /* SignUpViewController.swift */; };
		E2792E242C7F4BAB00AD6C0E /* SetNickNameViewController.swift in Sources */ = {isa = PBXBuildFile; fileRef = E2792E212C7F4BAB00AD6C0E /* SetNickNameViewController.swift */; };
		E2792E262C7F4BC100AD6C0E /* LoginViewModel.swift in Sources */ = {isa = PBXBuildFile; fileRef = E2792E252C7F4BC100AD6C0E /* LoginViewModel.swift */; };
		E2DAB85C2C85F4A20037BCA2 /* NoticeViewController.swift in Sources */ = {isa = PBXBuildFile; fileRef = E2DAB85A2C85EA2A0037BCA2 /* NoticeViewController.swift */; };
		E2DAB85E2C86380D0037BCA2 /* LegalNoticeViewController.swift in Sources */ = {isa = PBXBuildFile; fileRef = E2DAB85D2C86380D0037BCA2 /* LegalNoticeViewController.swift */; };
		E2DAB8602C863A520037BCA2 /* LegalNoticeTableViewCell.swift in Sources */ = {isa = PBXBuildFile; fileRef = E2DAB85F2C863A520037BCA2 /* LegalNoticeTableViewCell.swift */; };
		E2DAB8622C863AE00037BCA2 /* LegalNoticeViewModel.swift in Sources */ = {isa = PBXBuildFile; fileRef = E2DAB8612C863AE00037BCA2 /* LegalNoticeViewModel.swift */; };
		E2E4F0992C96BD00004808CC /* NoticeViewModel.swift in Sources */ = {isa = PBXBuildFile; fileRef = E2E4F0982C96BD00004808CC /* NoticeViewModel.swift */; };
		E2E4F09E2C9B26D4004808CC /* ChangePasswordViewController.swift in Sources */ = {isa = PBXBuildFile; fileRef = E2E4F09D2C9B26D4004808CC /* ChangePasswordViewController.swift */; };
		E2E4F0A22CA2C6D1004808CC /* SignUptableViewCell.swift in Sources */ = {isa = PBXBuildFile; fileRef = E2E4F0A12CA2C6D1004808CC /* SignUptableViewCell.swift */; };
		E2E4F0A42CA6AB1E004808CC /* MuteViewController.swift in Sources */ = {isa = PBXBuildFile; fileRef = E2E4F0A32CA6AB1E004808CC /* MuteViewController.swift */; };
		E2E4F0A72CA6CBBB004808CC /* MuteTableViewCell.swift in Sources */ = {isa = PBXBuildFile; fileRef = E2E4F0A62CA6CBBB004808CC /* MuteTableViewCell.swift */; };
		E2E4F0A92CA9081F004808CC /* MuteViewModel.swift in Sources */ = {isa = PBXBuildFile; fileRef = E2E4F0A82CA9081F004808CC /* MuteViewModel.swift */; };
/* End PBXBuildFile section */

/* Begin PBXFileReference section */
		1426761E2C99C629004C56D5 /* GuidelinePDFViewController.swift */ = {isa = PBXFileReference; lastKnownFileType = sourcecode.swift; path = GuidelinePDFViewController.swift; sourceTree = "<group>"; };
		146A28E42C9804BC00AF2C97 /* EditPostViewController.swift */ = {isa = PBXFileReference; lastKnownFileType = sourcecode.swift; path = EditPostViewController.swift; sourceTree = "<group>"; };
		14960A282C7C84A400E706C9 /* GuidelineCollectionViewCell.swift */ = {isa = PBXFileReference; lastKnownFileType = sourcecode.swift; path = GuidelineCollectionViewCell.swift; sourceTree = "<group>"; };
		14960A2A2C7DACB800E706C9 /* GuidelineFlowLayout.swift */ = {isa = PBXFileReference; lastKnownFileType = sourcecode.swift; path = GuidelineFlowLayout.swift; sourceTree = "<group>"; };
		14960A2C2C7DCF8F00E706C9 /* GuidelineTableViewCell.swift */ = {isa = PBXFileReference; lastKnownFileType = sourcecode.swift; path = GuidelineTableViewCell.swift; sourceTree = "<group>"; };
		14960A322C80207400E706C9 /* GuidelineTableViewModel.swift */ = {isa = PBXFileReference; lastKnownFileType = sourcecode.swift; path = GuidelineTableViewModel.swift; sourceTree = "<group>"; };
		149EEFB42C8723610088FDB2 /* GuidelineViewModel.swift */ = {isa = PBXFileReference; lastKnownFileType = sourcecode.swift; path = GuidelineViewModel.swift; sourceTree = "<group>"; };
		149EEFB72C8724930088FDB2 /* GuidelineNetWork.swift */ = {isa = PBXFileReference; lastKnownFileType = sourcecode.swift; path = GuidelineNetWork.swift; sourceTree = "<group>"; };
		14DE812E2C900BAD002E26FD /* CategoryCell.swift */ = {isa = PBXFileReference; lastKnownFileType = sourcecode.swift; path = CategoryCell.swift; sourceTree = "<group>"; };
		14DE81312C9029EE002E26FD /* UserPostViewController.swift */ = {isa = PBXFileReference; lastKnownFileType = sourcecode.swift; path = UserPostViewController.swift; sourceTree = "<group>"; };
		14DE81422C9490B9002E26FD /* FirebaseFirestoreManager.swift */ = {isa = PBXFileReference; fileEncoding = 4; lastKnownFileType = sourcecode.swift; path = FirebaseFirestoreManager.swift; sourceTree = "<group>"; };
		14E9161F2C956E3100020670 /* BoardFirebaseService.swift */ = {isa = PBXFileReference; lastKnownFileType = sourcecode.swift; path = BoardFirebaseService.swift; sourceTree = "<group>"; };
		76174BD92C9AA7C200909EDC /* FirebaseRealtimeManager.swift */ = {isa = PBXFileReference; lastKnownFileType = sourcecode.swift; path = FirebaseRealtimeManager.swift; sourceTree = "<group>"; };
		76174BED2C9C33B700909EDC /* Alertcon.pdf */ = {isa = PBXFileReference; lastKnownFileType = image.pdf; name = Alertcon.pdf; path = Duriso/Data/GuidelinePDF/Alertcon.pdf; sourceTree = SOURCE_ROOT; };
		76174BEE2C9C33B700909EDC /* earthquake.pdf */ = {isa = PBXFileReference; lastKnownFileType = image.pdf; name = earthquake.pdf; path = Duriso/Data/GuidelinePDF/earthquake.pdf; sourceTree = SOURCE_ROOT; };
		76174BEF2C9C33B700909EDC /* EmergencyKit.pdf */ = {isa = PBXFileReference; lastKnownFileType = image.pdf; name = EmergencyKit.pdf; path = Duriso/Data/GuidelinePDF/EmergencyKit.pdf; sourceTree = SOURCE_ROOT; };
		76174BF02C9C33B700909EDC /* Fire.pdf */ = {isa = PBXFileReference; lastKnownFileType = image.pdf; name = Fire.pdf; path = Duriso/Data/GuidelinePDF/Fire.pdf; sourceTree = SOURCE_ROOT; };
		76174BF12C9C33B700909EDC /* HeatWave.pdf */ = {isa = PBXFileReference; lastKnownFileType = image.pdf; name = HeatWave.pdf; path = Duriso/Data/GuidelinePDF/HeatWave.pdf; sourceTree = SOURCE_ROOT; };
		76174BF22C9C33B700909EDC /* Heavysnow.pdf */ = {isa = PBXFileReference; lastKnownFileType = image.pdf; name = Heavysnow.pdf; path = Duriso/Data/GuidelinePDF/Heavysnow.pdf; sourceTree = SOURCE_ROOT; };
		76174BF32C9C33B700909EDC /* Landslide.pdf */ = {isa = PBXFileReference; lastKnownFileType = image.pdf; name = Landslide.pdf; path = Duriso/Data/GuidelinePDF/Landslide.pdf; sourceTree = SOURCE_ROOT; };
		76174BF42C9C33B700909EDC /* NuclearAttack.pdf */ = {isa = PBXFileReference; lastKnownFileType = image.pdf; name = NuclearAttack.pdf; path = Duriso/Data/GuidelinePDF/NuclearAttack.pdf; sourceTree = SOURCE_ROOT; };
		76174BF52C9C33B700909EDC /* TorrentialRain.pdf */ = {isa = PBXFileReference; lastKnownFileType = image.pdf; name = TorrentialRain.pdf; path = Duriso/Data/GuidelinePDF/TorrentialRain.pdf; sourceTree = SOURCE_ROOT; };
		76174BF62C9C33B700909EDC /* Typhoon.pdf */ = {isa = PBXFileReference; lastKnownFileType = image.pdf; name = Typhoon.pdf; path = Duriso/Data/GuidelinePDF/Typhoon.pdf; sourceTree = SOURCE_ROOT; };
		761E8C052CB7CA520000C27D /* FirebaseAuthManager.swift */ = {isa = PBXFileReference; lastKnownFileType = sourcecode.swift; path = FirebaseAuthManager.swift; sourceTree = "<group>"; };
		761E8C092CC159210000C27D /* SetNickNameViewModel.swift */ = {isa = PBXFileReference; lastKnownFileType = sourcecode.swift; path = SetNickNameViewModel.swift; sourceTree = "<group>"; };
		7622D0332C7C045300B1AEB2 /* CodeConvention.md */ = {isa = PBXFileReference; lastKnownFileType = net.daringfireball.markdown; path = CodeConvention.md; sourceTree = "<group>"; };
		7622D0352C7C049A00B1AEB2 /* CommitConvention.md */ = {isa = PBXFileReference; lastKnownFileType = net.daringfireball.markdown; path = CommitConvention.md; sourceTree = "<group>"; };
		7622D0452C7C1CDC00B1AEB2 /* MainTabBarViewController.swift */ = {isa = PBXFileReference; lastKnownFileType = sourcecode.swift; path = MainTabBarViewController.swift; sourceTree = "<group>"; };
		7622D04F2C7C1E8A00B1AEB2 /* GuidelineViewController.swift */ = {isa = PBXFileReference; lastKnownFileType = sourcecode.swift; path = GuidelineViewController.swift; sourceTree = "<group>"; };
		7622D0512C7C1E9400B1AEB2 /* MyPageViewController.swift */ = {isa = PBXFileReference; lastKnownFileType = sourcecode.swift; path = MyPageViewController.swift; sourceTree = "<group>"; };
		7622D0592C7C1F8B00B1AEB2 /* BoardViewModel.swift */ = {isa = PBXFileReference; lastKnownFileType = sourcecode.swift; path = BoardViewModel.swift; sourceTree = "<group>"; };
		7622D05D2C7C1F9F00B1AEB2 /* MyPageViewModel.swift */ = {isa = PBXFileReference; lastKnownFileType = sourcecode.swift; path = MyPageViewModel.swift; sourceTree = "<group>"; };
		7622D0652C7C20C200B1AEB2 /* OfflineMapViewController.swift */ = {isa = PBXFileReference; lastKnownFileType = sourcecode.swift; path = OfflineMapViewController.swift; sourceTree = "<group>"; };
		7622D06A2C7C215E00B1AEB2 /* UIColor+Extensions.swift */ = {isa = PBXFileReference; lastKnownFileType = sourcecode.swift; path = "UIColor+Extensions.swift"; sourceTree = "<group>"; };
		7622D06F2C7C218E00B1AEB2 /* OfflineMapViewModel.swift */ = {isa = PBXFileReference; lastKnownFileType = sourcecode.swift; path = OfflineMapViewModel.swift; sourceTree = "<group>"; };
		7622D0732C7C21BE00B1AEB2 /* OfflineMapModel.swift */ = {isa = PBXFileReference; lastKnownFileType = sourcecode.swift; path = OfflineMapModel.swift; sourceTree = "<group>"; };
		7622D0752C7C21C700B1AEB2 /* BoardModel.swift */ = {isa = PBXFileReference; lastKnownFileType = sourcecode.swift; path = BoardModel.swift; sourceTree = "<group>"; };
		7622D0772C7C21D100B1AEB2 /* GuidelineModel.swift */ = {isa = PBXFileReference; lastKnownFileType = sourcecode.swift; path = GuidelineModel.swift; sourceTree = "<group>"; };
		7622D0792C7C21DA00B1AEB2 /* MyPageModel.swift */ = {isa = PBXFileReference; lastKnownFileType = sourcecode.swift; path = MyPageModel.swift; sourceTree = "<group>"; };
		7622D0892C7EB32900B1AEB2 /* GoogleService-Info.plist */ = {isa = PBXFileReference; fileEncoding = 4; lastKnownFileType = text.plist.xml; name = "GoogleService-Info.plist"; path = "Duriso/GoogleService-Info.plist"; sourceTree = SOURCE_ROOT; };
		763C0A202C7B125B006BC4E7 /* Duriso.app */ = {isa = PBXFileReference; explicitFileType = wrapper.application; includeInIndex = 0; path = Duriso.app; sourceTree = BUILT_PRODUCTS_DIR; };
		763C0A232C7B125B006BC4E7 /* AppDelegate.swift */ = {isa = PBXFileReference; lastKnownFileType = sourcecode.swift; path = AppDelegate.swift; sourceTree = "<group>"; };
		763C0A2F2C7B125C006BC4E7 /* Base */ = {isa = PBXFileReference; lastKnownFileType = file.storyboard; name = Base; path = Base.lproj/LaunchScreen.storyboard; sourceTree = "<group>"; };
		763C0A312C7B125C006BC4E7 /* Info.plist */ = {isa = PBXFileReference; lastKnownFileType = text.plist.xml; path = Info.plist; sourceTree = "<group>"; };
		763C0A372C7B17AE006BC4E7 /* README.md */ = {isa = PBXFileReference; lastKnownFileType = net.daringfireball.markdown; path = README.md; sourceTree = "<group>"; };
		763C0A392C7B180A006BC4E7 /* .gitignore */ = {isa = PBXFileReference; lastKnownFileType = text; path = .gitignore; sourceTree = "<group>"; };
		7648A3152C843627000357D0 /* SceneDelegate.swift */ = {isa = PBXFileReference; lastKnownFileType = sourcecode.swift; path = SceneDelegate.swift; sourceTree = "<group>"; };
		766DD9F52CA4AA2C001C100A /* Duriso.xcdatamodel */ = {isa = PBXFileReference; lastKnownFileType = wrapper.xcdatamodel; path = Duriso.xcdatamodel; sourceTree = "<group>"; };
		766DD9F72CA5E4AF001C100A /* CoreDataManager.swift */ = {isa = PBXFileReference; lastKnownFileType = sourcecode.swift; path = CoreDataManager.swift; sourceTree = "<group>"; };
		766DD9F92CA5E4FD001C100A /* AEDDataManager.swift */ = {isa = PBXFileReference; lastKnownFileType = sourcecode.swift; path = AEDDataManager.swift; sourceTree = "<group>"; };
		766DD9FB2CA5EF8C001C100A /* CivilDefenseShelterDataManager.swift */ = {isa = PBXFileReference; lastKnownFileType = sourcecode.swift; path = CivilDefenseShelterDataManager.swift; sourceTree = "<group>"; };
		766DD9FF2CA5EFCA001C100A /* DisasterShelterDataManager.swift */ = {isa = PBXFileReference; lastKnownFileType = sourcecode.swift; path = DisasterShelterDataManager.swift; sourceTree = "<group>"; };
		766DDA092CA75BEC001C100A /* AEDs+CoreDataClass.swift */ = {isa = PBXFileReference; lastKnownFileType = sourcecode.swift; path = "AEDs+CoreDataClass.swift"; sourceTree = "<group>"; };
		766DDA0A2CA75BEC001C100A /* AEDs+CoreDataProperties.swift */ = {isa = PBXFileReference; lastKnownFileType = sourcecode.swift; path = "AEDs+CoreDataProperties.swift"; sourceTree = "<group>"; };
		766DDA0B2CA75BEC001C100A /* CivilDefenseShelters+CoreDataClass.swift */ = {isa = PBXFileReference; lastKnownFileType = sourcecode.swift; path = "CivilDefenseShelters+CoreDataClass.swift"; sourceTree = "<group>"; };
		766DDA0C2CA75BEC001C100A /* CivilDefenseShelters+CoreDataProperties.swift */ = {isa = PBXFileReference; lastKnownFileType = sourcecode.swift; path = "CivilDefenseShelters+CoreDataProperties.swift"; sourceTree = "<group>"; };
		766DDA0D2CA75BEC001C100A /* DisasterShelters+CoreDataClass.swift */ = {isa = PBXFileReference; lastKnownFileType = sourcecode.swift; path = "DisasterShelters+CoreDataClass.swift"; sourceTree = "<group>"; };
		766DDA0E2CA75BEC001C100A /* DisasterShelters+CoreDataProperties.swift */ = {isa = PBXFileReference; lastKnownFileType = sourcecode.swift; path = "DisasterShelters+CoreDataProperties.swift"; sourceTree = "<group>"; };
		766DDA172CA78486001C100A /* CustomDecodable.swift */ = {isa = PBXFileReference; lastKnownFileType = sourcecode.swift; path = CustomDecodable.swift; sourceTree = "<group>"; };
		766DDA192CA7FF42001C100A /* POIType.swift */ = {isa = PBXFileReference; lastKnownFileType = sourcecode.swift; path = POIType.swift; sourceTree = "<group>"; };
		766DDA1B2CA80261001C100A /* CustomPointAnnotation.swift */ = {isa = PBXFileReference; lastKnownFileType = sourcecode.swift; path = CustomPointAnnotation.swift; sourceTree = "<group>"; };
		766DDA1D2CA80B8A001C100A /* UIImage+Resize.swift */ = {isa = PBXFileReference; lastKnownFileType = sourcecode.swift; path = "UIImage+Resize.swift"; sourceTree = "<group>"; };
		766DDA262CA88E2A001C100A /* OfflineAEDViewController.swift */ = {isa = PBXFileReference; lastKnownFileType = sourcecode.swift; path = OfflineAEDViewController.swift; sourceTree = "<group>"; };
		766DDA282CA88E60001C100A /* OfflineCivilDefenseShelterViewController.swift */ = {isa = PBXFileReference; lastKnownFileType = sourcecode.swift; path = OfflineCivilDefenseShelterViewController.swift; sourceTree = "<group>"; };
		766DDA2A2CA88E72001C100A /* OfflineDisasterShelterViewController.swift */ = {isa = PBXFileReference; lastKnownFileType = sourcecode.swift; path = OfflineDisasterShelterViewController.swift; sourceTree = "<group>"; };
		767622802C85AE740075B09E /* NetworkMonitor.swift */ = {isa = PBXFileReference; lastKnownFileType = sourcecode.swift; path = NetworkMonitor.swift; sourceTree = "<group>"; };
		767622822C85C8610075B09E /* OfflinePageViewController.swift */ = {isa = PBXFileReference; lastKnownFileType = sourcecode.swift; path = OfflinePageViewController.swift; sourceTree = "<group>"; };
		767622842C85CA790075B09E /* OfflinePageViewModel.swift */ = {isa = PBXFileReference; lastKnownFileType = sourcecode.swift; path = OfflinePageViewModel.swift; sourceTree = "<group>"; };
		767622862C85CC9D0075B09E /* MainTabBarViewModel.swift */ = {isa = PBXFileReference; lastKnownFileType = sourcecode.swift; path = MainTabBarViewModel.swift; sourceTree = "<group>"; };
		7676228B2C85E6710075B09E /* Secrets.xcconfig */ = {isa = PBXFileReference; fileEncoding = 4; lastKnownFileType = text.xcconfig; name = Secrets.xcconfig; path = Duriso/Secrets.xcconfig; sourceTree = SOURCE_ROOT; };
		768F50962C881F9A00A92ED6 /* Environment.swift */ = {isa = PBXFileReference; lastKnownFileType = sourcecode.swift; path = Environment.swift; sourceTree = "<group>"; };
		768F509E2C89DC0D00A92ED6 /* LocationManager.swift */ = {isa = PBXFileReference; fileEncoding = 4; lastKnownFileType = sourcecode.swift; path = LocationManager.swift; sourceTree = "<group>"; };
		768F50A02C8A99FF00A92ED6 /* Duriso.entitlements */ = {isa = PBXFileReference; lastKnownFileType = text.plist.entitlements; path = Duriso.entitlements; sourceTree = "<group>"; };
		768F50A82C8B530300A92ED6 /* WritingViewController.swift */ = {isa = PBXFileReference; fileEncoding = 4; lastKnownFileType = sourcecode.swift; path = WritingViewController.swift; sourceTree = "<group>"; };
		768F50A92C8B530400A92ED6 /* BoardCollectionViewCell.swift */ = {isa = PBXFileReference; fileEncoding = 4; lastKnownFileType = sourcecode.swift; path = BoardCollectionViewCell.swift; sourceTree = "<group>"; };
		768F50AA2C8B530400A92ED6 /* BoardTableViewCell.swift */ = {isa = PBXFileReference; fileEncoding = 4; lastKnownFileType = sourcecode.swift; path = BoardTableViewCell.swift; sourceTree = "<group>"; };
		76BA058F2CDE1E6500DB496C /* ko */ = {isa = PBXFileReference; lastKnownFileType = text.plist.strings; name = ko; path = ko.lproj/LaunchScreen.strings; sourceTree = "<group>"; };
		76DFBBD52C9DA3DB00C676CF /* notoSans.txt */ = {isa = PBXFileReference; lastKnownFileType = text; path = notoSans.txt; sourceTree = "<group>"; };
		76DFBBD82C9DAB0A00C676CF /* maplibre.txt */ = {isa = PBXFileReference; lastKnownFileType = text; path = maplibre.txt; sourceTree = "<group>"; };
		76DFBBDC2C9DABF300C676CF /* api.txt */ = {isa = PBXFileReference; lastKnownFileType = text; path = api.txt; sourceTree = "<group>"; };
		76DFBBDE2C9DAC2C00C676CF /* imagedocument.txt */ = {isa = PBXFileReference; lastKnownFileType = text; path = imagedocument.txt; sourceTree = "<group>"; };
		76DFBBE02C9DAD4B00C676CF /* CopyrightModel.swift */ = {isa = PBXFileReference; lastKnownFileType = sourcecode.swift; path = CopyrightModel.swift; sourceTree = "<group>"; };
		76DFBBE22C9DADA700C676CF /* CopyrightDetailViewController.swift */ = {isa = PBXFileReference; lastKnownFileType = sourcecode.swift; path = CopyrightDetailViewController.swift; sourceTree = "<group>"; };
		76DFBBE62C9DAE4300C676CF /* CopyrightTableViewCell.swift */ = {isa = PBXFileReference; lastKnownFileType = sourcecode.swift; path = CopyrightTableViewCell.swift; sourceTree = "<group>"; };
		76DFBBE82C9DAF7000C676CF /* CopyrightViewController.swift */ = {isa = PBXFileReference; lastKnownFileType = sourcecode.swift; path = CopyrightViewController.swift; sourceTree = "<group>"; };
		76DFBBEA2C9DAF8600C676CF /* CopyrightViewModel.swift */ = {isa = PBXFileReference; lastKnownFileType = sourcecode.swift; path = CopyrightViewModel.swift; sourceTree = "<group>"; };
		76DFBBEC2CA184FE00C676CF /* FirebaseDataModel.swift */ = {isa = PBXFileReference; lastKnownFileType = sourcecode.swift; path = FirebaseDataModel.swift; sourceTree = "<group>"; };
		76DFBBEE2CA1FEB700C676CF /* FirebaseDataViewModel.swift */ = {isa = PBXFileReference; lastKnownFileType = sourcecode.swift; path = FirebaseDataViewModel.swift; sourceTree = "<group>"; };
		76E370642C93CCB9005724E9 /* LocationModel.swift */ = {isa = PBXFileReference; lastKnownFileType = sourcecode.swift; path = LocationModel.swift; sourceTree = "<group>"; };
		76EFE8B02C8B5E5A0077D75B /* BoardViewController.swift */ = {isa = PBXFileReference; fileEncoding = 4; lastKnownFileType = sourcecode.swift; path = BoardViewController.swift; sourceTree = "<group>"; };
		76EFE8B22C8DC8390077D75B /* RegionFetcher.swift */ = {isa = PBXFileReference; lastKnownFileType = sourcecode.swift; path = RegionFetcher.swift; sourceTree = "<group>"; };
		76EFE8B72C8F1F580077D75B /* SignUpModel.swift */ = {isa = PBXFileReference; fileEncoding = 4; lastKnownFileType = sourcecode.swift; path = SignUpModel.swift; sourceTree = "<group>"; };
		76EFE8B92C8F20BC0077D75B /* SignUpViewModel.swift */ = {isa = PBXFileReference; lastKnownFileType = sourcecode.swift; path = SignUpViewModel.swift; sourceTree = "<group>"; };
		76EFE8CD2C904D0B0077D75B /* OfflineViewController.swift */ = {isa = PBXFileReference; lastKnownFileType = sourcecode.swift; path = OfflineViewController.swift; sourceTree = "<group>"; };
		D60A81642C9CF49F00589AD3 /* AedDataManager.swift */ = {isa = PBXFileReference; lastKnownFileType = sourcecode.swift; path = AedDataManager.swift; sourceTree = "<group>"; };
		D61268982C8A81D50031114E /* PoiViewModel.swift */ = {isa = PBXFileReference; fileEncoding = 4; lastKnownFileType = sourcecode.swift; path = PoiViewModel.swift; sourceTree = "<group>"; };
		D612689E2C8A82050031114E /* OnlineMapModel.swift */ = {isa = PBXFileReference; fileEncoding = 4; lastKnownFileType = sourcecode.swift; path = OnlineMapModel.swift; sourceTree = "<group>"; };
		D61268A82C8A82320031114E /* OnlineViewController.swift */ = {isa = PBXFileReference; fileEncoding = 4; lastKnownFileType = sourcecode.swift; path = OnlineViewController.swift; sourceTree = "<group>"; };
		D61268A92C8A82320031114E /* KakaoMapViewController.swift */ = {isa = PBXFileReference; fileEncoding = 4; lastKnownFileType = sourcecode.swift; path = KakaoMapViewController.swift; sourceTree = "<group>"; };
		D61268AA2C8A82320031114E /* MapBottomSheetViewController.swift */ = {isa = PBXFileReference; fileEncoding = 4; lastKnownFileType = sourcecode.swift; path = MapBottomSheetViewController.swift; sourceTree = "<group>"; };
		D61268AB2C8A82320031114E /* EmergencyWrittingViewController.swift */ = {isa = PBXFileReference; fileEncoding = 4; lastKnownFileType = sourcecode.swift; path = EmergencyWrittingViewController.swift; sourceTree = "<group>"; };
		D61412FD2C8B01CC007BA568 /* OnlineViewModel.swift */ = {isa = PBXFileReference; lastKnownFileType = sourcecode.swift; path = OnlineViewModel.swift; sourceTree = "<group>"; };
		D61B611F2C7C386E00C5E69D /* Font+Extensions.swift */ = {isa = PBXFileReference; lastKnownFileType = sourcecode.swift; path = "Font+Extensions.swift"; sourceTree = "<group>"; };
		D61B612A2C7C582800C5E69D /* NotoSansKR-Bold.ttf */ = {isa = PBXFileReference; lastKnownFileType = file; name = "NotoSansKR-Bold.ttf"; path = "Duriso/Assets/FontAssets/NotoSansKR-Bold.ttf"; sourceTree = SOURCE_ROOT; };
		D61B612B2C7C582800C5E69D /* NotoSansKR-Regular.ttf */ = {isa = PBXFileReference; lastKnownFileType = file; name = "NotoSansKR-Regular.ttf"; path = "Duriso/Assets/FontAssets/NotoSansKR-Regular.ttf"; sourceTree = SOURCE_ROOT; };
		D61B612C2C7C582800C5E69D /* NotoSansKR-Light.ttf */ = {isa = PBXFileReference; lastKnownFileType = file; name = "NotoSansKR-Light.ttf"; path = "Duriso/Assets/FontAssets/NotoSansKR-Light.ttf"; sourceTree = SOURCE_ROOT; };
		D61B612D2C7C583700C5E69D /* HSSaemaul.ttf */ = {isa = PBXFileReference; lastKnownFileType = file; name = HSSaemaul.ttf; path = Duriso/Assets/FontAssets/HSSaemaul.ttf; sourceTree = SOURCE_ROOT; };
		D62E9CC92C944B2E00829FB8 /* EmergencyReportViewController.swift */ = {isa = PBXFileReference; lastKnownFileType = sourcecode.swift; path = EmergencyReportViewController.swift; sourceTree = "<group>"; };
		D69CF2B02C8E7D4300B4E546 /* ShelterNetworkManager.swift */ = {isa = PBXFileReference; lastKnownFileType = sourcecode.swift; path = ShelterNetworkManager.swift; sourceTree = "<group>"; };
		D69CF2B42C8F142100B4E546 /* AedViewController.swift */ = {isa = PBXFileReference; lastKnownFileType = sourcecode.swift; path = AedViewController.swift; sourceTree = "<group>"; };
		D69CF2B62C8F144400B4E546 /* ShelterViewController.swift */ = {isa = PBXFileReference; lastKnownFileType = sourcecode.swift; path = ShelterViewController.swift; sourceTree = "<group>"; };
		D69CF2B82C8FCD1200B4E546 /* NetworkManager.swift */ = {isa = PBXFileReference; lastKnownFileType = sourcecode.swift; path = NetworkManager.swift; sourceTree = "<group>"; };
		D69CF2BB2C8FD5C900B4E546 /* AedNetworkManager.swift */ = {isa = PBXFileReference; lastKnownFileType = sourcecode.swift; path = AedNetworkManager.swift; sourceTree = "<group>"; };
		D6C5F2B72CB24EBD00D65E9D /* Assets.xcassets */ = {isa = PBXFileReference; lastKnownFileType = folder.assetcatalog; path = Assets.xcassets; sourceTree = "<group>"; };
		E20C3A5C2C8725E900AD5AA4 /* LegalNoticeModel.swift */ = {isa = PBXFileReference; lastKnownFileType = sourcecode.swift; path = LegalNoticeModel.swift; sourceTree = "<group>"; };
		E20C3A602C873AC500AD5AA4 /* notice3.txt */ = {isa = PBXFileReference; fileEncoding = 4; lastKnownFileType = text; name = notice3.txt; path = Duriso/Data/LegalNotice/notice3.txt; sourceTree = SOURCE_ROOT; };
		E20C3A612C873AC500AD5AA4 /* notice2.txt */ = {isa = PBXFileReference; fileEncoding = 4; lastKnownFileType = text; name = notice2.txt; path = Duriso/Data/LegalNotice/notice2.txt; sourceTree = SOURCE_ROOT; };
		E20C3A652C873F1000AD5AA4 /* LegalNoticeDetailViewController.swift */ = {isa = PBXFileReference; lastKnownFileType = sourcecode.swift; path = LegalNoticeDetailViewController.swift; sourceTree = "<group>"; };
		E20C3A752C874A3600AD5AA4 /* notice1.txt */ = {isa = PBXFileReference; fileEncoding = 4; lastKnownFileType = text; name = notice1.txt; path = Duriso/Data/LegalNotice/notice1.txt; sourceTree = SOURCE_ROOT; };
		E219EAF02C8860BB00A1E3F7 /* NoticeDetailViewController.swift */ = {isa = PBXFileReference; lastKnownFileType = sourcecode.swift; path = NoticeDetailViewController.swift; sourceTree = "<group>"; };
		E219EAF22C8860DF00A1E3F7 /* NoticeTableViewCell.swift */ = {isa = PBXFileReference; lastKnownFileType = sourcecode.swift; path = NoticeTableViewCell.swift; sourceTree = "<group>"; };
		E2334CF82C947300003D9612 /* NoticeModel.swift */ = {isa = PBXFileReference; lastKnownFileType = sourcecode.swift; path = NoticeModel.swift; sourceTree = "<group>"; };
		E2792E1B2C7F4B7300AD6C0E /* MyPageTableViewCell.swift */ = {isa = PBXFileReference; fileEncoding = 4; lastKnownFileType = sourcecode.swift; path = MyPageTableViewCell.swift; sourceTree = "<group>"; };
		E2792E1C2C7F4B7300AD6C0E /* ModifyInformationViewController.swift */ = {isa = PBXFileReference; fileEncoding = 4; lastKnownFileType = sourcecode.swift; path = ModifyInformationViewController.swift; sourceTree = "<group>"; };
		E2792E1F2C7F4BAB00AD6C0E /* LoginViewController.swift */ = {isa = PBXFileReference; fileEncoding = 4; lastKnownFileType = sourcecode.swift; path = LoginViewController.swift; sourceTree = "<group>"; };
		E2792E202C7F4BAB00AD6C0E /* SignUpViewController.swift */ = {isa = PBXFileReference; fileEncoding = 4; lastKnownFileType = sourcecode.swift; path = SignUpViewController.swift; sourceTree = "<group>"; };
		E2792E212C7F4BAB00AD6C0E /* SetNickNameViewController.swift */ = {isa = PBXFileReference; fileEncoding = 4; lastKnownFileType = sourcecode.swift; path = SetNickNameViewController.swift; sourceTree = "<group>"; };
		E2792E252C7F4BC100AD6C0E /* LoginViewModel.swift */ = {isa = PBXFileReference; lastKnownFileType = sourcecode.swift; path = LoginViewModel.swift; sourceTree = "<group>"; };
		E2DAB85A2C85EA2A0037BCA2 /* NoticeViewController.swift */ = {isa = PBXFileReference; lastKnownFileType = sourcecode.swift; path = NoticeViewController.swift; sourceTree = "<group>"; };
		E2DAB85D2C86380D0037BCA2 /* LegalNoticeViewController.swift */ = {isa = PBXFileReference; lastKnownFileType = sourcecode.swift; path = LegalNoticeViewController.swift; sourceTree = "<group>"; };
		E2DAB85F2C863A520037BCA2 /* LegalNoticeTableViewCell.swift */ = {isa = PBXFileReference; lastKnownFileType = sourcecode.swift; path = LegalNoticeTableViewCell.swift; sourceTree = "<group>"; };
		E2DAB8612C863AE00037BCA2 /* LegalNoticeViewModel.swift */ = {isa = PBXFileReference; lastKnownFileType = sourcecode.swift; path = LegalNoticeViewModel.swift; sourceTree = "<group>"; };
		E2E4F0982C96BD00004808CC /* NoticeViewModel.swift */ = {isa = PBXFileReference; lastKnownFileType = sourcecode.swift; path = NoticeViewModel.swift; sourceTree = "<group>"; };
		E2E4F09D2C9B26D4004808CC /* ChangePasswordViewController.swift */ = {isa = PBXFileReference; lastKnownFileType = sourcecode.swift; path = ChangePasswordViewController.swift; sourceTree = "<group>"; };
		E2E4F0A12CA2C6D1004808CC /* SignUptableViewCell.swift */ = {isa = PBXFileReference; lastKnownFileType = sourcecode.swift; path = SignUptableViewCell.swift; sourceTree = "<group>"; };
		E2E4F0A32CA6AB1E004808CC /* MuteViewController.swift */ = {isa = PBXFileReference; lastKnownFileType = sourcecode.swift; path = MuteViewController.swift; sourceTree = "<group>"; };
		E2E4F0A62CA6CBBB004808CC /* MuteTableViewCell.swift */ = {isa = PBXFileReference; lastKnownFileType = sourcecode.swift; path = MuteTableViewCell.swift; sourceTree = "<group>"; };
		E2E4F0A82CA9081F004808CC /* MuteViewModel.swift */ = {isa = PBXFileReference; lastKnownFileType = sourcecode.swift; path = MuteViewModel.swift; sourceTree = "<group>"; };
/* End PBXFileReference section */

/* Begin PBXFrameworksBuildPhase section */
		763C0A1D2C7B125B006BC4E7 /* Frameworks */ = {
			isa = PBXFrameworksBuildPhase;
			buildActionMask = 2147483647;
			files = (
				763C0A422C7B1AA7006BC4E7 /* RxSwift in Frameworks */,
				763C0A452C7B1AFB006BC4E7 /* Alamofire in Frameworks */,
				14334FCA2CA7B1420092E9C8 /* Kingfisher in Frameworks */,
				768507492CDA10DE00E64B77 /* GoogleSignInSwift in Frameworks */,
				7622D03F2C7C178400B1AEB2 /* FirebaseStorage in Frameworks */,
				763C0A402C7B1AA7006BC4E7 /* RxCocoa in Frameworks */,
				768507472CDA10DE00E64B77 /* GoogleSignIn in Frameworks */,
				14DE81372C91BC9B002E26FD /* FirebaseFirestore in Frameworks */,
				763C0A3D2C7B1A2F006BC4E7 /* SnapKit in Frameworks */,
				76E3706B2C947676005724E9 /* FirebaseFirestore in Frameworks */,
				7676228A2C85CDB50075B09E /* Then in Frameworks */,
				7622D03B2C7C178400B1AEB2 /* FirebaseAuth in Frameworks */,
				7622D03D2C7C178400B1AEB2 /* FirebaseDatabase in Frameworks */,
				76EFE8BD2C8F3CBB0077D75B /* IQKeyboardManagerSwift in Frameworks */,
				763C0A4B2C7B1B70006BC4E7 /* KakaoMapsSDK-SPM in Frameworks */,
				7663B7EB2C92D0250066FE91 /* MapLibre in Frameworks */,
			);
			runOnlyForDeploymentPostprocessing = 0;
		};
/* End PBXFrameworksBuildPhase section */

/* Begin PBXGroup section */
		149EEFB62C87246A0088FDB2 /* Network */ = {
			isa = PBXGroup;
			children = (
				D69CF2B82C8FCD1200B4E546 /* NetworkManager.swift */,
				149EEFB72C8724930088FDB2 /* GuidelineNetWork.swift */,
				D69CF2BA2C8FD57B00B4E546 /* OnlineMapNetworkManager */,
			);
			path = Network;
			sourceTree = "<group>";
		};
		14DE81352C91BC9B002E26FD /* Frameworks */ = {
			isa = PBXGroup;
			children = (
			);
			name = Frameworks;
			sourceTree = "<group>";
		};
		76174BEB2C9C332600909EDC /* Data */ = {
			isa = PBXGroup;
			children = (
				E20C3A5E2C873A8600AD5AA4 /* LegalNotice */,
				76DFBBD72C9DAA0C00C676CF /* Copyrights */,
				76174BF72C9C33B700909EDC /* GuidelinePDF */,
			);
			path = Data;
			sourceTree = "<group>";
		};
		76174BF72C9C33B700909EDC /* GuidelinePDF */ = {
			isa = PBXGroup;
			children = (
				76174BED2C9C33B700909EDC /* Alertcon.pdf */,
				76174BEE2C9C33B700909EDC /* earthquake.pdf */,
				76174BEF2C9C33B700909EDC /* EmergencyKit.pdf */,
				76174BF02C9C33B700909EDC /* Fire.pdf */,
				76174BF12C9C33B700909EDC /* HeatWave.pdf */,
				76174BF22C9C33B700909EDC /* Heavysnow.pdf */,
				76174BF32C9C33B700909EDC /* Landslide.pdf */,
				76174BF42C9C33B700909EDC /* NuclearAttack.pdf */,
				76174BF52C9C33B700909EDC /* TorrentialRain.pdf */,
				76174BF62C9C33B700909EDC /* Typhoon.pdf */,
			);
			name = GuidelinePDF;
			path = Duriso/Data/GuidelinePDF;
			sourceTree = SOURCE_ROOT;
		};
		761E8C022CB7C90D0000C27D /* FirebaseManager */ = {
			isa = PBXGroup;
			children = (
				14DE81422C9490B9002E26FD /* FirebaseFirestoreManager.swift */,
				76174BD92C9AA7C200909EDC /* FirebaseRealtimeManager.swift */,
				761E8C052CB7CA520000C27D /* FirebaseAuthManager.swift */,
			);
			path = FirebaseManager;
			sourceTree = "<group>";
		};
		7622D0422C7C1C6000B1AEB2 /* Model */ = {
			isa = PBXGroup;
			children = (
				76EFE8B42C8F1EF80077D75B /* SignUp */,
				7622D0632C7C203C00B1AEB2 /* OnlineMap */,
				7622D0672C7C20E400B1AEB2 /* OfflineMap */,
				7622D0622C7C203600B1AEB2 /* Board */,
				7622D0612C7C203000B1AEB2 /* Guideline */,
				7622D0602C7C202800B1AEB2 /* MyPage */,
			);
			path = Model;
			sourceTree = "<group>";
		};
		7622D0432C7C1C7600B1AEB2 /* View */ = {
			isa = PBXGroup;
			children = (
				7622D0452C7C1CDC00B1AEB2 /* MainTabBarViewController.swift */,
				7622D0472C7C1D7A00B1AEB2 /* OnlineMap */,
				7622D0642C7C20A300B1AEB2 /* OfflineMap */,
				7622D0482C7C1D8C00B1AEB2 /* Board */,
				7622D04C2C7C1E6900B1AEB2 /* Guideline */,
				7622D0492C7C1D9F00B1AEB2 /* MyPage */,
				E2792E072C7C5C9200AD6C0E /* LoginView */,
			);
			path = View;
			sourceTree = "<group>";
		};
		7622D0442C7C1C7B00B1AEB2 /* ViewModel */ = {
			isa = PBXGroup;
			children = (
				767622862C85CC9D0075B09E /* MainTabBarViewModel.swift */,
				7622D0532C7C1F5900B1AEB2 /* OnlineMap */,
				7622D06E2C7C217B00B1AEB2 /* OfflineMap */,
				7622D0542C7C1F5E00B1AEB2 /* Board */,
				7622D0552C7C1F6300B1AEB2 /* Guideline */,
				7622D0562C7C1F6900B1AEB2 /* MyPage */,
				E2792E0E2C7DB06B00AD6C0E /* Login */,
			);
			path = ViewModel;
			sourceTree = "<group>";
		};
		7622D0472C7C1D7A00B1AEB2 /* OnlineMap */ = {
			isa = PBXGroup;
			children = (
				D61268A92C8A82320031114E /* KakaoMapViewController.swift */,
				D61268A82C8A82320031114E /* OnlineViewController.swift */,
				D69CF2BD2C916D9400B4E546 /* BottomsheetView */,
			);
			path = OnlineMap;
			sourceTree = "<group>";
		};
		7622D0482C7C1D8C00B1AEB2 /* Board */ = {
			isa = PBXGroup;
			children = (
				768F50A92C8B530400A92ED6 /* BoardCollectionViewCell.swift */,
				768F50AA2C8B530400A92ED6 /* BoardTableViewCell.swift */,
				76EFE8B02C8B5E5A0077D75B /* BoardViewController.swift */,
				768F50A82C8B530300A92ED6 /* WritingViewController.swift */,
				14DE812E2C900BAD002E26FD /* CategoryCell.swift */,
				14DE81312C9029EE002E26FD /* UserPostViewController.swift */,
				146A28E42C9804BC00AF2C97 /* EditPostViewController.swift */,
			);
			path = Board;
			sourceTree = "<group>";
		};
		7622D0492C7C1D9F00B1AEB2 /* MyPage */ = {
			isa = PBXGroup;
			children = (
				E20C3A652C873F1000AD5AA4 /* LegalNoticeDetailViewController.swift */,
				E2DAB85F2C863A520037BCA2 /* LegalNoticeTableViewCell.swift */,
				E2DAB85D2C86380D0037BCA2 /* LegalNoticeViewController.swift */,
				E2792E1C2C7F4B7300AD6C0E /* ModifyInformationViewController.swift */,
				E2792E1B2C7F4B7300AD6C0E /* MyPageTableViewCell.swift */,
				7622D0512C7C1E9400B1AEB2 /* MyPageViewController.swift */,
				E219EAF02C8860BB00A1E3F7 /* NoticeDetailViewController.swift */,
				E219EAF22C8860DF00A1E3F7 /* NoticeTableViewCell.swift */,
				E2DAB85A2C85EA2A0037BCA2 /* NoticeViewController.swift */,
				E2E4F09D2C9B26D4004808CC /* ChangePasswordViewController.swift */,
				76DFBBE22C9DADA700C676CF /* CopyrightDetailViewController.swift */,
				76DFBBE62C9DAE4300C676CF /* CopyrightTableViewCell.swift */,
				76DFBBE82C9DAF7000C676CF /* CopyrightViewController.swift */,
				E2E4F0A32CA6AB1E004808CC /* MuteViewController.swift */,
				E2E4F0A62CA6CBBB004808CC /* MuteTableViewCell.swift */,
			);
			path = MyPage;
			sourceTree = "<group>";
		};
		7622D04C2C7C1E6900B1AEB2 /* Guideline */ = {
			isa = PBXGroup;
			children = (
				7622D04F2C7C1E8A00B1AEB2 /* GuidelineViewController.swift */,
				14960A282C7C84A400E706C9 /* GuidelineCollectionViewCell.swift */,
				14960A2A2C7DACB800E706C9 /* GuidelineFlowLayout.swift */,
				14960A2C2C7DCF8F00E706C9 /* GuidelineTableViewCell.swift */,
				1426761E2C99C629004C56D5 /* GuidelinePDFViewController.swift */,
			);
			path = Guideline;
			sourceTree = "<group>";
		};
		7622D0532C7C1F5900B1AEB2 /* OnlineMap */ = {
			isa = PBXGroup;
			children = (
				D61412FD2C8B01CC007BA568 /* OnlineViewModel.swift */,
				D61268982C8A81D50031114E /* PoiViewModel.swift */,
			);
			path = OnlineMap;
			sourceTree = "<group>";
		};
		7622D0542C7C1F5E00B1AEB2 /* Board */ = {
			isa = PBXGroup;
			children = (
				7622D0592C7C1F8B00B1AEB2 /* BoardViewModel.swift */,
				14E9161F2C956E3100020670 /* BoardFirebaseService.swift */,
			);
			path = Board;
			sourceTree = "<group>";
		};
		7622D0552C7C1F6300B1AEB2 /* Guideline */ = {
			isa = PBXGroup;
			children = (
				14960A322C80207400E706C9 /* GuidelineTableViewModel.swift */,
				149EEFB42C8723610088FDB2 /* GuidelineViewModel.swift */,
			);
			path = Guideline;
			sourceTree = "<group>";
		};
		7622D0562C7C1F6900B1AEB2 /* MyPage */ = {
			isa = PBXGroup;
			children = (
				7622D05D2C7C1F9F00B1AEB2 /* MyPageViewModel.swift */,
				E2DAB8612C863AE00037BCA2 /* LegalNoticeViewModel.swift */,
				E2E4F0982C96BD00004808CC /* NoticeViewModel.swift */,
				76DFBBEA2C9DAF8600C676CF /* CopyrightViewModel.swift */,
				E2E4F0A82CA9081F004808CC /* MuteViewModel.swift */,
			);
			path = MyPage;
			sourceTree = "<group>";
		};
		7622D05F2C7C1FA800B1AEB2 /* App */ = {
			isa = PBXGroup;
			children = (
				763C0A232C7B125B006BC4E7 /* AppDelegate.swift */,
				7648A3152C843627000357D0 /* SceneDelegate.swift */,
			);
			path = App;
			sourceTree = "<group>";
		};
		7622D0602C7C202800B1AEB2 /* MyPage */ = {
			isa = PBXGroup;
			children = (
				7622D0792C7C21DA00B1AEB2 /* MyPageModel.swift */,
				E20C3A5C2C8725E900AD5AA4 /* LegalNoticeModel.swift */,
				E2334CF82C947300003D9612 /* NoticeModel.swift */,
				76DFBBE02C9DAD4B00C676CF /* CopyrightModel.swift */,
			);
			path = MyPage;
			sourceTree = "<group>";
		};
		7622D0612C7C203000B1AEB2 /* Guideline */ = {
			isa = PBXGroup;
			children = (
				7622D0772C7C21D100B1AEB2 /* GuidelineModel.swift */,
			);
			path = Guideline;
			sourceTree = "<group>";
		};
		7622D0622C7C203600B1AEB2 /* Board */ = {
			isa = PBXGroup;
			children = (
				7622D0752C7C21C700B1AEB2 /* BoardModel.swift */,
			);
			path = Board;
			sourceTree = "<group>";
		};
		7622D0632C7C203C00B1AEB2 /* OnlineMap */ = {
			isa = PBXGroup;
			children = (
				D612689E2C8A82050031114E /* OnlineMapModel.swift */,
				76EFE8B22C8DC8390077D75B /* RegionFetcher.swift */,
			);
			path = OnlineMap;
			sourceTree = "<group>";
		};
		7622D0642C7C20A300B1AEB2 /* OfflineMap */ = {
			isa = PBXGroup;
			children = (
				767622822C85C8610075B09E /* OfflinePageViewController.swift */,
				76EFE8CD2C904D0B0077D75B /* OfflineViewController.swift */,
				7622D0652C7C20C200B1AEB2 /* OfflineMapViewController.swift */,
				766DDA252CA88DD5001C100A /* Bottomsheet */,
			);
			path = OfflineMap;
			sourceTree = "<group>";
		};
		7622D0672C7C20E400B1AEB2 /* OfflineMap */ = {
			isa = PBXGroup;
			children = (
				766DDA162CA76C0E001C100A /* CoreData */,
				7622D0732C7C21BE00B1AEB2 /* OfflineMapModel.swift */,
				76DFBBEC2CA184FE00C676CF /* FirebaseDataModel.swift */,
				76E370642C93CCB9005724E9 /* LocationModel.swift */,
				766DDA192CA7FF42001C100A /* POIType.swift */,
				766DDA1B2CA80261001C100A /* CustomPointAnnotation.swift */,
			);
			path = OfflineMap;
			sourceTree = "<group>";
		};
		7622D0682C7C20F100B1AEB2 /* Extensions */ = {
			isa = PBXGroup;
			children = (
				7622D06A2C7C215E00B1AEB2 /* UIColor+Extensions.swift */,
				D61B611F2C7C386E00C5E69D /* Font+Extensions.swift */,
				766DDA1D2CA80B8A001C100A /* UIImage+Resize.swift */,
			);
			path = Extensions;
			sourceTree = "<group>";
		};
		7622D0692C7C211800B1AEB2 /* Assets */ = {
			isa = PBXGroup;
			children = (
				D6C5F2B72CB24EBD00D65E9D /* Assets.xcassets */,
				D61B61212C7C396900C5E69D /* FontAssets */,
			);
			path = Assets;
			sourceTree = "<group>";
		};
		7622D06E2C7C217B00B1AEB2 /* OfflineMap */ = {
			isa = PBXGroup;
			children = (
				767622842C85CA790075B09E /* OfflinePageViewModel.swift */,
				7622D06F2C7C218E00B1AEB2 /* OfflineMapViewModel.swift */,
				76DFBBEE2CA1FEB700C676CF /* FirebaseDataViewModel.swift */,
			);
			path = OfflineMap;
			sourceTree = "<group>";
		};
		763C0A172C7B125B006BC4E7 = {
			isa = PBXGroup;
			children = (
				763C0A372C7B17AE006BC4E7 /* README.md */,
				763C0A392C7B180A006BC4E7 /* .gitignore */,
				7622D0332C7C045300B1AEB2 /* CodeConvention.md */,
				7622D0352C7C049A00B1AEB2 /* CommitConvention.md */,
				763C0A222C7B125B006BC4E7 /* Duriso */,
				763C0A212C7B125B006BC4E7 /* Products */,
				14DE81352C91BC9B002E26FD /* Frameworks */,
			);
			indentWidth = 2;
			sourceTree = "<group>";
			tabWidth = 2;
			usesTabs = 0;
		};
		763C0A212C7B125B006BC4E7 /* Products */ = {
			isa = PBXGroup;
			children = (
				763C0A202C7B125B006BC4E7 /* Duriso.app */,
			);
			name = Products;
			sourceTree = "<group>";
		};
		763C0A222C7B125B006BC4E7 /* Duriso */ = {
			isa = PBXGroup;
			children = (
				766DD9F42CA4AA2C001C100A /* Duriso.xcdatamodeld */,
				768F50A02C8A99FF00A92ED6 /* Duriso.entitlements */,
				7622D05F2C7C1FA800B1AEB2 /* App */,
				7676227F2C85AE500075B09E /* Common */,
				7622D0682C7C20F100B1AEB2 /* Extensions */,
				149EEFB62C87246A0088FDB2 /* Network */,
				7622D0422C7C1C6000B1AEB2 /* Model */,
				7622D0432C7C1C7600B1AEB2 /* View */,
				7622D0442C7C1C7B00B1AEB2 /* ViewModel */,
				7622D0692C7C211800B1AEB2 /* Assets */,
				76174BEB2C9C332600909EDC /* Data */,
				763C0A2E2C7B125C006BC4E7 /* LaunchScreen.storyboard */,
				763C0A312C7B125C006BC4E7 /* Info.plist */,
				7676228B2C85E6710075B09E /* Secrets.xcconfig */,
				7622D0892C7EB32900B1AEB2 /* GoogleService-Info.plist */,
			);
			path = Duriso;
			sourceTree = "<group>";
		};
		766DD9FE2CA5EF9A001C100A /* CoreData */ = {
			isa = PBXGroup;
			children = (
				766DD9F72CA5E4AF001C100A /* CoreDataManager.swift */,
				766DD9F92CA5E4FD001C100A /* AEDDataManager.swift */,
				766DD9FB2CA5EF8C001C100A /* CivilDefenseShelterDataManager.swift */,
				766DD9FF2CA5EFCA001C100A /* DisasterShelterDataManager.swift */,
			);
			path = CoreData;
			sourceTree = "<group>";
		};
		766DDA162CA76C0E001C100A /* CoreData */ = {
			isa = PBXGroup;
			children = (
				766DDA092CA75BEC001C100A /* AEDs+CoreDataClass.swift */,
				766DDA0A2CA75BEC001C100A /* AEDs+CoreDataProperties.swift */,
				766DDA0B2CA75BEC001C100A /* CivilDefenseShelters+CoreDataClass.swift */,
				766DDA0C2CA75BEC001C100A /* CivilDefenseShelters+CoreDataProperties.swift */,
				766DDA0D2CA75BEC001C100A /* DisasterShelters+CoreDataClass.swift */,
				766DDA0E2CA75BEC001C100A /* DisasterShelters+CoreDataProperties.swift */,
			);
			path = CoreData;
			sourceTree = "<group>";
		};
		766DDA252CA88DD5001C100A /* Bottomsheet */ = {
			isa = PBXGroup;
			children = (
				766DDA262CA88E2A001C100A /* OfflineAEDViewController.swift */,
				766DDA282CA88E60001C100A /* OfflineCivilDefenseShelterViewController.swift */,
				766DDA2A2CA88E72001C100A /* OfflineDisasterShelterViewController.swift */,
			);
			path = Bottomsheet;
			sourceTree = "<group>";
		};
		7676227F2C85AE500075B09E /* Common */ = {
			isa = PBXGroup;
			children = (
				761E8C022CB7C90D0000C27D /* FirebaseManager */,
				766DDA172CA78486001C100A /* CustomDecodable.swift */,
				768F509E2C89DC0D00A92ED6 /* LocationManager.swift */,
				767622802C85AE740075B09E /* NetworkMonitor.swift */,
				768F50962C881F9A00A92ED6 /* Environment.swift */,
				766DD9FE2CA5EF9A001C100A /* CoreData */,
			);
			path = Common;
			sourceTree = "<group>";
		};
		76DFBBD72C9DAA0C00C676CF /* Copyrights */ = {
			isa = PBXGroup;
			children = (
				76DFBBD52C9DA3DB00C676CF /* notoSans.txt */,
				76DFBBD82C9DAB0A00C676CF /* maplibre.txt */,
				76DFBBDC2C9DABF300C676CF /* api.txt */,
				76DFBBDE2C9DAC2C00C676CF /* imagedocument.txt */,
			);
			path = Copyrights;
			sourceTree = "<group>";
		};
		76EFE8B42C8F1EF80077D75B /* SignUp */ = {
			isa = PBXGroup;
			children = (
				76EFE8B72C8F1F580077D75B /* SignUpModel.swift */,
			);
			path = SignUp;
			sourceTree = "<group>";
		};
		D61B61212C7C396900C5E69D /* FontAssets */ = {
			isa = PBXGroup;
			children = (
				D61B612D2C7C583700C5E69D /* HSSaemaul.ttf */,
				D61B612A2C7C582800C5E69D /* NotoSansKR-Bold.ttf */,
				D61B612C2C7C582800C5E69D /* NotoSansKR-Light.ttf */,
				D61B612B2C7C582800C5E69D /* NotoSansKR-Regular.ttf */,
			);
			path = FontAssets;
			sourceTree = "<group>";
		};
		D69CF2BA2C8FD57B00B4E546 /* OnlineMapNetworkManager */ = {
			isa = PBXGroup;
			children = (
				D69CF2BB2C8FD5C900B4E546 /* AedNetworkManager.swift */,
				D60A81642C9CF49F00589AD3 /* AedDataManager.swift */,
				D69CF2B02C8E7D4300B4E546 /* ShelterNetworkManager.swift */,
			);
			path = OnlineMapNetworkManager;
			sourceTree = "<group>";
		};
		D69CF2BD2C916D9400B4E546 /* BottomsheetView */ = {
			isa = PBXGroup;
			children = (
				D69CF2B42C8F142100B4E546 /* AedViewController.swift */,
				D61268AB2C8A82320031114E /* EmergencyWrittingViewController.swift */,
				D62E9CC92C944B2E00829FB8 /* EmergencyReportViewController.swift */,
				D69CF2B62C8F144400B4E546 /* ShelterViewController.swift */,
				D61268AA2C8A82320031114E /* MapBottomSheetViewController.swift */,
			);
			path = BottomsheetView;
			sourceTree = "<group>";
		};
		E20C3A5E2C873A8600AD5AA4 /* LegalNotice */ = {
			isa = PBXGroup;
			children = (
				E20C3A752C874A3600AD5AA4 /* notice1.txt */,
				E20C3A612C873AC500AD5AA4 /* notice2.txt */,
				E20C3A602C873AC500AD5AA4 /* notice3.txt */,
			);
			name = LegalNotice;
			path = Duriso/Data/LegalNotice;
			sourceTree = SOURCE_ROOT;
		};
		E2792E072C7C5C9200AD6C0E /* LoginView */ = {
			isa = PBXGroup;
			children = (
				E2792E1F2C7F4BAB00AD6C0E /* LoginViewController.swift */,
				E2792E212C7F4BAB00AD6C0E /* SetNickNameViewController.swift */,
				E2792E202C7F4BAB00AD6C0E /* SignUpViewController.swift */,
				E2E4F0A12CA2C6D1004808CC /* SignUptableViewCell.swift */,
			);
			path = LoginView;
			sourceTree = "<group>";
		};
		E2792E0E2C7DB06B00AD6C0E /* Login */ = {
			isa = PBXGroup;
			children = (
				E2792E252C7F4BC100AD6C0E /* LoginViewModel.swift */,
				76EFE8B92C8F20BC0077D75B /* SignUpViewModel.swift */,
				761E8C092CC159210000C27D /* SetNickNameViewModel.swift */,
			);
			path = Login;
			sourceTree = "<group>";
		};
/* End PBXGroup section */

/* Begin PBXNativeTarget section */
		763C0A1F2C7B125B006BC4E7 /* Duriso */ = {
			isa = PBXNativeTarget;
			buildConfigurationList = 763C0A342C7B125C006BC4E7 /* Build configuration list for PBXNativeTarget "Duriso" */;
			buildPhases = (
				763C0A1C2C7B125B006BC4E7 /* Sources */,
				763C0A1D2C7B125B006BC4E7 /* Frameworks */,
				763C0A1E2C7B125B006BC4E7 /* Resources */,
			);
			buildRules = (
			);
			dependencies = (
			);
			name = Duriso;
			packageProductDependencies = (
				763C0A3C2C7B1A2F006BC4E7 /* SnapKit */,
				763C0A3F2C7B1AA7006BC4E7 /* RxCocoa */,
				763C0A412C7B1AA7006BC4E7 /* RxSwift */,
				763C0A442C7B1AFB006BC4E7 /* Alamofire */,
				763C0A4A2C7B1B70006BC4E7 /* KakaoMapsSDK-SPM */,
				7622D03A2C7C178400B1AEB2 /* FirebaseAuth */,
				7622D03C2C7C178400B1AEB2 /* FirebaseDatabase */,
				7622D03E2C7C178400B1AEB2 /* FirebaseStorage */,
				767622892C85CDB50075B09E /* Then */,
				76EFE8BC2C8F3CBB0077D75B /* IQKeyboardManagerSwift */,
				7663B7EA2C92D0250066FE91 /* MapLibre */,
				76E3706A2C947676005724E9 /* FirebaseFirestore */,
				14DE81362C91BC9B002E26FD /* FirebaseFirestore */,
				14334FC92CA7B1420092E9C8 /* Kingfisher */,
				768507462CDA10DE00E64B77 /* GoogleSignIn */,
				768507482CDA10DE00E64B77 /* GoogleSignInSwift */,
			);
			productName = Duriso;
			productReference = 763C0A202C7B125B006BC4E7 /* Duriso.app */;
			productType = "com.apple.product-type.application";
		};
/* End PBXNativeTarget section */

/* Begin PBXProject section */
		763C0A182C7B125B006BC4E7 /* Project object */ = {
			isa = PBXProject;
			attributes = {
				BuildIndependentTargetsInParallel = 1;
				LastSwiftUpdateCheck = 1540;
				LastUpgradeCheck = 1540;
				TargetAttributes = {
					763C0A1F2C7B125B006BC4E7 = {
						CreatedOnToolsVersion = 15.4;
					};
				};
			};
			buildConfigurationList = 763C0A1B2C7B125B006BC4E7 /* Build configuration list for PBXProject "Duriso" */;
			compatibilityVersion = "Xcode 14.0";
			developmentRegion = ko;
			hasScannedForEncodings = 0;
			knownRegions = (
				en,
				Base,
				ko,
			);
			mainGroup = 763C0A172C7B125B006BC4E7;
			packageReferences = (
				763C0A3B2C7B1A2F006BC4E7 /* XCRemoteSwiftPackageReference "SnapKit" */,
				763C0A3E2C7B1AA7006BC4E7 /* XCRemoteSwiftPackageReference "RxSwift" */,
				763C0A432C7B1AFB006BC4E7 /* XCRemoteSwiftPackageReference "Alamofire" */,
				763C0A492C7B1B70006BC4E7 /* XCRemoteSwiftPackageReference "KakaoMapsSDK-SPM" */,
				7622D0392C7C178400B1AEB2 /* XCRemoteSwiftPackageReference "firebase-ios-sdk" */,
				767622882C85CDB50075B09E /* XCRemoteSwiftPackageReference "Then" */,
				76EFE8BB2C8F3CBB0077D75B /* XCRemoteSwiftPackageReference "IQKeyboardManager" */,
				7663B7E92C92D0250066FE91 /* XCRemoteSwiftPackageReference "maplibre-gl-native-distribution" */,
				14334FC82CA7B1420092E9C8 /* XCRemoteSwiftPackageReference "Kingfisher" */,
				768507452CDA10DE00E64B77 /* XCRemoteSwiftPackageReference "GoogleSignIn-iOS" */,
			);
			productRefGroup = 763C0A212C7B125B006BC4E7 /* Products */;
			projectDirPath = "";
			projectRoot = "";
			targets = (
				763C0A1F2C7B125B006BC4E7 /* Duriso */,
			);
		};
/* End PBXProject section */

/* Begin PBXResourcesBuildPhase section */
		763C0A1E2C7B125B006BC4E7 /* Resources */ = {
			isa = PBXResourcesBuildPhase;
			buildActionMask = 2147483647;
			files = (
				76DFBBD92C9DAB0A00C676CF /* maplibre.txt in Resources */,
				E20C3A762C874A3600AD5AA4 /* notice1.txt in Resources */,
				E20C3A642C873AC500AD5AA4 /* notice2.txt in Resources */,
				E20C3A632C873AC500AD5AA4 /* notice3.txt in Resources */,
				76174BF82C9C33B700909EDC /* Landslide.pdf in Resources */,
				76174BF92C9C33B700909EDC /* TorrentialRain.pdf in Resources */,
				76174BFA2C9C33B700909EDC /* Fire.pdf in Resources */,
				76174BFB2C9C33B700909EDC /* earthquake.pdf in Resources */,
				76174BFC2C9C33B700909EDC /* Alertcon.pdf in Resources */,
				76174BFD2C9C33B700909EDC /* EmergencyKit.pdf in Resources */,
				76174BFE2C9C33B700909EDC /* Typhoon.pdf in Resources */,
				76174BFF2C9C33B700909EDC /* Heavysnow.pdf in Resources */,
				76174C002C9C33B700909EDC /* HeatWave.pdf in Resources */,
				76174C012C9C33B700909EDC /* NuclearAttack.pdf in Resources */,
				76DFBBDF2C9DAC2C00C676CF /* imagedocument.txt in Resources */,
				7622D0812C7C6C5500B1AEB2 /* HSSaemaul.ttf in Resources */,
				7622D0822C7C6C5500B1AEB2 /* NotoSansKR-Bold.ttf in Resources */,
				76DFBBD62C9DA3DB00C676CF /* notoSans.txt in Resources */,
				D6C5F2B82CB24EBD00D65E9D /* Assets.xcassets in Resources */,
				7622D0832C7C6C5500B1AEB2 /* NotoSansKR-Light.ttf in Resources */,
				7622D0842C7C6C5500B1AEB2 /* NotoSansKR-Regular.ttf in Resources */,
				7622D08A2C7EB32900B1AEB2 /* GoogleService-Info.plist in Resources */,
				76DFBBDD2C9DABF300C676CF /* api.txt in Resources */,
				763C0A3A2C7B180A006BC4E7 /* .gitignore in Resources */,
				763C0A382C7B17AE006BC4E7 /* README.md in Resources */,
				7622D0342C7C045300B1AEB2 /* CodeConvention.md in Resources */,
				7622D0362C7C049A00B1AEB2 /* CommitConvention.md in Resources */,
				763C0A302C7B125C006BC4E7 /* Base in Resources */,
			);
			runOnlyForDeploymentPostprocessing = 0;
		};
/* End PBXResourcesBuildPhase section */

/* Begin PBXSourcesBuildPhase section */
		763C0A1C2C7B125B006BC4E7 /* Sources */ = {
			isa = PBXSourcesBuildPhase;
			buildActionMask = 2147483647;
			files = (
				766DDA152CA76B21001C100A /* Duriso.xcdatamodeld in Sources */,
				768F50AE2C8B530400A92ED6 /* BoardTableViewCell.swift in Sources */,
				766DDA2B2CA88E72001C100A /* OfflineDisasterShelterViewController.swift in Sources */,
				76DFBBE32C9DADA700C676CF /* CopyrightDetailViewController.swift in Sources */,
				768F50A22C8B524000A92ED6 /* AppDelegate.swift in Sources */,
				768F50A32C8B524000A92ED6 /* SceneDelegate.swift in Sources */,
				768F50A42C8B524000A92ED6 /* BoardModel.swift in Sources */,
				766DDA1A2CA7FF42001C100A /* POIType.swift in Sources */,
				D61268AE2C8A82320031114E /* MapBottomSheetViewController.swift in Sources */,
				D69CF2B52C8F142100B4E546 /* AedViewController.swift in Sources */,
				761E8C062CB7CA520000C27D /* FirebaseAuthManager.swift in Sources */,
				E2DAB85C2C85F4A20037BCA2 /* NoticeViewController.swift in Sources */,
				7676228E2C85F2190075B09E /* OfflinePageViewController.swift in Sources */,
				146A28E52C9804BC00AF2C97 /* EditPostViewController.swift in Sources */,
				766DD9FA2CA5E4FD001C100A /* AEDDataManager.swift in Sources */,
				E2E4F0A22CA2C6D1004808CC /* SignUptableViewCell.swift in Sources */,
				1426761F2C99C629004C56D5 /* GuidelinePDFViewController.swift in Sources */,
				E2E4F0A42CA6AB1E004808CC /* MuteViewController.swift in Sources */,
				7622D0742C7C21BE00B1AEB2 /* OfflineMapModel.swift in Sources */,
				E2E4F0A92CA9081F004808CC /* MuteViewModel.swift in Sources */,
				E2792E262C7F4BC100AD6C0E /* LoginViewModel.swift in Sources */,
				76DFBBEF2CA1FEB700C676CF /* FirebaseDataViewModel.swift in Sources */,
				7622D0702C7C218E00B1AEB2 /* OfflineMapViewModel.swift in Sources */,
				14960A292C7C84A400E706C9 /* GuidelineCollectionViewCell.swift in Sources */,
				76DFBBE92C9DAF7000C676CF /* CopyrightViewController.swift in Sources */,
				D61268A52C8A82060031114E /* OnlineMapModel.swift in Sources */,
				768F50AD2C8B530400A92ED6 /* BoardCollectionViewCell.swift in Sources */,
				E2DAB85E2C86380D0037BCA2 /* LegalNoticeViewController.swift in Sources */,
				149EEFB52C8723610088FDB2 /* GuidelineViewModel.swift in Sources */,
				76E370652C93CCB9005724E9 /* LocationModel.swift in Sources */,
				7622D0522C7C1E9400B1AEB2 /* MyPageViewController.swift in Sources */,
				7622D05E2C7C1F9F00B1AEB2 /* MyPageViewModel.swift in Sources */,
				76EFE8BA2C8F20BC0077D75B /* SignUpViewModel.swift in Sources */,
				7622D0462C7C1CDC00B1AEB2 /* MainTabBarViewController.swift in Sources */,
				E2792E242C7F4BAB00AD6C0E /* SetNickNameViewController.swift in Sources */,
				D61268AD2C8A82320031114E /* KakaoMapViewController.swift in Sources */,
				14960A2D2C7DCF8F00E706C9 /* GuidelineTableViewCell.swift in Sources */,
				76DFBBE12C9DAD4B00C676CF /* CopyrightModel.swift in Sources */,
				E2E4F0A72CA6CBBB004808CC /* MuteTableViewCell.swift in Sources */,
				E2DAB8622C863AE00037BCA2 /* LegalNoticeViewModel.swift in Sources */,
				76174BDA2C9AA7C200909EDC /* FirebaseRealtimeManager.swift in Sources */,
				E2792E1D2C7F4B7300AD6C0E /* MyPageTableViewCell.swift in Sources */,
				14DE81322C9029EE002E26FD /* UserPostViewController.swift in Sources */,
				76DFBBED2CA184FE00C676CF /* FirebaseDataModel.swift in Sources */,
				76EFE8B32C8DC8390077D75B /* RegionFetcher.swift in Sources */,
				766DDA182CA78486001C100A /* CustomDecodable.swift in Sources */,
				7622D05A2C7C1F8B00B1AEB2 /* BoardViewModel.swift in Sources */,
				768F50AC2C8B530400A92ED6 /* WritingViewController.swift in Sources */,
				E2792E232C7F4BAB00AD6C0E /* SignUpViewController.swift in Sources */,
				E2DAB8602C863A520037BCA2 /* LegalNoticeTableViewCell.swift in Sources */,
				D62E9CCA2C944B2E00829FB8 /* EmergencyReportViewController.swift in Sources */,
				761E8C0A2CC159210000C27D /* SetNickNameViewModel.swift in Sources */,
				76DFBBEB2C9DAF8600C676CF /* CopyrightViewModel.swift in Sources */,
				7622D06B2C7C215E00B1AEB2 /* UIColor+Extensions.swift in Sources */,
				E2334CF92C947300003D9612 /* NoticeModel.swift in Sources */,
				766DDA292CA88E60001C100A /* OfflineCivilDefenseShelterViewController.swift in Sources */,
				76EFE8B12C8B5E5B0077D75B /* BoardViewController.swift in Sources */,
				D60A81652C9CF49F00589AD3 /* AedDataManager.swift in Sources */,
				E2E4F09E2C9B26D4004808CC /* ChangePasswordViewController.swift in Sources */,
				766DDA1E2CA80B8A001C100A /* UIImage+Resize.swift in Sources */,
				7622D0782C7C21D100B1AEB2 /* GuidelineModel.swift in Sources */,
				14E916202C956E3100020670 /* BoardFirebaseService.swift in Sources */,
				D69CF2BC2C8FD5C900B4E546 /* AedNetworkManager.swift in Sources */,
				E20C3A662C873F1000AD5AA4 /* LegalNoticeDetailViewController.swift in Sources */,
				E2E4F0992C96BD00004808CC /* NoticeViewModel.swift in Sources */,
				E2792E222C7F4BAB00AD6C0E /* LoginViewController.swift in Sources */,
				E2792E1E2C7F4B7300AD6C0E /* ModifyInformationViewController.swift in Sources */,
				766DDA0F2CA75BEC001C100A /* AEDs+CoreDataClass.swift in Sources */,
				766DDA102CA75BEC001C100A /* DisasterShelters+CoreDataClass.swift in Sources */,
				766DDA112CA75BEC001C100A /* AEDs+CoreDataProperties.swift in Sources */,
				766DDA122CA75BEC001C100A /* CivilDefenseShelters+CoreDataProperties.swift in Sources */,
				766DDA132CA75BEC001C100A /* DisasterShelters+CoreDataProperties.swift in Sources */,
				766DDA142CA75BEC001C100A /* CivilDefenseShelters+CoreDataClass.swift in Sources */,
				D61268AC2C8A82320031114E /* OnlineViewController.swift in Sources */,
				D61268AF2C8A82320031114E /* EmergencyWrittingViewController.swift in Sources */,
				14960A332C80207400E706C9 /* GuidelineTableViewModel.swift in Sources */,
				767622872C85CC9D0075B09E /* MainTabBarViewModel.swift in Sources */,
				766DDA1C2CA80261001C100A /* CustomPointAnnotation.swift in Sources */,
				767622812C85AE740075B09E /* NetworkMonitor.swift in Sources */,
				76DFBBE72C9DAE4300C676CF /* CopyrightTableViewCell.swift in Sources */,
				D61B61202C7C386E00C5E69D /* Font+Extensions.swift in Sources */,
				767622852C85CA790075B09E /* OfflinePageViewModel.swift in Sources */,
				7622D0662C7C20C200B1AEB2 /* OfflineMapViewController.swift in Sources */,
				768F509F2C89DC0D00A92ED6 /* LocationManager.swift in Sources */,
				766DDA272CA88E2A001C100A /* OfflineAEDViewController.swift in Sources */,
				D69CF2B92C8FCD1200B4E546 /* NetworkManager.swift in Sources */,
				7622D07A2C7C21DA00B1AEB2 /* MyPageModel.swift in Sources */,
				76EFE8B82C8F1F580077D75B /* SignUpModel.swift in Sources */,
				14DE81432C9490B9002E26FD /* FirebaseFirestoreManager.swift in Sources */,
				766DD9F82CA5E4AF001C100A /* CoreDataManager.swift in Sources */,
				E20C3A5D2C8725E900AD5AA4 /* LegalNoticeModel.swift in Sources */,
				149EEFB82C8724930088FDB2 /* GuidelineNetWork.swift in Sources */,
				D69CF2B12C8E7D4300B4E546 /* ShelterNetworkManager.swift in Sources */,
				E219EAF32C8860DF00A1E3F7 /* NoticeTableViewCell.swift in Sources */,
				E219EAF12C8860BB00A1E3F7 /* NoticeDetailViewController.swift in Sources */,
				766DDA002CA5EFCA001C100A /* DisasterShelterDataManager.swift in Sources */,
				14960A2B2C7DACB800E706C9 /* GuidelineFlowLayout.swift in Sources */,
				766DD9FC2CA5EF8C001C100A /* CivilDefenseShelterDataManager.swift in Sources */,
				76EFE8CE2C904D0B0077D75B /* OfflineViewController.swift in Sources */,
				768F50972C881F9A00A92ED6 /* Environment.swift in Sources */,
				D61412FE2C8B01CC007BA568 /* OnlineViewModel.swift in Sources */,
				14DE812F2C900BAD002E26FD /* CategoryCell.swift in Sources */,
				7622D0502C7C1E8A00B1AEB2 /* GuidelineViewController.swift in Sources */,
				D69CF2B72C8F144400B4E546 /* ShelterViewController.swift in Sources */,
				D61268992C8A81D50031114E /* PoiViewModel.swift in Sources */,
			);
			runOnlyForDeploymentPostprocessing = 0;
		};
/* End PBXSourcesBuildPhase section */

/* Begin PBXVariantGroup section */
		763C0A2E2C7B125C006BC4E7 /* LaunchScreen.storyboard */ = {
			isa = PBXVariantGroup;
			children = (
				763C0A2F2C7B125C006BC4E7 /* Base */,
				76BA058F2CDE1E6500DB496C /* ko */,
			);
			name = LaunchScreen.storyboard;
			sourceTree = "<group>";
		};
/* End PBXVariantGroup section */

/* Begin XCBuildConfiguration section */
		763C0A322C7B125C006BC4E7 /* Debug */ = {
			isa = XCBuildConfiguration;
			baseConfigurationReference = 7676228B2C85E6710075B09E /* Secrets.xcconfig */;
			buildSettings = {
				ALWAYS_SEARCH_USER_PATHS = NO;
				ASSETCATALOG_COMPILER_GENERATE_SWIFT_ASSET_SYMBOL_EXTENSIONS = YES;
				CLANG_ANALYZER_LOCALIZABILITY_NONLOCALIZED = YES;
				CLANG_ANALYZER_NONNULL = YES;
				CLANG_ANALYZER_NUMBER_OBJECT_CONVERSION = YES_AGGRESSIVE;
				CLANG_CXX_LANGUAGE_STANDARD = "gnu++20";
				CLANG_ENABLE_MODULES = YES;
				CLANG_ENABLE_OBJC_ARC = YES;
				CLANG_ENABLE_OBJC_WEAK = YES;
				CLANG_WARN_BLOCK_CAPTURE_AUTORELEASING = YES;
				CLANG_WARN_BOOL_CONVERSION = YES;
				CLANG_WARN_COMMA = YES;
				CLANG_WARN_CONSTANT_CONVERSION = YES;
				CLANG_WARN_DEPRECATED_OBJC_IMPLEMENTATIONS = YES;
				CLANG_WARN_DIRECT_OBJC_ISA_USAGE = YES_ERROR;
				CLANG_WARN_DOCUMENTATION_COMMENTS = YES;
				CLANG_WARN_EMPTY_BODY = YES;
				CLANG_WARN_ENUM_CONVERSION = YES;
				CLANG_WARN_INFINITE_RECURSION = YES;
				CLANG_WARN_INT_CONVERSION = YES;
				CLANG_WARN_NON_LITERAL_NULL_CONVERSION = YES;
				CLANG_WARN_OBJC_IMPLICIT_RETAIN_SELF = YES;
				CLANG_WARN_OBJC_LITERAL_CONVERSION = YES;
				CLANG_WARN_OBJC_ROOT_CLASS = YES_ERROR;
				CLANG_WARN_QUOTED_INCLUDE_IN_FRAMEWORK_HEADER = YES;
				CLANG_WARN_RANGE_LOOP_ANALYSIS = YES;
				CLANG_WARN_STRICT_PROTOTYPES = YES;
				CLANG_WARN_SUSPICIOUS_MOVE = YES;
				CLANG_WARN_UNGUARDED_AVAILABILITY = YES_AGGRESSIVE;
				CLANG_WARN_UNREACHABLE_CODE = YES;
				CLANG_WARN__DUPLICATE_METHOD_MATCH = YES;
				COPY_PHASE_STRIP = NO;
				DEBUG_INFORMATION_FORMAT = dwarf;
				ENABLE_STRICT_OBJC_MSGSEND = YES;
				ENABLE_TESTABILITY = YES;
				ENABLE_USER_SCRIPT_SANDBOXING = YES;
				GCC_C_LANGUAGE_STANDARD = gnu17;
				GCC_DYNAMIC_NO_PIC = NO;
				GCC_NO_COMMON_BLOCKS = YES;
				GCC_OPTIMIZATION_LEVEL = 0;
				GCC_PREPROCESSOR_DEFINITIONS = (
					"DEBUG=1",
					"$(inherited)",
				);
				GCC_WARN_64_TO_32_BIT_CONVERSION = YES;
				GCC_WARN_ABOUT_RETURN_TYPE = YES_ERROR;
				GCC_WARN_UNDECLARED_SELECTOR = YES;
				GCC_WARN_UNINITIALIZED_AUTOS = YES_AGGRESSIVE;
				GCC_WARN_UNUSED_FUNCTION = YES;
				GCC_WARN_UNUSED_VARIABLE = YES;
				IPHONEOS_DEPLOYMENT_TARGET = 15.0;
				LOCALIZATION_PREFERS_STRING_CATALOGS = YES;
				MTL_ENABLE_DEBUG_INFO = INCLUDE_SOURCE;
				MTL_FAST_MATH = YES;
				ONLY_ACTIVE_ARCH = YES;
				SDKROOT = iphoneos;
				SWIFT_ACTIVE_COMPILATION_CONDITIONS = "DEBUG $(inherited)";
				SWIFT_OPTIMIZATION_LEVEL = "-Onone";
			};
			name = Debug;
		};
		763C0A332C7B125C006BC4E7 /* Release */ = {
			isa = XCBuildConfiguration;
			baseConfigurationReference = 7676228B2C85E6710075B09E /* Secrets.xcconfig */;
			buildSettings = {
				ALWAYS_SEARCH_USER_PATHS = NO;
				ASSETCATALOG_COMPILER_GENERATE_SWIFT_ASSET_SYMBOL_EXTENSIONS = YES;
				CLANG_ANALYZER_LOCALIZABILITY_NONLOCALIZED = YES;
				CLANG_ANALYZER_NONNULL = YES;
				CLANG_ANALYZER_NUMBER_OBJECT_CONVERSION = YES_AGGRESSIVE;
				CLANG_CXX_LANGUAGE_STANDARD = "gnu++20";
				CLANG_ENABLE_MODULES = YES;
				CLANG_ENABLE_OBJC_ARC = YES;
				CLANG_ENABLE_OBJC_WEAK = YES;
				CLANG_WARN_BLOCK_CAPTURE_AUTORELEASING = YES;
				CLANG_WARN_BOOL_CONVERSION = YES;
				CLANG_WARN_COMMA = YES;
				CLANG_WARN_CONSTANT_CONVERSION = YES;
				CLANG_WARN_DEPRECATED_OBJC_IMPLEMENTATIONS = YES;
				CLANG_WARN_DIRECT_OBJC_ISA_USAGE = YES_ERROR;
				CLANG_WARN_DOCUMENTATION_COMMENTS = YES;
				CLANG_WARN_EMPTY_BODY = YES;
				CLANG_WARN_ENUM_CONVERSION = YES;
				CLANG_WARN_INFINITE_RECURSION = YES;
				CLANG_WARN_INT_CONVERSION = YES;
				CLANG_WARN_NON_LITERAL_NULL_CONVERSION = YES;
				CLANG_WARN_OBJC_IMPLICIT_RETAIN_SELF = YES;
				CLANG_WARN_OBJC_LITERAL_CONVERSION = YES;
				CLANG_WARN_OBJC_ROOT_CLASS = YES_ERROR;
				CLANG_WARN_QUOTED_INCLUDE_IN_FRAMEWORK_HEADER = YES;
				CLANG_WARN_RANGE_LOOP_ANALYSIS = YES;
				CLANG_WARN_STRICT_PROTOTYPES = YES;
				CLANG_WARN_SUSPICIOUS_MOVE = YES;
				CLANG_WARN_UNGUARDED_AVAILABILITY = YES_AGGRESSIVE;
				CLANG_WARN_UNREACHABLE_CODE = YES;
				CLANG_WARN__DUPLICATE_METHOD_MATCH = YES;
				COPY_PHASE_STRIP = NO;
				DEBUG_INFORMATION_FORMAT = "dwarf-with-dsym";
				ENABLE_NS_ASSERTIONS = NO;
				ENABLE_STRICT_OBJC_MSGSEND = YES;
				ENABLE_USER_SCRIPT_SANDBOXING = YES;
				GCC_C_LANGUAGE_STANDARD = gnu17;
				GCC_NO_COMMON_BLOCKS = YES;
				GCC_WARN_64_TO_32_BIT_CONVERSION = YES;
				GCC_WARN_ABOUT_RETURN_TYPE = YES_ERROR;
				GCC_WARN_UNDECLARED_SELECTOR = YES;
				GCC_WARN_UNINITIALIZED_AUTOS = YES_AGGRESSIVE;
				GCC_WARN_UNUSED_FUNCTION = YES;
				GCC_WARN_UNUSED_VARIABLE = YES;
				IPHONEOS_DEPLOYMENT_TARGET = 15.0;
				LOCALIZATION_PREFERS_STRING_CATALOGS = YES;
				MTL_ENABLE_DEBUG_INFO = NO;
				MTL_FAST_MATH = YES;
				SDKROOT = iphoneos;
				SWIFT_COMPILATION_MODE = wholemodule;
				VALIDATE_PRODUCT = YES;
			};
			name = Release;
		};
		763C0A352C7B125C006BC4E7 /* Debug */ = {
			isa = XCBuildConfiguration;
			buildSettings = {
				ASSETCATALOG_COMPILER_APPICON_NAME = AppIcon;
				ASSETCATALOG_COMPILER_GLOBAL_ACCENT_COLOR_NAME = AccentColor;
				CODE_SIGN_ENTITLEMENTS = Duriso/Duriso.entitlements;
				CODE_SIGN_IDENTITY = "Apple Development";
				"CODE_SIGN_IDENTITY[sdk=iphoneos*]" = "iPhone Developer";
				CODE_SIGN_STYLE = Manual;
				CURRENT_PROJECT_VERSION = 1;
				DEVELOPMENT_TEAM = "";
				"DEVELOPMENT_TEAM[sdk=iphoneos*]" = 4LTNHNC3S6;
				GENERATE_INFOPLIST_FILE = YES;
				INFOPLIST_FILE = Duriso/Info.plist;
				INFOPLIST_KEY_CFBundleDisplayName = "두리소";
				INFOPLIST_KEY_LSApplicationCategoryType = "public.app-category.lifestyle";
				INFOPLIST_KEY_NSCameraUsageDescription = "재난정보 제보시 카메라로 직접 촬영하여 게시글을 작성하기 위해 필요한 권한입니다.";
				INFOPLIST_KEY_NSLocationAlwaysAndWhenInUseUsageDescription = "사용자의 현재 위치를 기반으로 대피소 및 AED 정보를 제공하고 제보하기 위해 필요한 권한입니다.";
				INFOPLIST_KEY_NSLocationWhenInUseUsageDescription = "사용자의 현재 위치를 기반으로 대피소 및 AED 정보를 제공하고 제보하기 위해 필요한 권한입니다.";
				INFOPLIST_KEY_NSPhotoLibraryUsageDescription = "재난정보 제보시 사진보관함에 저장된 사진을 첨부하여 게시글을 작성하기 위해 필요한 권한입니다.";
				INFOPLIST_KEY_UIApplicationSupportsIndirectInputEvents = YES;
				INFOPLIST_KEY_UILaunchStoryboardName = LaunchScreen;
				INFOPLIST_KEY_UISupportedInterfaceOrientations = UIInterfaceOrientationPortrait;
				INFOPLIST_KEY_UISupportedInterfaceOrientations_iPad = "UIInterfaceOrientationLandscapeLeft UIInterfaceOrientationLandscapeRight UIInterfaceOrientationPortrait UIInterfaceOrientationPortraitUpsideDown";
				INFOPLIST_KEY_UIUserInterfaceStyle = Light;
				IPHONEOS_DEPLOYMENT_TARGET = 15.0;
				LD_RUNPATH_SEARCH_PATHS = (
					"$(inherited)",
					"@executable_path/Frameworks",
				);
				MARKETING_VERSION = 1.1.0;
				PRODUCT_BUNDLE_IDENTIFIER = com.donghyeon.Duriso;
				PRODUCT_NAME = "$(TARGET_NAME)";
				PROVISIONING_PROFILE_SPECIFIER = "";
				"PROVISIONING_PROFILE_SPECIFIER[sdk=iphoneos*]" = dev_Duriso;
				SUPPORTED_PLATFORMS = "iphoneos iphonesimulator";
				SUPPORTS_MACCATALYST = NO;
				SWIFT_EMIT_LOC_STRINGS = YES;
				SWIFT_VERSION = 5.0;
				TARGETED_DEVICE_FAMILY = 1;
			};
			name = Debug;
		};
		763C0A362C7B125C006BC4E7 /* Release */ = {
			isa = XCBuildConfiguration;
			buildSettings = {
				ASSETCATALOG_COMPILER_APPICON_NAME = AppIcon;
				ASSETCATALOG_COMPILER_GLOBAL_ACCENT_COLOR_NAME = AccentColor;
				CODE_SIGN_ENTITLEMENTS = Duriso/Duriso.entitlements;
				CODE_SIGN_IDENTITY = "Apple Development";
				"CODE_SIGN_IDENTITY[sdk=iphoneos*]" = "iPhone Distribution";
				CODE_SIGN_STYLE = Manual;
				CURRENT_PROJECT_VERSION = 1;
				DEVELOPMENT_TEAM = "";
				"DEVELOPMENT_TEAM[sdk=iphoneos*]" = 4LTNHNC3S6;
				GENERATE_INFOPLIST_FILE = YES;
				INFOPLIST_FILE = Duriso/Info.plist;
				INFOPLIST_KEY_CFBundleDisplayName = "두리소";
				INFOPLIST_KEY_LSApplicationCategoryType = "public.app-category.lifestyle";
				INFOPLIST_KEY_NSCameraUsageDescription = "재난정보 제보시 카메라로 직접 촬영하여 게시글을 작성하기 위해 필요한 권한입니다.";
				INFOPLIST_KEY_NSLocationAlwaysAndWhenInUseUsageDescription = "사용자의 현재 위치를 기반으로 대피소 및 AED 정보를 제공하고 제보하기 위해 필요한 권한입니다.";
				INFOPLIST_KEY_NSLocationWhenInUseUsageDescription = "사용자의 현재 위치를 기반으로 대피소 및 AED 정보를 제공하고 제보하기 위해 필요한 권한입니다.";
				INFOPLIST_KEY_NSPhotoLibraryUsageDescription = "재난정보 제보시 사진보관함에 저장된 사진을 첨부하여 게시글을 작성하기 위해 필요한 권한입니다.";
				INFOPLIST_KEY_UIApplicationSupportsIndirectInputEvents = YES;
				INFOPLIST_KEY_UILaunchStoryboardName = LaunchScreen;
				INFOPLIST_KEY_UISupportedInterfaceOrientations = UIInterfaceOrientationPortrait;
				INFOPLIST_KEY_UISupportedInterfaceOrientations_iPad = "UIInterfaceOrientationLandscapeLeft UIInterfaceOrientationLandscapeRight UIInterfaceOrientationPortrait UIInterfaceOrientationPortraitUpsideDown";
				INFOPLIST_KEY_UIUserInterfaceStyle = Light;
				IPHONEOS_DEPLOYMENT_TARGET = 15.0;
				LD_RUNPATH_SEARCH_PATHS = (
					"$(inherited)",
					"@executable_path/Frameworks",
				);
				MARKETING_VERSION = 1.1.0;
				PRODUCT_BUNDLE_IDENTIFIER = com.donghyeon.Duriso;
				PRODUCT_NAME = "$(TARGET_NAME)";
				PROVISIONING_PROFILE_SPECIFIER = "";
				"PROVISIONING_PROFILE_SPECIFIER[sdk=iphoneos*]" = adhoc_Duriso;
				SUPPORTED_PLATFORMS = "iphoneos iphonesimulator";
				SUPPORTS_MACCATALYST = NO;
				SWIFT_EMIT_LOC_STRINGS = YES;
				SWIFT_VERSION = 5.0;
				TARGETED_DEVICE_FAMILY = 1;
			};
			name = Release;
		};
/* End XCBuildConfiguration section */

/* Begin XCConfigurationList section */
		763C0A1B2C7B125B006BC4E7 /* Build configuration list for PBXProject "Duriso" */ = {
			isa = XCConfigurationList;
			buildConfigurations = (
				763C0A322C7B125C006BC4E7 /* Debug */,
				763C0A332C7B125C006BC4E7 /* Release */,
			);
			defaultConfigurationIsVisible = 0;
			defaultConfigurationName = Release;
		};
		763C0A342C7B125C006BC4E7 /* Build configuration list for PBXNativeTarget "Duriso" */ = {
			isa = XCConfigurationList;
			buildConfigurations = (
				763C0A352C7B125C006BC4E7 /* Debug */,
				763C0A362C7B125C006BC4E7 /* Release */,
			);
			defaultConfigurationIsVisible = 0;
			defaultConfigurationName = Release;
		};
/* End XCConfigurationList section */

/* Begin XCRemoteSwiftPackageReference section */
		14334FC82CA7B1420092E9C8 /* XCRemoteSwiftPackageReference "Kingfisher" */ = {
			isa = XCRemoteSwiftPackageReference;
			repositoryURL = "https://github.com/onevcat/Kingfisher.git";
			requirement = {
				kind = upToNextMajorVersion;
				minimumVersion = 8.0.3;
			};
		};
		7622D0392C7C178400B1AEB2 /* XCRemoteSwiftPackageReference "firebase-ios-sdk" */ = {
			isa = XCRemoteSwiftPackageReference;
			repositoryURL = "https://github.com/firebase/firebase-ios-sdk";
			requirement = {
				kind = upToNextMajorVersion;
				minimumVersion = 11.1.0;
			};
		};
		763C0A3B2C7B1A2F006BC4E7 /* XCRemoteSwiftPackageReference "SnapKit" */ = {
			isa = XCRemoteSwiftPackageReference;
			repositoryURL = "https://github.com/SnapKit/SnapKit.git";
			requirement = {
				kind = upToNextMajorVersion;
				minimumVersion = 5.7.1;
			};
		};
		763C0A3E2C7B1AA7006BC4E7 /* XCRemoteSwiftPackageReference "RxSwift" */ = {
			isa = XCRemoteSwiftPackageReference;
			repositoryURL = "https://github.com/ReactiveX/RxSwift.git";
			requirement = {
				kind = upToNextMajorVersion;
				minimumVersion = 6.7.1;
			};
		};
		763C0A432C7B1AFB006BC4E7 /* XCRemoteSwiftPackageReference "Alamofire" */ = {
			isa = XCRemoteSwiftPackageReference;
			repositoryURL = "https://github.com/Alamofire/Alamofire";
			requirement = {
				kind = upToNextMajorVersion;
				minimumVersion = 5.9.1;
			};
		};
		763C0A492C7B1B70006BC4E7 /* XCRemoteSwiftPackageReference "KakaoMapsSDK-SPM" */ = {
			isa = XCRemoteSwiftPackageReference;
			repositoryURL = "https://github.com/kakao-mapsSDK/KakaoMapsSDK-SPM.git";
			requirement = {
				kind = upToNextMajorVersion;
				minimumVersion = 2.10.5;
			};
		};
		7663B7E92C92D0250066FE91 /* XCRemoteSwiftPackageReference "maplibre-gl-native-distribution" */ = {
			isa = XCRemoteSwiftPackageReference;
			repositoryURL = "https://github.com/maplibre/maplibre-gl-native-distribution";
			requirement = {
				kind = upToNextMajorVersion;
				minimumVersion = 6.5.4;
			};
		};
		767622882C85CDB50075B09E /* XCRemoteSwiftPackageReference "Then" */ = {
			isa = XCRemoteSwiftPackageReference;
			repositoryURL = "https://github.com/devxoul/Then.git";
			requirement = {
				kind = upToNextMajorVersion;
				minimumVersion = 3.0.0;
			};
		};
		768507452CDA10DE00E64B77 /* XCRemoteSwiftPackageReference "GoogleSignIn-iOS" */ = {
			isa = XCRemoteSwiftPackageReference;
			repositoryURL = "https://github.com/google/GoogleSignIn-iOS";
			requirement = {
				kind = upToNextMajorVersion;
				minimumVersion = 8.0.0;
			};
		};
		76EFE8BB2C8F3CBB0077D75B /* XCRemoteSwiftPackageReference "IQKeyboardManager" */ = {
			isa = XCRemoteSwiftPackageReference;
			repositoryURL = "https://github.com/hackiftekhar/IQKeyboardManager.git";
			requirement = {
				kind = upToNextMajorVersion;
				minimumVersion = 7.1.1;
			};
		};
/* End XCRemoteSwiftPackageReference section */

/* Begin XCSwiftPackageProductDependency section */
		14334FC92CA7B1420092E9C8 /* Kingfisher */ = {
			isa = XCSwiftPackageProductDependency;
			package = 14334FC82CA7B1420092E9C8 /* XCRemoteSwiftPackageReference "Kingfisher" */;
			productName = Kingfisher;
		};
		14DE81362C91BC9B002E26FD /* FirebaseFirestore */ = {
			isa = XCSwiftPackageProductDependency;
			package = 7622D0392C7C178400B1AEB2 /* XCRemoteSwiftPackageReference "firebase-ios-sdk" */;
			productName = FirebaseFirestore;
		};
		7622D03A2C7C178400B1AEB2 /* FirebaseAuth */ = {
			isa = XCSwiftPackageProductDependency;
			package = 7622D0392C7C178400B1AEB2 /* XCRemoteSwiftPackageReference "firebase-ios-sdk" */;
			productName = FirebaseAuth;
		};
		7622D03C2C7C178400B1AEB2 /* FirebaseDatabase */ = {
			isa = XCSwiftPackageProductDependency;
			package = 7622D0392C7C178400B1AEB2 /* XCRemoteSwiftPackageReference "firebase-ios-sdk" */;
			productName = FirebaseDatabase;
		};
		7622D03E2C7C178400B1AEB2 /* FirebaseStorage */ = {
			isa = XCSwiftPackageProductDependency;
			package = 7622D0392C7C178400B1AEB2 /* XCRemoteSwiftPackageReference "firebase-ios-sdk" */;
			productName = FirebaseStorage;
		};
		763C0A3C2C7B1A2F006BC4E7 /* SnapKit */ = {
			isa = XCSwiftPackageProductDependency;
			package = 763C0A3B2C7B1A2F006BC4E7 /* XCRemoteSwiftPackageReference "SnapKit" */;
			productName = SnapKit;
		};
		763C0A3F2C7B1AA7006BC4E7 /* RxCocoa */ = {
			isa = XCSwiftPackageProductDependency;
			package = 763C0A3E2C7B1AA7006BC4E7 /* XCRemoteSwiftPackageReference "RxSwift" */;
			productName = RxCocoa;
		};
		763C0A412C7B1AA7006BC4E7 /* RxSwift */ = {
			isa = XCSwiftPackageProductDependency;
			package = 763C0A3E2C7B1AA7006BC4E7 /* XCRemoteSwiftPackageReference "RxSwift" */;
			productName = RxSwift;
		};
		763C0A442C7B1AFB006BC4E7 /* Alamofire */ = {
			isa = XCSwiftPackageProductDependency;
			package = 763C0A432C7B1AFB006BC4E7 /* XCRemoteSwiftPackageReference "Alamofire" */;
			productName = Alamofire;
		};
		763C0A4A2C7B1B70006BC4E7 /* KakaoMapsSDK-SPM */ = {
			isa = XCSwiftPackageProductDependency;
			package = 763C0A492C7B1B70006BC4E7 /* XCRemoteSwiftPackageReference "KakaoMapsSDK-SPM" */;
			productName = "KakaoMapsSDK-SPM";
		};
		7663B7EA2C92D0250066FE91 /* MapLibre */ = {
			isa = XCSwiftPackageProductDependency;
			package = 7663B7E92C92D0250066FE91 /* XCRemoteSwiftPackageReference "maplibre-gl-native-distribution" */;
			productName = MapLibre;
		};
		767622892C85CDB50075B09E /* Then */ = {
			isa = XCSwiftPackageProductDependency;
			package = 767622882C85CDB50075B09E /* XCRemoteSwiftPackageReference "Then" */;
			productName = Then;
		};
		768507462CDA10DE00E64B77 /* GoogleSignIn */ = {
			isa = XCSwiftPackageProductDependency;
			package = 768507452CDA10DE00E64B77 /* XCRemoteSwiftPackageReference "GoogleSignIn-iOS" */;
			productName = GoogleSignIn;
		};
		768507482CDA10DE00E64B77 /* GoogleSignInSwift */ = {
			isa = XCSwiftPackageProductDependency;
			package = 768507452CDA10DE00E64B77 /* XCRemoteSwiftPackageReference "GoogleSignIn-iOS" */;
			productName = GoogleSignInSwift;
		};
		76E3706A2C947676005724E9 /* FirebaseFirestore */ = {
			isa = XCSwiftPackageProductDependency;
			package = 7622D0392C7C178400B1AEB2 /* XCRemoteSwiftPackageReference "firebase-ios-sdk" */;
			productName = FirebaseFirestore;
		};
		76EFE8BC2C8F3CBB0077D75B /* IQKeyboardManagerSwift */ = {
			isa = XCSwiftPackageProductDependency;
			package = 76EFE8BB2C8F3CBB0077D75B /* XCRemoteSwiftPackageReference "IQKeyboardManager" */;
			productName = IQKeyboardManagerSwift;
		};
/* End XCSwiftPackageProductDependency section */

/* Begin XCVersionGroup section */
		766DD9F42CA4AA2C001C100A /* Duriso.xcdatamodeld */ = {
			isa = XCVersionGroup;
			children = (
				766DD9F52CA4AA2C001C100A /* Duriso.xcdatamodel */,
			);
			currentVersion = 766DD9F52CA4AA2C001C100A /* Duriso.xcdatamodel */;
			path = Duriso.xcdatamodeld;
			sourceTree = "<group>";
			versionGroupType = wrapper.xcdatamodel;
		};
/* End XCVersionGroup section */
	};
	rootObject = 763C0A182C7B125B006BC4E7 /* Project object */;
}
